
Microsoft Visual Studio Solution File, Format Version 12.00
# Visual Studio 14
VisualStudioVersion = 14.0.25420.1
MinimumVisualStudioVersion = 10.0.40219.1
Project("{8BC9CEB8-8B4A-11D0-8D11-00A0C91BC942}") = "Zadatak01", "Zadatak01\Zadatak01.vcxproj", "{C2D27113-96C3-498F-96C0-D80F5B81EFC8}"
EndProject
Project("{8BC9CEB8-8B4A-11D0-8D11-00A0C91BC942}") = "Zadatak02", "Zadatak02\Zadatak02.vcxproj", "{9C267A88-3BC1-484E-B23E-B0D3F99C4C2D}"
EndProject
Project("{8BC9CEB8-8B4A-11D0-8D11-00A0C91BC942}") = "Zadatak03", "Zadatak03\Zadatak03.vcxproj", "{1DA747B4-1775-4420-B339-5C60922F04D4}"
EndProject
Project("{8BC9CEB8-8B4A-11D0-8D11-00A0C91BC942}") = "Zadatak04", "Zadatak04\Zadatak04.vcxproj", "{CBC9CCC0-2546-466C-BA09-B07BA5AA972F}"
EndProject
Project("{8BC9CEB8-8B4A-11D0-8D11-00A0C91BC942}") = "Zadatak05", "Zadatak05\Zadatak05.vcxproj", "{D477CF07-50DB-44D4-84C6-A9C503D1F5EC}"
EndProject
Project("{8BC9CEB8-8B4A-11D0-8D11-00A0C91BC942}") = "Zadatak06", "Zadatak06\Zadatak06.vcxproj", "{BB85C04F-C1D8-47BD-94A8-894C5A500BAB}"
EndProject
Project("{8BC9CEB8-8B4A-11D0-8D11-00A0C91BC942}") = "Zadatak07", "Zadatak07\Zadatak07.vcxproj", "{DA55EC49-067B-48A9-B750-1CD4BD93DC68}"
EndProject
Project("{8BC9CEB8-8B4A-11D0-8D11-00A0C91BC942}") = "Zadatak08", "Zadatak08\Zadatak08.vcxproj", "{EE54DA98-8094-4DC3-AE8A-976E26A1F188}"
EndProject
Project("{8BC9CEB8-8B4A-11D0-8D11-00A0C91BC942}") = "Zadatak09", "Zadatak09\Zadatak09.vcxproj", "{B9A2DE29-9A2B-4D2E-B526-437101174135}"
EndProject
Project("{8BC9CEB8-8B4A-11D0-8D11-00A0C91BC942}") = "Zadatak10", "Zadatak10\Zadatak10.vcxproj", "{B0A86BB4-B96D-4411-A878-D9E56AE7EB95}"
EndProject
Project("{8BC9CEB8-8B4A-11D0-8D11-00A0C91BC942}") = "Zadatak11", "Zadatak11\Zadatak11.vcxproj", "{C6819A7D-271E-46E1-B680-BE3915BC401E}"
EndProject
Project("{8BC9CEB8-8B4A-11D0-8D11-00A0C91BC942}") = "Zadatak12", "Zadatak12\Zadatak12.vcxproj", "{339C2420-39B8-4C34-A3FF-DC9E967DAB36}"
EndProject
Project("{8BC9CEB8-8B4A-11D0-8D11-00A0C91BC942}") = "Zadatak13", "Zadatak13\Zadatak13.vcxproj", "{C3CE4572-6390-47A8-A3DF-1944F9D8BBE6}"
EndProject
Project("{8BC9CEB8-8B4A-11D0-8D11-00A0C91BC942}") = "Zadatak14", "Zadatak14\Zadatak14.vcxproj", "{2FB7FBE1-D2D0-47D7-9C6D-027EE7CFD577}"
EndProject
Project("{8BC9CEB8-8B4A-11D0-8D11-00A0C91BC942}") = "Zadatak15", "Zadatak15\Zadatak15.vcxproj", "{79A365CA-3123-4154-9234-32CFDEBA129B}"
EndProject
Project("{8BC9CEB8-8B4A-11D0-8D11-00A0C91BC942}") = "Zadatak16", "Zadatak16\Zadatak16.vcxproj", "{EFBCD57C-CC9A-4184-A9A5-37DB4EC8C405}"
EndProject
Project("{8BC9CEB8-8B4A-11D0-8D11-00A0C91BC942}") = "Zadatak17", "Zadatak17\Zadatak17.vcxproj", "{9B9DD4E2-C3DD-41ED-9F72-C6AB4A581183}"
EndProject
Project("{8BC9CEB8-8B4A-11D0-8D11-00A0C91BC942}") = "Zadatak18", "Zadatak18\Zadatak18.vcxproj", "{06BFAC97-6017-4856-859B-45FD0B197D6A}"
EndProject
Global
	GlobalSection(SolutionConfigurationPlatforms) = preSolution
		Debug|x64 = Debug|x64
		Debug|x86 = Debug|x86
		Release|x64 = Release|x64
		Release|x86 = Release|x86
	EndGlobalSection
	GlobalSection(ProjectConfigurationPlatforms) = postSolution
		{C2D27113-96C3-498F-96C0-D80F5B81EFC8}.Debug|x64.ActiveCfg = Debug|x64
		{C2D27113-96C3-498F-96C0-D80F5B81EFC8}.Debug|x64.Build.0 = Debug|x64
		{C2D27113-96C3-498F-96C0-D80F5B81EFC8}.Debug|x86.ActiveCfg = Debug|Win32
		{C2D27113-96C3-498F-96C0-D80F5B81EFC8}.Debug|x86.Build.0 = Debug|Win32
		{C2D27113-96C3-498F-96C0-D80F5B81EFC8}.Release|x64.ActiveCfg = Release|x64
		{C2D27113-96C3-498F-96C0-D80F5B81EFC8}.Release|x64.Build.0 = Release|x64
		{C2D27113-96C3-498F-96C0-D80F5B81EFC8}.Release|x86.ActiveCfg = Release|Win32
		{C2D27113-96C3-498F-96C0-D80F5B81EFC8}.Release|x86.Build.0 = Release|Win32
		{9C267A88-3BC1-484E-B23E-B0D3F99C4C2D}.Debug|x64.ActiveCfg = Debug|x64
		{9C267A88-3BC1-484E-B23E-B0D3F99C4C2D}.Debug|x64.Build.0 = Debug|x64
		{9C267A88-3BC1-484E-B23E-B0D3F99C4C2D}.Debug|x86.ActiveCfg = Debug|Win32
		{9C267A88-3BC1-484E-B23E-B0D3F99C4C2D}.Debug|x86.Build.0 = Debug|Win32
		{9C267A88-3BC1-484E-B23E-B0D3F99C4C2D}.Release|x64.ActiveCfg = Release|x64
		{9C267A88-3BC1-484E-B23E-B0D3F99C4C2D}.Release|x64.Build.0 = Release|x64
		{9C267A88-3BC1-484E-B23E-B0D3F99C4C2D}.Release|x86.ActiveCfg = Release|Win32
		{9C267A88-3BC1-484E-B23E-B0D3F99C4C2D}.Release|x86.Build.0 = Release|Win32
		{1DA747B4-1775-4420-B339-5C60922F04D4}.Debug|x64.ActiveCfg = Debug|x64
		{1DA747B4-1775-4420-B339-5C60922F04D4}.Debug|x64.Build.0 = Debug|x64
		{1DA747B4-1775-4420-B339-5C60922F04D4}.Debug|x86.ActiveCfg = Debug|Win32
		{1DA747B4-1775-4420-B339-5C60922F04D4}.Debug|x86.Build.0 = Debug|Win32
		{1DA747B4-1775-4420-B339-5C60922F04D4}.Release|x64.ActiveCfg = Release|x64
		{1DA747B4-1775-4420-B339-5C60922F04D4}.Release|x64.Build.0 = Release|x64
		{1DA747B4-1775-4420-B339-5C60922F04D4}.Release|x86.ActiveCfg = Release|Win32
		{1DA747B4-1775-4420-B339-5C60922F04D4}.Release|x86.Build.0 = Release|Win32
		{CBC9CCC0-2546-466C-BA09-B07BA5AA972F}.Debug|x64.ActiveCfg = Debug|x64
		{CBC9CCC0-2546-466C-BA09-B07BA5AA972F}.Debug|x64.Build.0 = Debug|x64
		{CBC9CCC0-2546-466C-BA09-B07BA5AA972F}.Debug|x86.ActiveCfg = Debug|Win32
		{CBC9CCC0-2546-466C-BA09-B07BA5AA972F}.Debug|x86.Build.0 = Debug|Win32
		{CBC9CCC0-2546-466C-BA09-B07BA5AA972F}.Release|x64.ActiveCfg = Release|x64
		{CBC9CCC0-2546-466C-BA09-B07BA5AA972F}.Release|x64.Build.0 = Release|x64
		{CBC9CCC0-2546-466C-BA09-B07BA5AA972F}.Release|x86.ActiveCfg = Release|Win32
		{CBC9CCC0-2546-466C-BA09-B07BA5AA972F}.Release|x86.Build.0 = Release|Win32
		{D477CF07-50DB-44D4-84C6-A9C503D1F5EC}.Debug|x64.ActiveCfg = Debug|x64
		{D477CF07-50DB-44D4-84C6-A9C503D1F5EC}.Debug|x64.Build.0 = Debug|x64
		{D477CF07-50DB-44D4-84C6-A9C503D1F5EC}.Debug|x86.ActiveCfg = Debug|Win32
		{D477CF07-50DB-44D4-84C6-A9C503D1F5EC}.Debug|x86.Build.0 = Debug|Win32
		{D477CF07-50DB-44D4-84C6-A9C503D1F5EC}.Release|x64.ActiveCfg = Release|x64
		{D477CF07-50DB-44D4-84C6-A9C503D1F5EC}.Release|x64.Build.0 = Release|x64
		{D477CF07-50DB-44D4-84C6-A9C503D1F5EC}.Release|x86.ActiveCfg = Release|Win32
		{D477CF07-50DB-44D4-84C6-A9C503D1F5EC}.Release|x86.Build.0 = Release|Win32
		{BB85C04F-C1D8-47BD-94A8-894C5A500BAB}.Debug|x64.ActiveCfg = Debug|x64
		{BB85C04F-C1D8-47BD-94A8-894C5A500BAB}.Debug|x64.Build.0 = Debug|x64
		{BB85C04F-C1D8-47BD-94A8-894C5A500BAB}.Debug|x86.ActiveCfg = Debug|Win32
		{BB85C04F-C1D8-47BD-94A8-894C5A500BAB}.Debug|x86.Build.0 = Debug|Win32
		{BB85C04F-C1D8-47BD-94A8-894C5A500BAB}.Release|x64.ActiveCfg = Release|x64
		{BB85C04F-C1D8-47BD-94A8-894C5A500BAB}.Release|x64.Build.0 = Release|x64
		{BB85C04F-C1D8-47BD-94A8-894C5A500BAB}.Release|x86.ActiveCfg = Release|Win32
		{BB85C04F-C1D8-47BD-94A8-894C5A500BAB}.Release|x86.Build.0 = Release|Win32
		{DA55EC49-067B-48A9-B750-1CD4BD93DC68}.Debug|x64.ActiveCfg = Debug|x64
		{DA55EC49-067B-48A9-B750-1CD4BD93DC68}.Debug|x64.Build.0 = Debug|x64
		{DA55EC49-067B-48A9-B750-1CD4BD93DC68}.Debug|x86.ActiveCfg = Debug|Win32
		{DA55EC49-067B-48A9-B750-1CD4BD93DC68}.Debug|x86.Build.0 = Debug|Win32
		{DA55EC49-067B-48A9-B750-1CD4BD93DC68}.Release|x64.ActiveCfg = Release|x64
		{DA55EC49-067B-48A9-B750-1CD4BD93DC68}.Release|x64.Build.0 = Release|x64
		{DA55EC49-067B-48A9-B750-1CD4BD93DC68}.Release|x86.ActiveCfg = Release|Win32
		{DA55EC49-067B-48A9-B750-1CD4BD93DC68}.Release|x86.Build.0 = Release|Win32
		{EE54DA98-8094-4DC3-AE8A-976E26A1F188}.Debug|x64.ActiveCfg = Debug|x64
		{EE54DA98-8094-4DC3-AE8A-976E26A1F188}.Debug|x64.Build.0 = Debug|x64
		{EE54DA98-8094-4DC3-AE8A-976E26A1F188}.Debug|x86.ActiveCfg = Debug|Win32
		{EE54DA98-8094-4DC3-AE8A-976E26A1F188}.Debug|x86.Build.0 = Debug|Win32
		{EE54DA98-8094-4DC3-AE8A-976E26A1F188}.Release|x64.ActiveCfg = Release|x64
		{EE54DA98-8094-4DC3-AE8A-976E26A1F188}.Release|x64.Build.0 = Release|x64
		{EE54DA98-8094-4DC3-AE8A-976E26A1F188}.Release|x86.ActiveCfg = Release|Win32
		{EE54DA98-8094-4DC3-AE8A-976E26A1F188}.Release|x86.Build.0 = Release|Win32
		{B9A2DE29-9A2B-4D2E-B526-437101174135}.Debug|x64.ActiveCfg = Debug|x64
		{B9A2DE29-9A2B-4D2E-B526-437101174135}.Debug|x64.Build.0 = Debug|x64
		{B9A2DE29-9A2B-4D2E-B526-437101174135}.Debug|x86.ActiveCfg = Debug|Win32
		{B9A2DE29-9A2B-4D2E-B526-437101174135}.Debug|x86.Build.0 = Debug|Win32
		{B9A2DE29-9A2B-4D2E-B526-437101174135}.Release|x64.ActiveCfg = Release|x64
		{B9A2DE29-9A2B-4D2E-B526-437101174135}.Release|x64.Build.0 = Release|x64
		{B9A2DE29-9A2B-4D2E-B526-437101174135}.Release|x86.ActiveCfg = Release|Win32
		{B9A2DE29-9A2B-4D2E-B526-437101174135}.Release|x86.Build.0 = Release|Win32
		{B0A86BB4-B96D-4411-A878-D9E56AE7EB95}.Debug|x64.ActiveCfg = Debug|x64
		{B0A86BB4-B96D-4411-A878-D9E56AE7EB95}.Debug|x64.Build.0 = Debug|x64
		{B0A86BB4-B96D-4411-A878-D9E56AE7EB95}.Debug|x86.ActiveCfg = Debug|Win32
		{B0A86BB4-B96D-4411-A878-D9E56AE7EB95}.Debug|x86.Build.0 = Debug|Win32
		{B0A86BB4-B96D-4411-A878-D9E56AE7EB95}.Release|x64.ActiveCfg = Release|x64
		{B0A86BB4-B96D-4411-A878-D9E56AE7EB95}.Release|x64.Build.0 = Release|x64
		{B0A86BB4-B96D-4411-A878-D9E56AE7EB95}.Release|x86.ActiveCfg = Release|Win32
		{B0A86BB4-B96D-4411-A878-D9E56AE7EB95}.Release|x86.Build.0 = Release|Win32
		{C6819A7D-271E-46E1-B680-BE3915BC401E}.Debug|x64.ActiveCfg = Debug|x64
		{C6819A7D-271E-46E1-B680-BE3915BC401E}.Debug|x64.Build.0 = Debug|x64
		{C6819A7D-271E-46E1-B680-BE3915BC401E}.Debug|x86.ActiveCfg = Debug|Win32
		{C6819A7D-271E-46E1-B680-BE3915BC401E}.Debug|x86.Build.0 = Debug|Win32
		{C6819A7D-271E-46E1-B680-BE3915BC401E}.Release|x64.ActiveCfg = Release|x64
		{C6819A7D-271E-46E1-B680-BE3915BC401E}.Release|x64.Build.0 = Release|x64
		{C6819A7D-271E-46E1-B680-BE3915BC401E}.Release|x86.ActiveCfg = Release|Win32
		{C6819A7D-271E-46E1-B680-BE3915BC401E}.Release|x86.Build.0 = Release|Win32
		{339C2420-39B8-4C34-A3FF-DC9E967DAB36}.Debug|x64.ActiveCfg = Debug|x64
		{339C2420-39B8-4C34-A3FF-DC9E967DAB36}.Debug|x64.Build.0 = Debug|x64
		{339C2420-39B8-4C34-A3FF-DC9E967DAB36}.Debug|x86.ActiveCfg = Debug|Win32
		{339C2420-39B8-4C34-A3FF-DC9E967DAB36}.Debug|x86.Build.0 = Debug|Win32
		{339C2420-39B8-4C34-A3FF-DC9E967DAB36}.Release|x64.ActiveCfg = Release|x64
		{339C2420-39B8-4C34-A3FF-DC9E967DAB36}.Release|x64.Build.0 = Release|x64
		{339C2420-39B8-4C34-A3FF-DC9E967DAB36}.Release|x86.ActiveCfg = Release|Win32
		{339C2420-39B8-4C34-A3FF-DC9E967DAB36}.Release|x86.Build.0 = Release|Win32
		{C3CE4572-6390-47A8-A3DF-1944F9D8BBE6}.Debug|x64.ActiveCfg = Debug|x64
		{C3CE4572-6390-47A8-A3DF-1944F9D8BBE6}.Debug|x64.Build.0 = Debug|x64
		{C3CE4572-6390-47A8-A3DF-1944F9D8BBE6}.Debug|x86.ActiveCfg = Debug|Win32
		{C3CE4572-6390-47A8-A3DF-1944F9D8BBE6}.Debug|x86.Build.0 = Debug|Win32
		{C3CE4572-6390-47A8-A3DF-1944F9D8BBE6}.Release|x64.ActiveCfg = Release|x64
		{C3CE4572-6390-47A8-A3DF-1944F9D8BBE6}.Release|x64.Build.0 = Release|x64
		{C3CE4572-6390-47A8-A3DF-1944F9D8BBE6}.Release|x86.ActiveCfg = Release|Win32
		{C3CE4572-6390-47A8-A3DF-1944F9D8BBE6}.Release|x86.Build.0 = Release|Win32
		{2FB7FBE1-D2D0-47D7-9C6D-027EE7CFD577}.Debug|x64.ActiveCfg = Debug|x64
		{2FB7FBE1-D2D0-47D7-9C6D-027EE7CFD577}.Debug|x64.Build.0 = Debug|x64
		{2FB7FBE1-D2D0-47D7-9C6D-027EE7CFD577}.Debug|x86.ActiveCfg = Debug|Win32
		{2FB7FBE1-D2D0-47D7-9C6D-027EE7CFD577}.Debug|x86.Build.0 = Debug|Win32
		{2FB7FBE1-D2D0-47D7-9C6D-027EE7CFD577}.Release|x64.ActiveCfg = Release|x64
		{2FB7FBE1-D2D0-47D7-9C6D-027EE7CFD577}.Release|x64.Build.0 = Release|x64
		{2FB7FBE1-D2D0-47D7-9C6D-027EE7CFD577}.Release|x86.ActiveCfg = Release|Win32
		{2FB7FBE1-D2D0-47D7-9C6D-027EE7CFD577}.Release|x86.Build.0 = Release|Win32
		{79A365CA-3123-4154-9234-32CFDEBA129B}.Debug|x64.ActiveCfg = Debug|x64
		{79A365CA-3123-4154-9234-32CFDEBA129B}.Debug|x64.Build.0 = Debug|x64
		{79A365CA-3123-4154-9234-32CFDEBA129B}.Debug|x86.ActiveCfg = Debug|Win32
		{79A365CA-3123-4154-9234-32CFDEBA129B}.Debug|x86.Build.0 = Debug|Win32
		{79A365CA-3123-4154-9234-32CFDEBA129B}.Release|x64.ActiveCfg = Release|x64
		{79A365CA-3123-4154-9234-32CFDEBA129B}.Release|x64.Build.0 = Release|x64
		{79A365CA-3123-4154-9234-32CFDEBA129B}.Release|x86.ActiveCfg = Release|Win32
		{79A365CA-3123-4154-9234-32CFDEBA129B}.Release|x86.Build.0 = Release|Win32
		{EFBCD57C-CC9A-4184-A9A5-37DB4EC8C405}.Debug|x64.ActiveCfg = Debug|x64
		{EFBCD57C-CC9A-4184-A9A5-37DB4EC8C405}.Debug|x64.Build.0 = Debug|x64
		{EFBCD57C-CC9A-4184-A9A5-37DB4EC8C405}.Debug|x86.ActiveCfg = Debug|Win32
		{EFBCD57C-CC9A-4184-A9A5-37DB4EC8C405}.Debug|x86.Build.0 = Debug|Win32
		{EFBCD57C-CC9A-4184-A9A5-37DB4EC8C405}.Release|x64.ActiveCfg = Release|x64
		{EFBCD57C-CC9A-4184-A9A5-37DB4EC8C405}.Release|x64.Build.0 = Release|x64
		{EFBCD57C-CC9A-4184-A9A5-37DB4EC8C405}.Release|x86.ActiveCfg = Release|Win32
		{EFBCD57C-CC9A-4184-A9A5-37DB4EC8C405}.Release|x86.Build.0 = Release|Win32
		{9B9DD4E2-C3DD-41ED-9F72-C6AB4A581183}.Debug|x64.ActiveCfg = Debug|x64
		{9B9DD4E2-C3DD-41ED-9F72-C6AB4A581183}.Debug|x64.Build.0 = Debug|x64
		{9B9DD4E2-C3DD-41ED-9F72-C6AB4A581183}.Debug|x86.ActiveCfg = Debug|Win32
		{9B9DD4E2-C3DD-41ED-9F72-C6AB4A581183}.Debug|x86.Build.0 = Debug|Win32
		{9B9DD4E2-C3DD-41ED-9F72-C6AB4A581183}.Release|x64.ActiveCfg = Release|x64
		{9B9DD4E2-C3DD-41ED-9F72-C6AB4A581183}.Release|x64.Build.0 = Release|x64
		{9B9DD4E2-C3DD-41ED-9F72-C6AB4A581183}.Release|x86.ActiveCfg = Release|Win32
		{9B9DD4E2-C3DD-41ED-9F72-C6AB4A581183}.Release|x86.Build.0 = Release|Win32
		{06BFAC97-6017-4856-859B-45FD0B197D6A}.Debug|x64.ActiveCfg = Debug|x64
		{06BFAC97-6017-4856-859B-45FD0B197D6A}.Debug|x64.Build.0 = Debug|x64
		{06BFAC97-6017-4856-859B-45FD0B197D6A}.Debug|x86.ActiveCfg = Debug|Win32
		{06BFAC97-6017-4856-859B-45FD0B197D6A}.Debug|x86.Build.0 = Debug|Win32
		{06BFAC97-6017-4856-859B-45FD0B197D6A}.Release|x64.ActiveCfg = Release|x64
		{06BFAC97-6017-4856-859B-45FD0B197D6A}.Release|x64.Build.0 = Release|x64
		{06BFAC97-6017-4856-859B-45FD0B197D6A}.Release|x86.ActiveCfg = Release|Win32
		{06BFAC97-6017-4856-859B-45FD0B197D6A}.Release|x86.Build.0 = Release|Win32
	EndGlobalSection
	GlobalSection(SolutionProperties) = preSolution
		HideSolutionNode = FALSE
	EndGlobalSection
EndGlobal
