
Microsoft Visual Studio Solution File, Format Version 12.00
# Visual Studio 14
VisualStudioVersion = 14.0.25420.1
MinimumVisualStudioVersion = 10.0.40219.1
Project("{8BC9CEB8-8B4A-11D0-8D11-00A0C91BC942}") = "Zadatak01", "Zadatak01\Zadatak01.vcxproj", "{C2D27113-96C3-498F-96C0-D80F5B81EFC8}"
EndProject
Project("{8BC9CEB8-8B4A-11D0-8D11-00A0C91BC942}") = "Zadatak02", "Zadatak02\Zadatak02.vcxproj", "{9C267A88-3BC1-484E-B23E-B0D3F99C4C2D}"
EndProject
Project("{8BC9CEB8-8B4A-11D0-8D11-00A0C91BC942}") = "Zadatak03", "Zadatak03\Zadatak03.vcxproj", "{1DA747B4-1775-4420-B339-5C60922F04D4}"
EndProject
Project("{8BC9CEB8-8B4A-11D0-8D11-00A0C91BC942}") = "Zadatak04", "Zadatak04\Zadatak04.vcxproj", "{CBC9CCC0-2546-466C-BA09-B07BA5AA972F}"
EndProject
Project("{8BC9CEB8-8B4A-11D0-8D11-00A0C91BC942}") = "Zadatak05", "Zadatak05\Zadatak05.vcxproj", "{D477CF07-50DB-44D4-84C6-A9C503D1F5EC}"
EndProject
Project("{8BC9CEB8-8B4A-11D0-8D11-00A0C91BC942}") = "Zadatak06", "Zadatak06\Zadatak06.vcxproj", "{BB85C04F-C1D8-47BD-94A8-894C5A500BAB}"
EndProject
Project("{8BC9CEB8-8B4A-11D0-8D11-00A0C91BC942}") = "Zadatak07", "Zadatak07\Zadatak07.vcxproj", "{DA55EC49-067B-48A9-B750-1CD4BD93DC68}"
EndProject
Project("{8BC9CEB8-8B4A-11D0-8D11-00A0C91BC942}") = "Zadatak08", "Zadatak08\Zadatak08.vcxproj", "{EE54DA98-8094-4DC3-AE8A-976E26A1F188}"
EndProject
Project("{8BC9CEB8-8B4A-11D0-8D11-00A0C91BC942}") = "Zadatak09", "Zadatak09\Zadatak09.vcxproj", "{B9A2DE29-9A2B-4D2E-B526-437101174135}"
EndProject
Project("{8BC9CEB8-8B4A-11D0-8D11-00A0C91BC942}") = "Zadatak10", "Zadatak10\Zadatak10.vcxproj", "{B0A86BB4-B96D-4411-A878-D9E56AE7EB95}"
EndProject
Project("{8BC9CEB8-8B4A-11D0-8D11-00A0C91BC942}") = "Zadatak11", "Zadatak11\Zadatak11.vcxproj", "{C6819A7D-271E-46E1-B680-BE3915BC401E}"
EndProject
Project("{8BC9CEB8-8B4A-11D0-8D11-00A0C91BC942}") = "Zadatak12", "Zadatak12\Zadatak12.vcxproj", "{339C2420-39B8-4C34-A3FF-DC9E967DAB36}"
EndProject
Project("{8BC9CEB8-8B4A-11D0-8D11-00A0C91BC942}") = "Zadatak13", "Zadatak13\Zadatak13.vcxproj", "{C3CE4572-6390-47A8-A3DF-1944F9D8BBE6}"
EndProject
Project("{8BC9CEB8-8B4A-11D0-8D11-00A0C91BC942}") = "Zadatak14", "Zadatak14\Zadatak14.vcxproj", "{2FB7FBE1-D2D0-47D7-9C6D-027EE7CFD577}"
EndProject
Project("{8BC9CEB8-8B4A-11D0-8D11-00A0C91BC942}") = "Zadatak15", "Zadatak15\Zadatak15.vcxproj", "{79A365CA-3123-4154-9234-32CFDEBA129B}"
EndProject
Project("{8BC9CEB8-8B4A-11D0-8D11-00A0C91BC942}") = "Zadatak16", "Zadatak16\Zadatak16.vcxproj", "{EFBCD57C-CC9A-4184-A9A5-37DB4EC8C405}"
EndProject
Project("{8BC9CEB8-8B4A-11D0-8D11-00A0C91BC942}") = "Zadatak17", "Zadatak17\Zadatak17.vcxproj", "{9B9DD4E2-C3DD-41ED-9F72-C6AB4A581183}"
EndProject
Project("{8BC9CEB8-8B4A-11D0-8D11-00A0C91BC942}") = "Zadatak18", "Zadatak18\Zadatak18.vcxproj", "{06BFAC97-6017-4856-859B-45FD0B197D6A}"
EndProject
Project("{8BC9CEB8-8B4A-11D0-8D11-00A0C91BC942}") = "Zadatak19", "Zadatak19\Zadatak19.vcxproj", "{FAAEECD0-D2DC-4D1F-B65D-55E97A7CF3DC}"
EndProject
Project("{8BC9CEB8-8B4A-11D0-8D11-00A0C91BC942}") = "Zadatak20", "Zadatak20\Zadatak20.vcxproj", "{F9E3DF26-0A05-4647-BBD4-350735585DFF}"
EndProject
Project("{8BC9CEB8-8B4A-11D0-8D11-00A0C91BC942}") = "Zadatak21", "Zadatak21\Zadatak21.vcxproj", "{1E890A5E-7753-447C-8526-7B699EBDE839}"
EndProject
Project("{8BC9CEB8-8B4A-11D0-8D11-00A0C91BC942}") = "Zadatak22", "Zadatak22\Zadatak22.vcxproj", "{39E78511-C4B4-4FFC-8966-670D08AF30FF}"
EndProject
Project("{8BC9CEB8-8B4A-11D0-8D11-00A0C91BC942}") = "Zadatak23", "Zadatak23\Zadatak23.vcxproj", "{27521386-A5A6-4E34-9C8D-9FF5405C7085}"
EndProject
Project("{8BC9CEB8-8B4A-11D0-8D11-00A0C91BC942}") = "Zadatak24", "Zadatak24\Zadatak24.vcxproj", "{01505E46-B2BD-44B7-841A-00FE4FA5E6F0}"
EndProject
Project("{8BC9CEB8-8B4A-11D0-8D11-00A0C91BC942}") = "Zadatak25", "Zadatak25\Zadatak25.vcxproj", "{DA04214D-02F4-468D-B8F3-84AC506C7AF8}"
EndProject
Project("{8BC9CEB8-8B4A-11D0-8D11-00A0C91BC942}") = "Zadatak26", "Zadatak26\Zadatak26.vcxproj", "{5A35FC40-557C-4EC5-B301-E079BF54C83E}"
EndProject
Project("{8BC9CEB8-8B4A-11D0-8D11-00A0C91BC942}") = "Zadatak27", "Zadatak27\Zadatak27.vcxproj", "{DFC1FC2C-3FC9-481C-9DA0-43561BA52758}"
EndProject
Project("{8BC9CEB8-8B4A-11D0-8D11-00A0C91BC942}") = "Zadatak28", "Zadatak28\Zadatak28.vcxproj", "{DA54998A-1FA7-4570-AE24-E552868872F1}"
EndProject
Project("{8BC9CEB8-8B4A-11D0-8D11-00A0C91BC942}") = "Zadatak29", "Zadatak29\Zadatak29.vcxproj", "{80047285-9827-428C-AC5B-0BEB12362F1C}"
EndProject
Project("{8BC9CEB8-8B4A-11D0-8D11-00A0C91BC942}") = "Zadatak30", "Zadatak30\Zadatak30.vcxproj", "{58F06105-5B56-40AF-937D-6C558202D412}"
EndProject
Project("{8BC9CEB8-8B4A-11D0-8D11-00A0C91BC942}") = "Zadatak31", "Zadatak31\Zadatak31.vcxproj", "{77446445-A71E-4F09-9E1C-954C7221E64B}"
EndProject
Project("{8BC9CEB8-8B4A-11D0-8D11-00A0C91BC942}") = "Zadatak32", "Zadatak32\Zadatak32.vcxproj", "{277AB136-DA29-4B78-AA2E-1BFF0F0EB1F3}"
EndProject
Project("{8BC9CEB8-8B4A-11D0-8D11-00A0C91BC942}") = "Zadatak33", "Zadatak33\Zadatak33.vcxproj", "{B28E1AAA-D8FC-4722-8246-E32C9EACA84D}"
EndProject
Project("{8BC9CEB8-8B4A-11D0-8D11-00A0C91BC942}") = "Zadatak34", "Zadatak34\Zadatak34.vcxproj", "{6D6B9312-FA6A-4EE8-8F57-253C628D9BC7}"
EndProject
Project("{8BC9CEB8-8B4A-11D0-8D11-00A0C91BC942}") = "Zadatak35", "Zadatak35\Zadatak35.vcxproj", "{B32F9FED-0C02-4AD7-80B3-7B79554DB16A}"
EndProject
Project("{8BC9CEB8-8B4A-11D0-8D11-00A0C91BC942}") = "Zadatak36", "Zadatak36\Zadatak36.vcxproj", "{CFCDFFB3-4579-4A93-9AF5-CC9E67043C63}"
EndProject
Project("{8BC9CEB8-8B4A-11D0-8D11-00A0C91BC942}") = "Zadatak37", "Zadatak37\Zadatak37.vcxproj", "{3732153F-6C0E-4DE4-BD0B-95B31452511C}"
EndProject
Project("{8BC9CEB8-8B4A-11D0-8D11-00A0C91BC942}") = "Zadatak38", "Zadatak38\Zadatak38.vcxproj", "{31179111-E154-42B0-A31E-2F8F66ED067D}"
EndProject
Project("{8BC9CEB8-8B4A-11D0-8D11-00A0C91BC942}") = "Zadatak39", "Zadatak39\Zadatak39.vcxproj", "{E8A853DD-98D0-401F-B371-A20C6237CC1D}"
EndProject
Project("{8BC9CEB8-8B4A-11D0-8D11-00A0C91BC942}") = "Zadatak40", "Zadatak40\Zadatak40.vcxproj", "{7D44093F-2CC3-4A7E-9328-A21776EB3252}"
EndProject
Project("{8BC9CEB8-8B4A-11D0-8D11-00A0C91BC942}") = "Zadatak41", "Zadatak41\Zadatak41.vcxproj", "{987972EE-9555-4002-A410-C4BF7DA97F94}"
EndProject
Project("{8BC9CEB8-8B4A-11D0-8D11-00A0C91BC942}") = "Zadatak42", "Zadatak42\Zadatak42.vcxproj", "{83B7F9B3-EEF9-4BC0-8A88-AC670F4266DD}"
EndProject
Project("{8BC9CEB8-8B4A-11D0-8D11-00A0C91BC942}") = "Zadatak43", "Zadatak43\Zadatak43.vcxproj", "{CF9E7A42-22FC-488C-8BBE-ECCEC5849401}"
EndProject
Project("{8BC9CEB8-8B4A-11D0-8D11-00A0C91BC942}") = "Zadatak44", "Zadatak44\Zadatak44.vcxproj", "{428F92B2-0AD2-49DD-998C-BDC6E40CF93B}"
EndProject
Project("{8BC9CEB8-8B4A-11D0-8D11-00A0C91BC942}") = "Zadatak45", "Zadatak45\Zadatak45.vcxproj", "{FC80F096-3D21-4FCD-8738-4A2EE246D6C4}"
EndProject
Project("{8BC9CEB8-8B4A-11D0-8D11-00A0C91BC942}") = "Zadatak46", "Zadatak46\Zadatak46.vcxproj", "{D1B62180-1D5B-47B5-A25D-5C43989936F7}"
EndProject
Project("{8BC9CEB8-8B4A-11D0-8D11-00A0C91BC942}") = "Zadatak47", "Zadatak47\Zadatak47.vcxproj", "{7CEE06C8-B462-45D2-9F52-1E372FF15BBD}"
EndProject
Project("{8BC9CEB8-8B4A-11D0-8D11-00A0C91BC942}") = "Zadatak48", "Zadatak48\Zadatak48.vcxproj", "{2A4C760F-0535-4415-8CF4-C9A71C8B4308}"
EndProject
Global
	GlobalSection(SolutionConfigurationPlatforms) = preSolution
		Debug|x64 = Debug|x64
		Debug|x86 = Debug|x86
		Release|x64 = Release|x64
		Release|x86 = Release|x86
	EndGlobalSection
	GlobalSection(ProjectConfigurationPlatforms) = postSolution
		{C2D27113-96C3-498F-96C0-D80F5B81EFC8}.Debug|x64.ActiveCfg = Debug|x64
		{C2D27113-96C3-498F-96C0-D80F5B81EFC8}.Debug|x64.Build.0 = Debug|x64
		{C2D27113-96C3-498F-96C0-D80F5B81EFC8}.Debug|x86.ActiveCfg = Debug|Win32
		{C2D27113-96C3-498F-96C0-D80F5B81EFC8}.Debug|x86.Build.0 = Debug|Win32
		{C2D27113-96C3-498F-96C0-D80F5B81EFC8}.Release|x64.ActiveCfg = Release|x64
		{C2D27113-96C3-498F-96C0-D80F5B81EFC8}.Release|x64.Build.0 = Release|x64
		{C2D27113-96C3-498F-96C0-D80F5B81EFC8}.Release|x86.ActiveCfg = Release|Win32
		{C2D27113-96C3-498F-96C0-D80F5B81EFC8}.Release|x86.Build.0 = Release|Win32
		{9C267A88-3BC1-484E-B23E-B0D3F99C4C2D}.Debug|x64.ActiveCfg = Debug|x64
		{9C267A88-3BC1-484E-B23E-B0D3F99C4C2D}.Debug|x64.Build.0 = Debug|x64
		{9C267A88-3BC1-484E-B23E-B0D3F99C4C2D}.Debug|x86.ActiveCfg = Debug|Win32
		{9C267A88-3BC1-484E-B23E-B0D3F99C4C2D}.Debug|x86.Build.0 = Debug|Win32
		{9C267A88-3BC1-484E-B23E-B0D3F99C4C2D}.Release|x64.ActiveCfg = Release|x64
		{9C267A88-3BC1-484E-B23E-B0D3F99C4C2D}.Release|x64.Build.0 = Release|x64
		{9C267A88-3BC1-484E-B23E-B0D3F99C4C2D}.Release|x86.ActiveCfg = Release|Win32
		{9C267A88-3BC1-484E-B23E-B0D3F99C4C2D}.Release|x86.Build.0 = Release|Win32
		{1DA747B4-1775-4420-B339-5C60922F04D4}.Debug|x64.ActiveCfg = Debug|x64
		{1DA747B4-1775-4420-B339-5C60922F04D4}.Debug|x64.Build.0 = Debug|x64
		{1DA747B4-1775-4420-B339-5C60922F04D4}.Debug|x86.ActiveCfg = Debug|Win32
		{1DA747B4-1775-4420-B339-5C60922F04D4}.Debug|x86.Build.0 = Debug|Win32
		{1DA747B4-1775-4420-B339-5C60922F04D4}.Release|x64.ActiveCfg = Release|x64
		{1DA747B4-1775-4420-B339-5C60922F04D4}.Release|x64.Build.0 = Release|x64
		{1DA747B4-1775-4420-B339-5C60922F04D4}.Release|x86.ActiveCfg = Release|Win32
		{1DA747B4-1775-4420-B339-5C60922F04D4}.Release|x86.Build.0 = Release|Win32
		{CBC9CCC0-2546-466C-BA09-B07BA5AA972F}.Debug|x64.ActiveCfg = Debug|x64
		{CBC9CCC0-2546-466C-BA09-B07BA5AA972F}.Debug|x64.Build.0 = Debug|x64
		{CBC9CCC0-2546-466C-BA09-B07BA5AA972F}.Debug|x86.ActiveCfg = Debug|Win32
		{CBC9CCC0-2546-466C-BA09-B07BA5AA972F}.Debug|x86.Build.0 = Debug|Win32
		{CBC9CCC0-2546-466C-BA09-B07BA5AA972F}.Release|x64.ActiveCfg = Release|x64
		{CBC9CCC0-2546-466C-BA09-B07BA5AA972F}.Release|x64.Build.0 = Release|x64
		{CBC9CCC0-2546-466C-BA09-B07BA5AA972F}.Release|x86.ActiveCfg = Release|Win32
		{CBC9CCC0-2546-466C-BA09-B07BA5AA972F}.Release|x86.Build.0 = Release|Win32
		{D477CF07-50DB-44D4-84C6-A9C503D1F5EC}.Debug|x64.ActiveCfg = Debug|x64
		{D477CF07-50DB-44D4-84C6-A9C503D1F5EC}.Debug|x64.Build.0 = Debug|x64
		{D477CF07-50DB-44D4-84C6-A9C503D1F5EC}.Debug|x86.ActiveCfg = Debug|Win32
		{D477CF07-50DB-44D4-84C6-A9C503D1F5EC}.Debug|x86.Build.0 = Debug|Win32
		{D477CF07-50DB-44D4-84C6-A9C503D1F5EC}.Release|x64.ActiveCfg = Release|x64
		{D477CF07-50DB-44D4-84C6-A9C503D1F5EC}.Release|x64.Build.0 = Release|x64
		{D477CF07-50DB-44D4-84C6-A9C503D1F5EC}.Release|x86.ActiveCfg = Release|Win32
		{D477CF07-50DB-44D4-84C6-A9C503D1F5EC}.Release|x86.Build.0 = Release|Win32
		{BB85C04F-C1D8-47BD-94A8-894C5A500BAB}.Debug|x64.ActiveCfg = Debug|x64
		{BB85C04F-C1D8-47BD-94A8-894C5A500BAB}.Debug|x64.Build.0 = Debug|x64
		{BB85C04F-C1D8-47BD-94A8-894C5A500BAB}.Debug|x86.ActiveCfg = Debug|Win32
		{BB85C04F-C1D8-47BD-94A8-894C5A500BAB}.Debug|x86.Build.0 = Debug|Win32
		{BB85C04F-C1D8-47BD-94A8-894C5A500BAB}.Release|x64.ActiveCfg = Release|x64
		{BB85C04F-C1D8-47BD-94A8-894C5A500BAB}.Release|x64.Build.0 = Release|x64
		{BB85C04F-C1D8-47BD-94A8-894C5A500BAB}.Release|x86.ActiveCfg = Release|Win32
		{BB85C04F-C1D8-47BD-94A8-894C5A500BAB}.Release|x86.Build.0 = Release|Win32
		{DA55EC49-067B-48A9-B750-1CD4BD93DC68}.Debug|x64.ActiveCfg = Debug|x64
		{DA55EC49-067B-48A9-B750-1CD4BD93DC68}.Debug|x64.Build.0 = Debug|x64
		{DA55EC49-067B-48A9-B750-1CD4BD93DC68}.Debug|x86.ActiveCfg = Debug|Win32
		{DA55EC49-067B-48A9-B750-1CD4BD93DC68}.Debug|x86.Build.0 = Debug|Win32
		{DA55EC49-067B-48A9-B750-1CD4BD93DC68}.Release|x64.ActiveCfg = Release|x64
		{DA55EC49-067B-48A9-B750-1CD4BD93DC68}.Release|x64.Build.0 = Release|x64
		{DA55EC49-067B-48A9-B750-1CD4BD93DC68}.Release|x86.ActiveCfg = Release|Win32
		{DA55EC49-067B-48A9-B750-1CD4BD93DC68}.Release|x86.Build.0 = Release|Win32
		{EE54DA98-8094-4DC3-AE8A-976E26A1F188}.Debug|x64.ActiveCfg = Debug|x64
		{EE54DA98-8094-4DC3-AE8A-976E26A1F188}.Debug|x64.Build.0 = Debug|x64
		{EE54DA98-8094-4DC3-AE8A-976E26A1F188}.Debug|x86.ActiveCfg = Debug|Win32
		{EE54DA98-8094-4DC3-AE8A-976E26A1F188}.Debug|x86.Build.0 = Debug|Win32
		{EE54DA98-8094-4DC3-AE8A-976E26A1F188}.Release|x64.ActiveCfg = Release|x64
		{EE54DA98-8094-4DC3-AE8A-976E26A1F188}.Release|x64.Build.0 = Release|x64
		{EE54DA98-8094-4DC3-AE8A-976E26A1F188}.Release|x86.ActiveCfg = Release|Win32
		{EE54DA98-8094-4DC3-AE8A-976E26A1F188}.Release|x86.Build.0 = Release|Win32
		{B9A2DE29-9A2B-4D2E-B526-437101174135}.Debug|x64.ActiveCfg = Debug|x64
		{B9A2DE29-9A2B-4D2E-B526-437101174135}.Debug|x64.Build.0 = Debug|x64
		{B9A2DE29-9A2B-4D2E-B526-437101174135}.Debug|x86.ActiveCfg = Debug|Win32
		{B9A2DE29-9A2B-4D2E-B526-437101174135}.Debug|x86.Build.0 = Debug|Win32
		{B9A2DE29-9A2B-4D2E-B526-437101174135}.Release|x64.ActiveCfg = Release|x64
		{B9A2DE29-9A2B-4D2E-B526-437101174135}.Release|x64.Build.0 = Release|x64
		{B9A2DE29-9A2B-4D2E-B526-437101174135}.Release|x86.ActiveCfg = Release|Win32
		{B9A2DE29-9A2B-4D2E-B526-437101174135}.Release|x86.Build.0 = Release|Win32
		{B0A86BB4-B96D-4411-A878-D9E56AE7EB95}.Debug|x64.ActiveCfg = Debug|x64
		{B0A86BB4-B96D-4411-A878-D9E56AE7EB95}.Debug|x64.Build.0 = Debug|x64
		{B0A86BB4-B96D-4411-A878-D9E56AE7EB95}.Debug|x86.ActiveCfg = Debug|Win32
		{B0A86BB4-B96D-4411-A878-D9E56AE7EB95}.Debug|x86.Build.0 = Debug|Win32
		{B0A86BB4-B96D-4411-A878-D9E56AE7EB95}.Release|x64.ActiveCfg = Release|x64
		{B0A86BB4-B96D-4411-A878-D9E56AE7EB95}.Release|x64.Build.0 = Release|x64
		{B0A86BB4-B96D-4411-A878-D9E56AE7EB95}.Release|x86.ActiveCfg = Release|Win32
		{B0A86BB4-B96D-4411-A878-D9E56AE7EB95}.Release|x86.Build.0 = Release|Win32
		{C6819A7D-271E-46E1-B680-BE3915BC401E}.Debug|x64.ActiveCfg = Debug|x64
		{C6819A7D-271E-46E1-B680-BE3915BC401E}.Debug|x64.Build.0 = Debug|x64
		{C6819A7D-271E-46E1-B680-BE3915BC401E}.Debug|x86.ActiveCfg = Debug|Win32
		{C6819A7D-271E-46E1-B680-BE3915BC401E}.Debug|x86.Build.0 = Debug|Win32
		{C6819A7D-271E-46E1-B680-BE3915BC401E}.Release|x64.ActiveCfg = Release|x64
		{C6819A7D-271E-46E1-B680-BE3915BC401E}.Release|x64.Build.0 = Release|x64
		{C6819A7D-271E-46E1-B680-BE3915BC401E}.Release|x86.ActiveCfg = Release|Win32
		{C6819A7D-271E-46E1-B680-BE3915BC401E}.Release|x86.Build.0 = Release|Win32
		{339C2420-39B8-4C34-A3FF-DC9E967DAB36}.Debug|x64.ActiveCfg = Debug|x64
		{339C2420-39B8-4C34-A3FF-DC9E967DAB36}.Debug|x64.Build.0 = Debug|x64
		{339C2420-39B8-4C34-A3FF-DC9E967DAB36}.Debug|x86.ActiveCfg = Debug|Win32
		{339C2420-39B8-4C34-A3FF-DC9E967DAB36}.Debug|x86.Build.0 = Debug|Win32
		{339C2420-39B8-4C34-A3FF-DC9E967DAB36}.Release|x64.ActiveCfg = Release|x64
		{339C2420-39B8-4C34-A3FF-DC9E967DAB36}.Release|x64.Build.0 = Release|x64
		{339C2420-39B8-4C34-A3FF-DC9E967DAB36}.Release|x86.ActiveCfg = Release|Win32
		{339C2420-39B8-4C34-A3FF-DC9E967DAB36}.Release|x86.Build.0 = Release|Win32
		{C3CE4572-6390-47A8-A3DF-1944F9D8BBE6}.Debug|x64.ActiveCfg = Debug|x64
		{C3CE4572-6390-47A8-A3DF-1944F9D8BBE6}.Debug|x64.Build.0 = Debug|x64
		{C3CE4572-6390-47A8-A3DF-1944F9D8BBE6}.Debug|x86.ActiveCfg = Debug|Win32
		{C3CE4572-6390-47A8-A3DF-1944F9D8BBE6}.Debug|x86.Build.0 = Debug|Win32
		{C3CE4572-6390-47A8-A3DF-1944F9D8BBE6}.Release|x64.ActiveCfg = Release|x64
		{C3CE4572-6390-47A8-A3DF-1944F9D8BBE6}.Release|x64.Build.0 = Release|x64
		{C3CE4572-6390-47A8-A3DF-1944F9D8BBE6}.Release|x86.ActiveCfg = Release|Win32
		{C3CE4572-6390-47A8-A3DF-1944F9D8BBE6}.Release|x86.Build.0 = Release|Win32
		{2FB7FBE1-D2D0-47D7-9C6D-027EE7CFD577}.Debug|x64.ActiveCfg = Debug|x64
		{2FB7FBE1-D2D0-47D7-9C6D-027EE7CFD577}.Debug|x64.Build.0 = Debug|x64
		{2FB7FBE1-D2D0-47D7-9C6D-027EE7CFD577}.Debug|x86.ActiveCfg = Debug|Win32
		{2FB7FBE1-D2D0-47D7-9C6D-027EE7CFD577}.Debug|x86.Build.0 = Debug|Win32
		{2FB7FBE1-D2D0-47D7-9C6D-027EE7CFD577}.Release|x64.ActiveCfg = Release|x64
		{2FB7FBE1-D2D0-47D7-9C6D-027EE7CFD577}.Release|x64.Build.0 = Release|x64
		{2FB7FBE1-D2D0-47D7-9C6D-027EE7CFD577}.Release|x86.ActiveCfg = Release|Win32
		{2FB7FBE1-D2D0-47D7-9C6D-027EE7CFD577}.Release|x86.Build.0 = Release|Win32
		{79A365CA-3123-4154-9234-32CFDEBA129B}.Debug|x64.ActiveCfg = Debug|x64
		{79A365CA-3123-4154-9234-32CFDEBA129B}.Debug|x64.Build.0 = Debug|x64
		{79A365CA-3123-4154-9234-32CFDEBA129B}.Debug|x86.ActiveCfg = Debug|Win32
		{79A365CA-3123-4154-9234-32CFDEBA129B}.Debug|x86.Build.0 = Debug|Win32
		{79A365CA-3123-4154-9234-32CFDEBA129B}.Release|x64.ActiveCfg = Release|x64
		{79A365CA-3123-4154-9234-32CFDEBA129B}.Release|x64.Build.0 = Release|x64
		{79A365CA-3123-4154-9234-32CFDEBA129B}.Release|x86.ActiveCfg = Release|Win32
		{79A365CA-3123-4154-9234-32CFDEBA129B}.Release|x86.Build.0 = Release|Win32
		{EFBCD57C-CC9A-4184-A9A5-37DB4EC8C405}.Debug|x64.ActiveCfg = Debug|x64
		{EFBCD57C-CC9A-4184-A9A5-37DB4EC8C405}.Debug|x64.Build.0 = Debug|x64
		{EFBCD57C-CC9A-4184-A9A5-37DB4EC8C405}.Debug|x86.ActiveCfg = Debug|Win32
		{EFBCD57C-CC9A-4184-A9A5-37DB4EC8C405}.Debug|x86.Build.0 = Debug|Win32
		{EFBCD57C-CC9A-4184-A9A5-37DB4EC8C405}.Release|x64.ActiveCfg = Release|x64
		{EFBCD57C-CC9A-4184-A9A5-37DB4EC8C405}.Release|x64.Build.0 = Release|x64
		{EFBCD57C-CC9A-4184-A9A5-37DB4EC8C405}.Release|x86.ActiveCfg = Release|Win32
		{EFBCD57C-CC9A-4184-A9A5-37DB4EC8C405}.Release|x86.Build.0 = Release|Win32
		{9B9DD4E2-C3DD-41ED-9F72-C6AB4A581183}.Debug|x64.ActiveCfg = Debug|x64
		{9B9DD4E2-C3DD-41ED-9F72-C6AB4A581183}.Debug|x64.Build.0 = Debug|x64
		{9B9DD4E2-C3DD-41ED-9F72-C6AB4A581183}.Debug|x86.ActiveCfg = Debug|Win32
		{9B9DD4E2-C3DD-41ED-9F72-C6AB4A581183}.Debug|x86.Build.0 = Debug|Win32
		{9B9DD4E2-C3DD-41ED-9F72-C6AB4A581183}.Release|x64.ActiveCfg = Release|x64
		{9B9DD4E2-C3DD-41ED-9F72-C6AB4A581183}.Release|x64.Build.0 = Release|x64
		{9B9DD4E2-C3DD-41ED-9F72-C6AB4A581183}.Release|x86.ActiveCfg = Release|Win32
		{9B9DD4E2-C3DD-41ED-9F72-C6AB4A581183}.Release|x86.Build.0 = Release|Win32
		{06BFAC97-6017-4856-859B-45FD0B197D6A}.Debug|x64.ActiveCfg = Debug|x64
		{06BFAC97-6017-4856-859B-45FD0B197D6A}.Debug|x64.Build.0 = Debug|x64
		{06BFAC97-6017-4856-859B-45FD0B197D6A}.Debug|x86.ActiveCfg = Debug|Win32
		{06BFAC97-6017-4856-859B-45FD0B197D6A}.Debug|x86.Build.0 = Debug|Win32
		{06BFAC97-6017-4856-859B-45FD0B197D6A}.Release|x64.ActiveCfg = Release|x64
		{06BFAC97-6017-4856-859B-45FD0B197D6A}.Release|x64.Build.0 = Release|x64
		{06BFAC97-6017-4856-859B-45FD0B197D6A}.Release|x86.ActiveCfg = Release|Win32
		{06BFAC97-6017-4856-859B-45FD0B197D6A}.Release|x86.Build.0 = Release|Win32
		{FAAEECD0-D2DC-4D1F-B65D-55E97A7CF3DC}.Debug|x64.ActiveCfg = Debug|x64
		{FAAEECD0-D2DC-4D1F-B65D-55E97A7CF3DC}.Debug|x64.Build.0 = Debug|x64
		{FAAEECD0-D2DC-4D1F-B65D-55E97A7CF3DC}.Debug|x86.ActiveCfg = Debug|Win32
		{FAAEECD0-D2DC-4D1F-B65D-55E97A7CF3DC}.Debug|x86.Build.0 = Debug|Win32
		{FAAEECD0-D2DC-4D1F-B65D-55E97A7CF3DC}.Release|x64.ActiveCfg = Release|x64
		{FAAEECD0-D2DC-4D1F-B65D-55E97A7CF3DC}.Release|x64.Build.0 = Release|x64
		{FAAEECD0-D2DC-4D1F-B65D-55E97A7CF3DC}.Release|x86.ActiveCfg = Release|Win32
		{FAAEECD0-D2DC-4D1F-B65D-55E97A7CF3DC}.Release|x86.Build.0 = Release|Win32
		{F9E3DF26-0A05-4647-BBD4-350735585DFF}.Debug|x64.ActiveCfg = Debug|x64
		{F9E3DF26-0A05-4647-BBD4-350735585DFF}.Debug|x64.Build.0 = Debug|x64
		{F9E3DF26-0A05-4647-BBD4-350735585DFF}.Debug|x86.ActiveCfg = Debug|Win32
		{F9E3DF26-0A05-4647-BBD4-350735585DFF}.Debug|x86.Build.0 = Debug|Win32
		{F9E3DF26-0A05-4647-BBD4-350735585DFF}.Release|x64.ActiveCfg = Release|x64
		{F9E3DF26-0A05-4647-BBD4-350735585DFF}.Release|x64.Build.0 = Release|x64
		{F9E3DF26-0A05-4647-BBD4-350735585DFF}.Release|x86.ActiveCfg = Release|Win32
		{F9E3DF26-0A05-4647-BBD4-350735585DFF}.Release|x86.Build.0 = Release|Win32
		{1E890A5E-7753-447C-8526-7B699EBDE839}.Debug|x64.ActiveCfg = Debug|x64
		{1E890A5E-7753-447C-8526-7B699EBDE839}.Debug|x64.Build.0 = Debug|x64
		{1E890A5E-7753-447C-8526-7B699EBDE839}.Debug|x86.ActiveCfg = Debug|Win32
		{1E890A5E-7753-447C-8526-7B699EBDE839}.Debug|x86.Build.0 = Debug|Win32
		{1E890A5E-7753-447C-8526-7B699EBDE839}.Release|x64.ActiveCfg = Release|x64
		{1E890A5E-7753-447C-8526-7B699EBDE839}.Release|x64.Build.0 = Release|x64
		{1E890A5E-7753-447C-8526-7B699EBDE839}.Release|x86.ActiveCfg = Release|Win32
		{1E890A5E-7753-447C-8526-7B699EBDE839}.Release|x86.Build.0 = Release|Win32
		{39E78511-C4B4-4FFC-8966-670D08AF30FF}.Debug|x64.ActiveCfg = Debug|x64
		{39E78511-C4B4-4FFC-8966-670D08AF30FF}.Debug|x64.Build.0 = Debug|x64
		{39E78511-C4B4-4FFC-8966-670D08AF30FF}.Debug|x86.ActiveCfg = Debug|Win32
		{39E78511-C4B4-4FFC-8966-670D08AF30FF}.Debug|x86.Build.0 = Debug|Win32
		{39E78511-C4B4-4FFC-8966-670D08AF30FF}.Release|x64.ActiveCfg = Release|x64
		{39E78511-C4B4-4FFC-8966-670D08AF30FF}.Release|x64.Build.0 = Release|x64
		{39E78511-C4B4-4FFC-8966-670D08AF30FF}.Release|x86.ActiveCfg = Release|Win32
		{39E78511-C4B4-4FFC-8966-670D08AF30FF}.Release|x86.Build.0 = Release|Win32
		{27521386-A5A6-4E34-9C8D-9FF5405C7085}.Debug|x64.ActiveCfg = Debug|x64
		{27521386-A5A6-4E34-9C8D-9FF5405C7085}.Debug|x64.Build.0 = Debug|x64
		{27521386-A5A6-4E34-9C8D-9FF5405C7085}.Debug|x86.ActiveCfg = Debug|Win32
		{27521386-A5A6-4E34-9C8D-9FF5405C7085}.Debug|x86.Build.0 = Debug|Win32
		{27521386-A5A6-4E34-9C8D-9FF5405C7085}.Release|x64.ActiveCfg = Release|x64
		{27521386-A5A6-4E34-9C8D-9FF5405C7085}.Release|x64.Build.0 = Release|x64
		{27521386-A5A6-4E34-9C8D-9FF5405C7085}.Release|x86.ActiveCfg = Release|Win32
		{27521386-A5A6-4E34-9C8D-9FF5405C7085}.Release|x86.Build.0 = Release|Win32
		{01505E46-B2BD-44B7-841A-00FE4FA5E6F0}.Debug|x64.ActiveCfg = Debug|x64
		{01505E46-B2BD-44B7-841A-00FE4FA5E6F0}.Debug|x64.Build.0 = Debug|x64
		{01505E46-B2BD-44B7-841A-00FE4FA5E6F0}.Debug|x86.ActiveCfg = Debug|Win32
		{01505E46-B2BD-44B7-841A-00FE4FA5E6F0}.Debug|x86.Build.0 = Debug|Win32
		{01505E46-B2BD-44B7-841A-00FE4FA5E6F0}.Release|x64.ActiveCfg = Release|x64
		{01505E46-B2BD-44B7-841A-00FE4FA5E6F0}.Release|x64.Build.0 = Release|x64
		{01505E46-B2BD-44B7-841A-00FE4FA5E6F0}.Release|x86.ActiveCfg = Release|Win32
		{01505E46-B2BD-44B7-841A-00FE4FA5E6F0}.Release|x86.Build.0 = Release|Win32
		{DA04214D-02F4-468D-B8F3-84AC506C7AF8}.Debug|x64.ActiveCfg = Debug|x64
		{DA04214D-02F4-468D-B8F3-84AC506C7AF8}.Debug|x64.Build.0 = Debug|x64
		{DA04214D-02F4-468D-B8F3-84AC506C7AF8}.Debug|x86.ActiveCfg = Debug|Win32
		{DA04214D-02F4-468D-B8F3-84AC506C7AF8}.Debug|x86.Build.0 = Debug|Win32
		{DA04214D-02F4-468D-B8F3-84AC506C7AF8}.Release|x64.ActiveCfg = Release|x64
		{DA04214D-02F4-468D-B8F3-84AC506C7AF8}.Release|x64.Build.0 = Release|x64
		{DA04214D-02F4-468D-B8F3-84AC506C7AF8}.Release|x86.ActiveCfg = Release|Win32
		{DA04214D-02F4-468D-B8F3-84AC506C7AF8}.Release|x86.Build.0 = Release|Win32
		{5A35FC40-557C-4EC5-B301-E079BF54C83E}.Debug|x64.ActiveCfg = Debug|x64
		{5A35FC40-557C-4EC5-B301-E079BF54C83E}.Debug|x64.Build.0 = Debug|x64
		{5A35FC40-557C-4EC5-B301-E079BF54C83E}.Debug|x86.ActiveCfg = Debug|Win32
		{5A35FC40-557C-4EC5-B301-E079BF54C83E}.Debug|x86.Build.0 = Debug|Win32
		{5A35FC40-557C-4EC5-B301-E079BF54C83E}.Release|x64.ActiveCfg = Release|x64
		{5A35FC40-557C-4EC5-B301-E079BF54C83E}.Release|x64.Build.0 = Release|x64
		{5A35FC40-557C-4EC5-B301-E079BF54C83E}.Release|x86.ActiveCfg = Release|Win32
		{5A35FC40-557C-4EC5-B301-E079BF54C83E}.Release|x86.Build.0 = Release|Win32
		{DFC1FC2C-3FC9-481C-9DA0-43561BA52758}.Debug|x64.ActiveCfg = Debug|x64
		{DFC1FC2C-3FC9-481C-9DA0-43561BA52758}.Debug|x64.Build.0 = Debug|x64
		{DFC1FC2C-3FC9-481C-9DA0-43561BA52758}.Debug|x86.ActiveCfg = Debug|Win32
		{DFC1FC2C-3FC9-481C-9DA0-43561BA52758}.Debug|x86.Build.0 = Debug|Win32
		{DFC1FC2C-3FC9-481C-9DA0-43561BA52758}.Release|x64.ActiveCfg = Release|x64
		{DFC1FC2C-3FC9-481C-9DA0-43561BA52758}.Release|x64.Build.0 = Release|x64
		{DFC1FC2C-3FC9-481C-9DA0-43561BA52758}.Release|x86.ActiveCfg = Release|Win32
		{DFC1FC2C-3FC9-481C-9DA0-43561BA52758}.Release|x86.Build.0 = Release|Win32
		{DA54998A-1FA7-4570-AE24-E552868872F1}.Debug|x64.ActiveCfg = Debug|x64
		{DA54998A-1FA7-4570-AE24-E552868872F1}.Debug|x64.Build.0 = Debug|x64
		{DA54998A-1FA7-4570-AE24-E552868872F1}.Debug|x86.ActiveCfg = Debug|Win32
		{DA54998A-1FA7-4570-AE24-E552868872F1}.Debug|x86.Build.0 = Debug|Win32
		{DA54998A-1FA7-4570-AE24-E552868872F1}.Release|x64.ActiveCfg = Release|x64
		{DA54998A-1FA7-4570-AE24-E552868872F1}.Release|x64.Build.0 = Release|x64
		{DA54998A-1FA7-4570-AE24-E552868872F1}.Release|x86.ActiveCfg = Release|Win32
		{DA54998A-1FA7-4570-AE24-E552868872F1}.Release|x86.Build.0 = Release|Win32
		{80047285-9827-428C-AC5B-0BEB12362F1C}.Debug|x64.ActiveCfg = Debug|x64
		{80047285-9827-428C-AC5B-0BEB12362F1C}.Debug|x64.Build.0 = Debug|x64
		{80047285-9827-428C-AC5B-0BEB12362F1C}.Debug|x86.ActiveCfg = Debug|Win32
		{80047285-9827-428C-AC5B-0BEB12362F1C}.Debug|x86.Build.0 = Debug|Win32
		{80047285-9827-428C-AC5B-0BEB12362F1C}.Release|x64.ActiveCfg = Release|x64
		{80047285-9827-428C-AC5B-0BEB12362F1C}.Release|x64.Build.0 = Release|x64
		{80047285-9827-428C-AC5B-0BEB12362F1C}.Release|x86.ActiveCfg = Release|Win32
		{80047285-9827-428C-AC5B-0BEB12362F1C}.Release|x86.Build.0 = Release|Win32
		{58F06105-5B56-40AF-937D-6C558202D412}.Debug|x64.ActiveCfg = Debug|x64
		{58F06105-5B56-40AF-937D-6C558202D412}.Debug|x64.Build.0 = Debug|x64
		{58F06105-5B56-40AF-937D-6C558202D412}.Debug|x86.ActiveCfg = Debug|Win32
		{58F06105-5B56-40AF-937D-6C558202D412}.Debug|x86.Build.0 = Debug|Win32
		{58F06105-5B56-40AF-937D-6C558202D412}.Release|x64.ActiveCfg = Release|x64
		{58F06105-5B56-40AF-937D-6C558202D412}.Release|x64.Build.0 = Release|x64
		{58F06105-5B56-40AF-937D-6C558202D412}.Release|x86.ActiveCfg = Release|Win32
		{58F06105-5B56-40AF-937D-6C558202D412}.Release|x86.Build.0 = Release|Win32
		{77446445-A71E-4F09-9E1C-954C7221E64B}.Debug|x64.ActiveCfg = Debug|x64
		{77446445-A71E-4F09-9E1C-954C7221E64B}.Debug|x64.Build.0 = Debug|x64
		{77446445-A71E-4F09-9E1C-954C7221E64B}.Debug|x86.ActiveCfg = Debug|Win32
		{77446445-A71E-4F09-9E1C-954C7221E64B}.Debug|x86.Build.0 = Debug|Win32
		{77446445-A71E-4F09-9E1C-954C7221E64B}.Release|x64.ActiveCfg = Release|x64
		{77446445-A71E-4F09-9E1C-954C7221E64B}.Release|x64.Build.0 = Release|x64
		{77446445-A71E-4F09-9E1C-954C7221E64B}.Release|x86.ActiveCfg = Release|Win32
		{77446445-A71E-4F09-9E1C-954C7221E64B}.Release|x86.Build.0 = Release|Win32
		{277AB136-DA29-4B78-AA2E-1BFF0F0EB1F3}.Debug|x64.ActiveCfg = Debug|x64
		{277AB136-DA29-4B78-AA2E-1BFF0F0EB1F3}.Debug|x64.Build.0 = Debug|x64
		{277AB136-DA29-4B78-AA2E-1BFF0F0EB1F3}.Debug|x86.ActiveCfg = Debug|Win32
		{277AB136-DA29-4B78-AA2E-1BFF0F0EB1F3}.Debug|x86.Build.0 = Debug|Win32
		{277AB136-DA29-4B78-AA2E-1BFF0F0EB1F3}.Release|x64.ActiveCfg = Release|x64
		{277AB136-DA29-4B78-AA2E-1BFF0F0EB1F3}.Release|x64.Build.0 = Release|x64
		{277AB136-DA29-4B78-AA2E-1BFF0F0EB1F3}.Release|x86.ActiveCfg = Release|Win32
		{277AB136-DA29-4B78-AA2E-1BFF0F0EB1F3}.Release|x86.Build.0 = Release|Win32
		{B28E1AAA-D8FC-4722-8246-E32C9EACA84D}.Debug|x64.ActiveCfg = Debug|x64
		{B28E1AAA-D8FC-4722-8246-E32C9EACA84D}.Debug|x64.Build.0 = Debug|x64
		{B28E1AAA-D8FC-4722-8246-E32C9EACA84D}.Debug|x86.ActiveCfg = Debug|Win32
		{B28E1AAA-D8FC-4722-8246-E32C9EACA84D}.Debug|x86.Build.0 = Debug|Win32
		{B28E1AAA-D8FC-4722-8246-E32C9EACA84D}.Release|x64.ActiveCfg = Release|x64
		{B28E1AAA-D8FC-4722-8246-E32C9EACA84D}.Release|x64.Build.0 = Release|x64
		{B28E1AAA-D8FC-4722-8246-E32C9EACA84D}.Release|x86.ActiveCfg = Release|Win32
		{B28E1AAA-D8FC-4722-8246-E32C9EACA84D}.Release|x86.Build.0 = Release|Win32
		{6D6B9312-FA6A-4EE8-8F57-253C628D9BC7}.Debug|x64.ActiveCfg = Debug|x64
		{6D6B9312-FA6A-4EE8-8F57-253C628D9BC7}.Debug|x64.Build.0 = Debug|x64
		{6D6B9312-FA6A-4EE8-8F57-253C628D9BC7}.Debug|x86.ActiveCfg = Debug|Win32
		{6D6B9312-FA6A-4EE8-8F57-253C628D9BC7}.Debug|x86.Build.0 = Debug|Win32
		{6D6B9312-FA6A-4EE8-8F57-253C628D9BC7}.Release|x64.ActiveCfg = Release|x64
		{6D6B9312-FA6A-4EE8-8F57-253C628D9BC7}.Release|x64.Build.0 = Release|x64
		{6D6B9312-FA6A-4EE8-8F57-253C628D9BC7}.Release|x86.ActiveCfg = Release|Win32
		{6D6B9312-FA6A-4EE8-8F57-253C628D9BC7}.Release|x86.Build.0 = Release|Win32
		{B32F9FED-0C02-4AD7-80B3-7B79554DB16A}.Debug|x64.ActiveCfg = Debug|x64
		{B32F9FED-0C02-4AD7-80B3-7B79554DB16A}.Debug|x64.Build.0 = Debug|x64
		{B32F9FED-0C02-4AD7-80B3-7B79554DB16A}.Debug|x86.ActiveCfg = Debug|Win32
		{B32F9FED-0C02-4AD7-80B3-7B79554DB16A}.Debug|x86.Build.0 = Debug|Win32
		{B32F9FED-0C02-4AD7-80B3-7B79554DB16A}.Release|x64.ActiveCfg = Release|x64
		{B32F9FED-0C02-4AD7-80B3-7B79554DB16A}.Release|x64.Build.0 = Release|x64
		{B32F9FED-0C02-4AD7-80B3-7B79554DB16A}.Release|x86.ActiveCfg = Release|Win32
		{B32F9FED-0C02-4AD7-80B3-7B79554DB16A}.Release|x86.Build.0 = Release|Win32
		{CFCDFFB3-4579-4A93-9AF5-CC9E67043C63}.Debug|x64.ActiveCfg = Debug|x64
		{CFCDFFB3-4579-4A93-9AF5-CC9E67043C63}.Debug|x64.Build.0 = Debug|x64
		{CFCDFFB3-4579-4A93-9AF5-CC9E67043C63}.Debug|x86.ActiveCfg = Debug|Win32
		{CFCDFFB3-4579-4A93-9AF5-CC9E67043C63}.Debug|x86.Build.0 = Debug|Win32
		{CFCDFFB3-4579-4A93-9AF5-CC9E67043C63}.Release|x64.ActiveCfg = Release|x64
		{CFCDFFB3-4579-4A93-9AF5-CC9E67043C63}.Release|x64.Build.0 = Release|x64
		{CFCDFFB3-4579-4A93-9AF5-CC9E67043C63}.Release|x86.ActiveCfg = Release|Win32
		{CFCDFFB3-4579-4A93-9AF5-CC9E67043C63}.Release|x86.Build.0 = Release|Win32
		{3732153F-6C0E-4DE4-BD0B-95B31452511C}.Debug|x64.ActiveCfg = Debug|x64
		{3732153F-6C0E-4DE4-BD0B-95B31452511C}.Debug|x64.Build.0 = Debug|x64
		{3732153F-6C0E-4DE4-BD0B-95B31452511C}.Debug|x86.ActiveCfg = Debug|Win32
		{3732153F-6C0E-4DE4-BD0B-95B31452511C}.Debug|x86.Build.0 = Debug|Win32
		{3732153F-6C0E-4DE4-BD0B-95B31452511C}.Release|x64.ActiveCfg = Release|x64
		{3732153F-6C0E-4DE4-BD0B-95B31452511C}.Release|x64.Build.0 = Release|x64
		{3732153F-6C0E-4DE4-BD0B-95B31452511C}.Release|x86.ActiveCfg = Release|Win32
		{3732153F-6C0E-4DE4-BD0B-95B31452511C}.Release|x86.Build.0 = Release|Win32
		{31179111-E154-42B0-A31E-2F8F66ED067D}.Debug|x64.ActiveCfg = Debug|x64
		{31179111-E154-42B0-A31E-2F8F66ED067D}.Debug|x64.Build.0 = Debug|x64
		{31179111-E154-42B0-A31E-2F8F66ED067D}.Debug|x86.ActiveCfg = Debug|Win32
		{31179111-E154-42B0-A31E-2F8F66ED067D}.Debug|x86.Build.0 = Debug|Win32
		{31179111-E154-42B0-A31E-2F8F66ED067D}.Release|x64.ActiveCfg = Release|x64
		{31179111-E154-42B0-A31E-2F8F66ED067D}.Release|x64.Build.0 = Release|x64
		{31179111-E154-42B0-A31E-2F8F66ED067D}.Release|x86.ActiveCfg = Release|Win32
		{31179111-E154-42B0-A31E-2F8F66ED067D}.Release|x86.Build.0 = Release|Win32
		{E8A853DD-98D0-401F-B371-A20C6237CC1D}.Debug|x64.ActiveCfg = Debug|x64
		{E8A853DD-98D0-401F-B371-A20C6237CC1D}.Debug|x64.Build.0 = Debug|x64
		{E8A853DD-98D0-401F-B371-A20C6237CC1D}.Debug|x86.ActiveCfg = Debug|Win32
		{E8A853DD-98D0-401F-B371-A20C6237CC1D}.Debug|x86.Build.0 = Debug|Win32
		{E8A853DD-98D0-401F-B371-A20C6237CC1D}.Release|x64.ActiveCfg = Release|x64
		{E8A853DD-98D0-401F-B371-A20C6237CC1D}.Release|x64.Build.0 = Release|x64
		{E8A853DD-98D0-401F-B371-A20C6237CC1D}.Release|x86.ActiveCfg = Release|Win32
		{E8A853DD-98D0-401F-B371-A20C6237CC1D}.Release|x86.Build.0 = Release|Win32
		{7D44093F-2CC3-4A7E-9328-A21776EB3252}.Debug|x64.ActiveCfg = Debug|x64
		{7D44093F-2CC3-4A7E-9328-A21776EB3252}.Debug|x64.Build.0 = Debug|x64
		{7D44093F-2CC3-4A7E-9328-A21776EB3252}.Debug|x86.ActiveCfg = Debug|Win32
		{7D44093F-2CC3-4A7E-9328-A21776EB3252}.Debug|x86.Build.0 = Debug|Win32
		{7D44093F-2CC3-4A7E-9328-A21776EB3252}.Release|x64.ActiveCfg = Release|x64
		{7D44093F-2CC3-4A7E-9328-A21776EB3252}.Release|x64.Build.0 = Release|x64
		{7D44093F-2CC3-4A7E-9328-A21776EB3252}.Release|x86.ActiveCfg = Release|Win32
		{7D44093F-2CC3-4A7E-9328-A21776EB3252}.Release|x86.Build.0 = Release|Win32
		{987972EE-9555-4002-A410-C4BF7DA97F94}.Debug|x64.ActiveCfg = Debug|x64
		{987972EE-9555-4002-A410-C4BF7DA97F94}.Debug|x64.Build.0 = Debug|x64
		{987972EE-9555-4002-A410-C4BF7DA97F94}.Debug|x86.ActiveCfg = Debug|Win32
		{987972EE-9555-4002-A410-C4BF7DA97F94}.Debug|x86.Build.0 = Debug|Win32
		{987972EE-9555-4002-A410-C4BF7DA97F94}.Release|x64.ActiveCfg = Release|x64
		{987972EE-9555-4002-A410-C4BF7DA97F94}.Release|x64.Build.0 = Release|x64
		{987972EE-9555-4002-A410-C4BF7DA97F94}.Release|x86.ActiveCfg = Release|Win32
		{987972EE-9555-4002-A410-C4BF7DA97F94}.Release|x86.Build.0 = Release|Win32
		{83B7F9B3-EEF9-4BC0-8A88-AC670F4266DD}.Debug|x64.ActiveCfg = Debug|x64
		{83B7F9B3-EEF9-4BC0-8A88-AC670F4266DD}.Debug|x64.Build.0 = Debug|x64
		{83B7F9B3-EEF9-4BC0-8A88-AC670F4266DD}.Debug|x86.ActiveCfg = Debug|Win32
		{83B7F9B3-EEF9-4BC0-8A88-AC670F4266DD}.Debug|x86.Build.0 = Debug|Win32
		{83B7F9B3-EEF9-4BC0-8A88-AC670F4266DD}.Release|x64.ActiveCfg = Release|x64
		{83B7F9B3-EEF9-4BC0-8A88-AC670F4266DD}.Release|x64.Build.0 = Release|x64
		{83B7F9B3-EEF9-4BC0-8A88-AC670F4266DD}.Release|x86.ActiveCfg = Release|Win32
		{83B7F9B3-EEF9-4BC0-8A88-AC670F4266DD}.Release|x86.Build.0 = Release|Win32
		{CF9E7A42-22FC-488C-8BBE-ECCEC5849401}.Debug|x64.ActiveCfg = Debug|x64
		{CF9E7A42-22FC-488C-8BBE-ECCEC5849401}.Debug|x64.Build.0 = Debug|x64
		{CF9E7A42-22FC-488C-8BBE-ECCEC5849401}.Debug|x86.ActiveCfg = Debug|Win32
		{CF9E7A42-22FC-488C-8BBE-ECCEC5849401}.Debug|x86.Build.0 = Debug|Win32
		{CF9E7A42-22FC-488C-8BBE-ECCEC5849401}.Release|x64.ActiveCfg = Release|x64
		{CF9E7A42-22FC-488C-8BBE-ECCEC5849401}.Release|x64.Build.0 = Release|x64
		{CF9E7A42-22FC-488C-8BBE-ECCEC5849401}.Release|x86.ActiveCfg = Release|Win32
		{CF9E7A42-22FC-488C-8BBE-ECCEC5849401}.Release|x86.Build.0 = Release|Win32
		{428F92B2-0AD2-49DD-998C-BDC6E40CF93B}.Debug|x64.ActiveCfg = Debug|x64
		{428F92B2-0AD2-49DD-998C-BDC6E40CF93B}.Debug|x64.Build.0 = Debug|x64
		{428F92B2-0AD2-49DD-998C-BDC6E40CF93B}.Debug|x86.ActiveCfg = Debug|Win32
		{428F92B2-0AD2-49DD-998C-BDC6E40CF93B}.Debug|x86.Build.0 = Debug|Win32
		{428F92B2-0AD2-49DD-998C-BDC6E40CF93B}.Release|x64.ActiveCfg = Release|x64
		{428F92B2-0AD2-49DD-998C-BDC6E40CF93B}.Release|x64.Build.0 = Release|x64
		{428F92B2-0AD2-49DD-998C-BDC6E40CF93B}.Release|x86.ActiveCfg = Release|Win32
		{428F92B2-0AD2-49DD-998C-BDC6E40CF93B}.Release|x86.Build.0 = Release|Win32
		{FC80F096-3D21-4FCD-8738-4A2EE246D6C4}.Debug|x64.ActiveCfg = Debug|x64
		{FC80F096-3D21-4FCD-8738-4A2EE246D6C4}.Debug|x64.Build.0 = Debug|x64
		{FC80F096-3D21-4FCD-8738-4A2EE246D6C4}.Debug|x86.ActiveCfg = Debug|Win32
		{FC80F096-3D21-4FCD-8738-4A2EE246D6C4}.Debug|x86.Build.0 = Debug|Win32
		{FC80F096-3D21-4FCD-8738-4A2EE246D6C4}.Release|x64.ActiveCfg = Release|x64
		{FC80F096-3D21-4FCD-8738-4A2EE246D6C4}.Release|x64.Build.0 = Release|x64
		{FC80F096-3D21-4FCD-8738-4A2EE246D6C4}.Release|x86.ActiveCfg = Release|Win32
		{FC80F096-3D21-4FCD-8738-4A2EE246D6C4}.Release|x86.Build.0 = Release|Win32
		{D1B62180-1D5B-47B5-A25D-5C43989936F7}.Debug|x64.ActiveCfg = Debug|x64
		{D1B62180-1D5B-47B5-A25D-5C43989936F7}.Debug|x64.Build.0 = Debug|x64
		{D1B62180-1D5B-47B5-A25D-5C43989936F7}.Debug|x86.ActiveCfg = Debug|Win32
		{D1B62180-1D5B-47B5-A25D-5C43989936F7}.Debug|x86.Build.0 = Debug|Win32
		{D1B62180-1D5B-47B5-A25D-5C43989936F7}.Release|x64.ActiveCfg = Release|x64
		{D1B62180-1D5B-47B5-A25D-5C43989936F7}.Release|x64.Build.0 = Release|x64
		{D1B62180-1D5B-47B5-A25D-5C43989936F7}.Release|x86.ActiveCfg = Release|Win32
		{D1B62180-1D5B-47B5-A25D-5C43989936F7}.Release|x86.Build.0 = Release|Win32
		{7CEE06C8-B462-45D2-9F52-1E372FF15BBD}.Debug|x64.ActiveCfg = Debug|x64
		{7CEE06C8-B462-45D2-9F52-1E372FF15BBD}.Debug|x64.Build.0 = Debug|x64
		{7CEE06C8-B462-45D2-9F52-1E372FF15BBD}.Debug|x86.ActiveCfg = Debug|Win32
		{7CEE06C8-B462-45D2-9F52-1E372FF15BBD}.Debug|x86.Build.0 = Debug|Win32
		{7CEE06C8-B462-45D2-9F52-1E372FF15BBD}.Release|x64.ActiveCfg = Release|x64
		{7CEE06C8-B462-45D2-9F52-1E372FF15BBD}.Release|x64.Build.0 = Release|x64
		{7CEE06C8-B462-45D2-9F52-1E372FF15BBD}.Release|x86.ActiveCfg = Release|Win32
		{7CEE06C8-B462-45D2-9F52-1E372FF15BBD}.Release|x86.Build.0 = Release|Win32
		{2A4C760F-0535-4415-8CF4-C9A71C8B4308}.Debug|x64.ActiveCfg = Debug|x64
		{2A4C760F-0535-4415-8CF4-C9A71C8B4308}.Debug|x64.Build.0 = Debug|x64
		{2A4C760F-0535-4415-8CF4-C9A71C8B4308}.Debug|x86.ActiveCfg = Debug|Win32
		{2A4C760F-0535-4415-8CF4-C9A71C8B4308}.Debug|x86.Build.0 = Debug|Win32
		{2A4C760F-0535-4415-8CF4-C9A71C8B4308}.Release|x64.ActiveCfg = Release|x64
		{2A4C760F-0535-4415-8CF4-C9A71C8B4308}.Release|x64.Build.0 = Release|x64
		{2A4C760F-0535-4415-8CF4-C9A71C8B4308}.Release|x86.ActiveCfg = Release|Win32
		{2A4C760F-0535-4415-8CF4-C9A71C8B4308}.Release|x86.Build.0 = Release|Win32
	EndGlobalSection
	GlobalSection(SolutionProperties) = preSolution
		HideSolutionNode = FALSE
	EndGlobalSection
EndGlobal
