
Microsoft Visual Studio Solution File, Format Version 12.00
# Visual Studio 14
VisualStudioVersion = 14.0.25420.1
MinimumVisualStudioVersion = 10.0.40219.1
Project("{8BC9CEB8-8B4A-11D0-8D11-00A0C91BC942}") = "Zadatak01", "Zadatak01\Zadatak01.vcxproj", "{8E55642B-A5B1-43E1-A7BB-B2875E583E4E}"
EndProject
Project("{8BC9CEB8-8B4A-11D0-8D11-00A0C91BC942}") = "Zadatak02", "Zadatak02\Zadatak02.vcxproj", "{91A86153-8997-46DB-859E-3DA50DD568B8}"
EndProject
Project("{8BC9CEB8-8B4A-11D0-8D11-00A0C91BC942}") = "Zadatak03", "Zadatak03\Zadatak03.vcxproj", "{4E25A141-51F4-4323-9421-E1E2128BF68D}"
EndProject
Project("{8BC9CEB8-8B4A-11D0-8D11-00A0C91BC942}") = "Zadatak04", "Zadatak04\Zadatak04.vcxproj", "{76A2B7C5-66DF-4CBF-98C5-6EA1241DB7BA}"
EndProject
Project("{8BC9CEB8-8B4A-11D0-8D11-00A0C91BC942}") = "Zadatak05", "Zadatak05\Zadatak05.vcxproj", "{28A289AB-E94D-4E2A-8CC2-9872C678291B}"
EndProject
Project("{8BC9CEB8-8B4A-11D0-8D11-00A0C91BC942}") = "Zadatak06", "Zadatak06\Zadatak06.vcxproj", "{36F17EBF-CEC0-49F6-98EB-B5905C154C41}"
EndProject
Project("{8BC9CEB8-8B4A-11D0-8D11-00A0C91BC942}") = "Zadatak07", "Zadatak07\Zadatak07.vcxproj", "{87B6766B-BD02-4903-AE7D-819CA2E86C82}"
EndProject
Project("{8BC9CEB8-8B4A-11D0-8D11-00A0C91BC942}") = "Zadatak08", "Zadatak08\Zadatak08.vcxproj", "{86074FF9-F7D5-428E-AD8B-E2BAF8BC43DF}"
EndProject
Project("{8BC9CEB8-8B4A-11D0-8D11-00A0C91BC942}") = "Zadatak09", "Zadatak09\Zadatak09.vcxproj", "{2162FDE6-4A69-42F6-A92A-5D4EE2A42764}"
EndProject
Project("{8BC9CEB8-8B4A-11D0-8D11-00A0C91BC942}") = "Zadatak10", "Zadatak10\Zadatak10.vcxproj", "{976B7022-513C-4E54-9DEF-D2F3C180DA00}"
EndProject
Project("{8BC9CEB8-8B4A-11D0-8D11-00A0C91BC942}") = "Zadatak11", "Zadatak11\Zadatak11.vcxproj", "{83E8F6D4-2189-46DA-91F2-E8C1886AA0C5}"
EndProject
Project("{8BC9CEB8-8B4A-11D0-8D11-00A0C91BC942}") = "Zadatak12", "Zadatak12\Zadatak12.vcxproj", "{577491A3-3E21-420E-B89E-BACD94C25FD2}"
EndProject
Project("{8BC9CEB8-8B4A-11D0-8D11-00A0C91BC942}") = "Zadatak13", "Zadatak13\Zadatak13.vcxproj", "{10D263B7-2156-41D5-890B-9EA629A6743E}"
EndProject
Project("{8BC9CEB8-8B4A-11D0-8D11-00A0C91BC942}") = "Zadatak14", "Zadatak14\Zadatak14.vcxproj", "{D109CB06-7DAD-4F31-A4F5-8D49E8DAAD94}"
EndProject
Project("{8BC9CEB8-8B4A-11D0-8D11-00A0C91BC942}") = "Zadatak15", "Zadatak15\Zadatak15.vcxproj", "{6333D736-4361-4F6F-A5D9-F38C3640BC1D}"
EndProject
Project("{8BC9CEB8-8B4A-11D0-8D11-00A0C91BC942}") = "Zadatak16", "Zadatak16\Zadatak16.vcxproj", "{90EF97E4-A4F3-4015-BEAC-EC652680AD99}"
EndProject
Project("{8BC9CEB8-8B4A-11D0-8D11-00A0C91BC942}") = "Zadatak17", "Zadatak17\Zadatak17.vcxproj", "{2DAA1A7A-C5BB-4A50-A75A-EB7D7507AA67}"
EndProject
Project("{8BC9CEB8-8B4A-11D0-8D11-00A0C91BC942}") = "Zadatak18", "Zadatak18\Zadatak18.vcxproj", "{B8853E4F-7048-406C-812C-032E2261E1AF}"
EndProject
Project("{8BC9CEB8-8B4A-11D0-8D11-00A0C91BC942}") = "Zadatak19", "Zadatak19\Zadatak19.vcxproj", "{C36B3693-071F-42AA-AFF7-B7861CE9AED6}"
EndProject
Project("{8BC9CEB8-8B4A-11D0-8D11-00A0C91BC942}") = "Zadatak20", "Zadatak20\Zadatak20.vcxproj", "{C0FF86AA-3F52-42C5-9BEB-50972341634E}"
EndProject
Project("{8BC9CEB8-8B4A-11D0-8D11-00A0C91BC942}") = "Zadatak21", "Zadatak21\Zadatak21.vcxproj", "{BAADE0E2-C20D-4C42-B11C-E150C44C1017}"
EndProject
Project("{8BC9CEB8-8B4A-11D0-8D11-00A0C91BC942}") = "Zadatak22", "Zadatak22\Zadatak22.vcxproj", "{4D28A5B2-7D3F-426C-A5E0-683C5AC72592}"
EndProject
Project("{8BC9CEB8-8B4A-11D0-8D11-00A0C91BC942}") = "Zadatak23", "Zadatak23\Zadatak23.vcxproj", "{E4890A60-58BB-4EDF-98A0-D66F81170517}"
EndProject
Project("{8BC9CEB8-8B4A-11D0-8D11-00A0C91BC942}") = "Zadatak24", "Zadatak24\Zadatak24.vcxproj", "{547A062A-56EC-4389-91FC-BB33BAF60861}"
EndProject
Project("{8BC9CEB8-8B4A-11D0-8D11-00A0C91BC942}") = "Zadatak25", "Zadatak25\Zadatak25.vcxproj", "{682EC604-A9FE-42F7-A2D2-8B1FB08AD5D3}"
EndProject
Project("{8BC9CEB8-8B4A-11D0-8D11-00A0C91BC942}") = "Zadatak26", "Zadatak26\Zadatak26.vcxproj", "{C0DF999B-8A67-4237-A7B6-26B3F6E7E0E6}"
EndProject
Project("{8BC9CEB8-8B4A-11D0-8D11-00A0C91BC942}") = "Zadatak27", "Zadatak27\Zadatak27.vcxproj", "{181B13F6-0847-46C9-BB79-967F146FF08F}"
EndProject
Project("{8BC9CEB8-8B4A-11D0-8D11-00A0C91BC942}") = "Zadatak28", "Zadatak28\Zadatak28.vcxproj", "{E0B31B02-479C-41E6-8ACC-A82C1761733D}"
EndProject
Project("{8BC9CEB8-8B4A-11D0-8D11-00A0C91BC942}") = "Zadatak29", "Zadatak29\Zadatak29.vcxproj", "{D6C226C6-E43D-4EF7-B799-E8A76FF98283}"
EndProject
Project("{8BC9CEB8-8B4A-11D0-8D11-00A0C91BC942}") = "Zadatak30", "Zadatak30\Zadatak30.vcxproj", "{7BB476A9-64D9-4974-BA0A-4CC6E9233B46}"
EndProject
Project("{8BC9CEB8-8B4A-11D0-8D11-00A0C91BC942}") = "Zadatak31", "Zadatak31\Zadatak31.vcxproj", "{F2864831-40FA-4233-B5AE-DAEC5BB5E25F}"
EndProject
Project("{8BC9CEB8-8B4A-11D0-8D11-00A0C91BC942}") = "Zadatak32", "Zadatak32\Zadatak32.vcxproj", "{70198861-031E-4073-BD56-2003A78D0C4B}"
EndProject
Project("{8BC9CEB8-8B4A-11D0-8D11-00A0C91BC942}") = "Zadatak33", "Zadatak33\Zadatak33.vcxproj", "{827496B2-B5E7-45C4-B398-5D48A8E9C2C9}"
EndProject
Project("{8BC9CEB8-8B4A-11D0-8D11-00A0C91BC942}") = "Zadatak34", "Zadatak34\Zadatak34.vcxproj", "{0DE9F6E4-21AF-410E-BBA7-27B011298EF6}"
EndProject
Project("{8BC9CEB8-8B4A-11D0-8D11-00A0C91BC942}") = "Zadatak35", "Zadatak35\Zadatak35.vcxproj", "{608EFB5E-DAA9-4425-9141-CBC79F61BCF4}"
EndProject
Project("{8BC9CEB8-8B4A-11D0-8D11-00A0C91BC942}") = "Zadatak36", "Zadatak36\Zadatak36.vcxproj", "{4AE52F4F-5B3C-40F2-8C4C-EF7FBA984FE9}"
EndProject
Project("{8BC9CEB8-8B4A-11D0-8D11-00A0C91BC942}") = "Zadatak37", "Zadatak37\Zadatak37.vcxproj", "{DBBF037E-6AC3-4C85-9261-BF0BB98535A7}"
EndProject
Project("{8BC9CEB8-8B4A-11D0-8D11-00A0C91BC942}") = "Zadatak38", "Zadatak38\Zadatak38.vcxproj", "{8F04437F-BCB4-4BCA-AAB0-84343C40A9F6}"
EndProject
Project("{8BC9CEB8-8B4A-11D0-8D11-00A0C91BC942}") = "Zadatak39", "Zadatak39\Zadatak39.vcxproj", "{00452275-CECC-462C-A376-BFAB49D82848}"
EndProject
Project("{8BC9CEB8-8B4A-11D0-8D11-00A0C91BC942}") = "Zadatak40", "Zadatak40\Zadatak40.vcxproj", "{25692D64-89D8-4EC6-ADF3-2155385024F1}"
EndProject
Project("{8BC9CEB8-8B4A-11D0-8D11-00A0C91BC942}") = "Zadatak41", "Zadatak41\Zadatak41.vcxproj", "{B2BE32B2-FAB9-40E6-B5C3-89CFB5A65460}"
EndProject
Project("{8BC9CEB8-8B4A-11D0-8D11-00A0C91BC942}") = "Zadatak42", "Zadatak42\Zadatak42.vcxproj", "{DE735443-64DF-4783-8BE8-B7B3756B8E7A}"
EndProject
Project("{8BC9CEB8-8B4A-11D0-8D11-00A0C91BC942}") = "Zadatak43", "Zadatak43\Zadatak43.vcxproj", "{E16A77CF-F423-401D-BF0A-62DA0116CEAA}"
EndProject
Project("{8BC9CEB8-8B4A-11D0-8D11-00A0C91BC942}") = "Zadatak44", "Zadatak44\Zadatak44.vcxproj", "{4ED2B1DB-3B84-4CCE-BEAB-4E96A1B07E1E}"
EndProject
Project("{8BC9CEB8-8B4A-11D0-8D11-00A0C91BC942}") = "Zadatak45", "Zadatak45\Zadatak45.vcxproj", "{12D3B1B0-89F2-4E0B-8A2D-8B50BCB68D19}"
EndProject
Project("{8BC9CEB8-8B4A-11D0-8D11-00A0C91BC942}") = "Zadatak46", "Zadatak46\Zadatak46.vcxproj", "{E564FFBB-70F0-415A-8E98-AEEF88E1124C}"
EndProject
Project("{8BC9CEB8-8B4A-11D0-8D11-00A0C91BC942}") = "Zadatak47", "Zadatak47\Zadatak47.vcxproj", "{1651CAAA-A6B9-4ED7-BBF7-90A7D2E06562}"
EndProject
Project("{8BC9CEB8-8B4A-11D0-8D11-00A0C91BC942}") = "Zadatak48", "Zadatak48\Zadatak48.vcxproj", "{0A48438C-107C-40B4-A83E-E9EFC14DDBEF}"
EndProject
Project("{8BC9CEB8-8B4A-11D0-8D11-00A0C91BC942}") = "Zadatak49", "Zadatak49\Zadatak49.vcxproj", "{8E347215-2489-4535-BDD0-A53960E841F9}"
EndProject
Project("{8BC9CEB8-8B4A-11D0-8D11-00A0C91BC942}") = "Zadatak50", "Zadatak50\Zadatak50.vcxproj", "{7C711A8C-9BFD-4A05-AE28-A734BF70A459}"
EndProject
Project("{8BC9CEB8-8B4A-11D0-8D11-00A0C91BC942}") = "Zadatak51", "Zadatak51\Zadatak51.vcxproj", "{81A1ADF3-EDD5-4EEB-A4EA-DF45A8B165C8}"
EndProject
Project("{8BC9CEB8-8B4A-11D0-8D11-00A0C91BC942}") = "Zadatak52", "Zadatak52\Zadatak52.vcxproj", "{1787178C-2E4E-47B6-BE79-CAED77C590F0}"
EndProject
Project("{8BC9CEB8-8B4A-11D0-8D11-00A0C91BC942}") = "Zadatak53", "Zadatak53\Zadatak53.vcxproj", "{27D2F2AE-B2E0-4E19-995D-8ADF41025C6A}"
EndProject
Project("{8BC9CEB8-8B4A-11D0-8D11-00A0C91BC942}") = "Zadatak54", "Zadatak54\Zadatak54.vcxproj", "{B4E30DBF-F18C-4B7A-961A-4BDEC57AA634}"
EndProject
Project("{8BC9CEB8-8B4A-11D0-8D11-00A0C91BC942}") = "Zadatak55", "Zadatak55\Zadatak55.vcxproj", "{7FA9DC20-A23A-426C-9F62-7124C9A7BC7C}"
EndProject
Project("{8BC9CEB8-8B4A-11D0-8D11-00A0C91BC942}") = "Zadatak56", "Zadatak56\Zadatak56.vcxproj", "{D5B664B3-2150-4DF4-A7D0-7626DF4F59AA}"
EndProject
Project("{8BC9CEB8-8B4A-11D0-8D11-00A0C91BC942}") = "Zadatak57", "Zadatak57\Zadatak57.vcxproj", "{AEBC6736-22B8-40F8-BD70-4EBF0DCC2714}"
EndProject
Project("{8BC9CEB8-8B4A-11D0-8D11-00A0C91BC942}") = "Zadatak58", "Zadatak58\Zadatak58.vcxproj", "{41F3003C-5A67-4AC7-A5DE-BBD7466AA342}"
EndProject
Project("{8BC9CEB8-8B4A-11D0-8D11-00A0C91BC942}") = "Zadatak59", "Zadatak59\Zadatak59.vcxproj", "{5627817A-45C4-43CA-AF65-A90AEF819E6D}"
EndProject
Project("{8BC9CEB8-8B4A-11D0-8D11-00A0C91BC942}") = "Zadatak60", "Zadatak60\Zadatak60.vcxproj", "{67B0114A-4A0D-4224-B8A9-31997C495DAD}"
EndProject
Project("{8BC9CEB8-8B4A-11D0-8D11-00A0C91BC942}") = "Zadatak61", "Zadatak61\Zadatak61.vcxproj", "{4FD401E3-583B-4D47-B20C-E6F661C1A67C}"
EndProject
Project("{8BC9CEB8-8B4A-11D0-8D11-00A0C91BC942}") = "Zadatak62", "Zadatak62\Zadatak62.vcxproj", "{41AEBA92-1784-4719-964F-038A6D1FC180}"
EndProject
Project("{8BC9CEB8-8B4A-11D0-8D11-00A0C91BC942}") = "Zadatak63", "Zadatak63\Zadatak63.vcxproj", "{12660411-7B1F-4CA6-95BC-55B1196F2A95}"
EndProject
Project("{8BC9CEB8-8B4A-11D0-8D11-00A0C91BC942}") = "Zadatak64", "Zadatak64\Zadatak64.vcxproj", "{16963A47-FB2B-4BC1-9F43-4C6F01C7043A}"
EndProject
Project("{8BC9CEB8-8B4A-11D0-8D11-00A0C91BC942}") = "Zadatak65", "Zadatak65\Zadatak65.vcxproj", "{04E4EAD1-7CDB-4259-B082-BCF7E441C873}"
EndProject
Project("{8BC9CEB8-8B4A-11D0-8D11-00A0C91BC942}") = "Zadatak66", "Zadatak66\Zadatak66.vcxproj", "{8F7CA138-1F2B-4FD5-B53A-6C3AA32DF589}"
EndProject
Project("{8BC9CEB8-8B4A-11D0-8D11-00A0C91BC942}") = "Zadatak71a", "Zadatak71a\Zadatak71a.vcxproj", "{B8B4DE27-319E-480E-9DD0-C841DD91A79D}"
EndProject
Project("{8BC9CEB8-8B4A-11D0-8D11-00A0C91BC942}") = "Zadatak71b", "Zadatak71b\Zadatak71b.vcxproj", "{09BBCE3D-F98C-4C42-8FC4-7F223A240751}"
EndProject
Project("{8BC9CEB8-8B4A-11D0-8D11-00A0C91BC942}") = "Zadatak72", "Zadatak72\Zadatak72.vcxproj", "{6F0B7ABD-4E62-4A99-9615-E188239478CB}"
EndProject
Project("{8BC9CEB8-8B4A-11D0-8D11-00A0C91BC942}") = "Zadatak73", "Zadatak73\Zadatak73.vcxproj", "{BB979AD6-1261-44C2-95FD-4D33FC876B67}"
EndProject
Project("{8BC9CEB8-8B4A-11D0-8D11-00A0C91BC942}") = "Zadatak74", "Zadatak74\Zadatak74.vcxproj", "{6725F238-D39F-4E5F-9262-D028053B2426}"
EndProject
Project("{8BC9CEB8-8B4A-11D0-8D11-00A0C91BC942}") = "Zadatak75", "Zadatak75\Zadatak75.vcxproj", "{1BA85FD0-BEEC-4872-A9E6-182882D00B79}"
EndProject
Project("{8BC9CEB8-8B4A-11D0-8D11-00A0C91BC942}") = "Zadatak76", "Zadatak76\Zadatak76.vcxproj", "{97A1A11C-AC73-4733-9427-F7DD637C19EF}"
EndProject
Project("{8BC9CEB8-8B4A-11D0-8D11-00A0C91BC942}") = "Zadatak77", "Zadatak77\Zadatak77.vcxproj", "{DF134B6E-72E4-48D5-97DC-D1EFA8EAF7D9}"
EndProject
Project("{8BC9CEB8-8B4A-11D0-8D11-00A0C91BC942}") = "Zadatak78", "Zadatak78\Zadatak78.vcxproj", "{B316AE89-FB7D-483F-A66F-4C62C9DAD918}"
EndProject
Project("{8BC9CEB8-8B4A-11D0-8D11-00A0C91BC942}") = "Zadatak79", "Zadatak79\Zadatak79.vcxproj", "{5AC78DBA-A9F2-4F88-B1FB-AD290A7E3D7C}"
EndProject
Project("{8BC9CEB8-8B4A-11D0-8D11-00A0C91BC942}") = "Zadatak80", "Zadatak80\Zadatak80.vcxproj", "{52089F9C-5549-4D9D-9B64-6E85F6E93D88}"
EndProject
Project("{8BC9CEB8-8B4A-11D0-8D11-00A0C91BC942}") = "Zadatak81", "Zadatak81\Zadatak81.vcxproj", "{037EEC97-3952-456F-93A3-260E3E1D5D83}"
EndProject
Project("{8BC9CEB8-8B4A-11D0-8D11-00A0C91BC942}") = "Zadatak82", "Zadatak82\Zadatak82.vcxproj", "{835C0A2D-69DD-40E3-BFBD-23D05A7F9BDF}"
EndProject
Project("{8BC9CEB8-8B4A-11D0-8D11-00A0C91BC942}") = "Zadatak83", "Zadatak83\Zadatak83.vcxproj", "{61AA52E4-5E30-4E53-8383-40C2B1C20DAB}"
EndProject
Project("{8BC9CEB8-8B4A-11D0-8D11-00A0C91BC942}") = "Zadatak84", "Zadatak84\Zadatak84.vcxproj", "{82DB2088-6431-436A-B23B-ECEFC1921ED8}"
EndProject
Project("{8BC9CEB8-8B4A-11D0-8D11-00A0C91BC942}") = "Zadatak85", "Zadatak85\Zadatak85.vcxproj", "{EFAFAF92-6912-4E6B-884D-3D1E2A496EB6}"
EndProject
Project("{8BC9CEB8-8B4A-11D0-8D11-00A0C91BC942}") = "Zadatak86", "Zadatak86\Zadatak86.vcxproj", "{D67B663C-DEA5-4AD5-A745-5984102C5DD3}"
EndProject
Project("{8BC9CEB8-8B4A-11D0-8D11-00A0C91BC942}") = "Zadatak88", "Zadatak88\Zadatak88.vcxproj", "{0E39CC3C-635E-4434-A3E6-63AA2EF1787B}"
EndProject
Project("{8BC9CEB8-8B4A-11D0-8D11-00A0C91BC942}") = "Zadatak89", "Zadatak89\Zadatak89.vcxproj", "{8A3B9BFA-A537-4AB6-B87E-679A644AA416}"
EndProject
Project("{8BC9CEB8-8B4A-11D0-8D11-00A0C91BC942}") = "Zadatak90", "Zadatak90\Zadatak90.vcxproj", "{7B9AF702-924D-40F2-9E2C-C748B6F6AB0E}"
EndProject
Project("{8BC9CEB8-8B4A-11D0-8D11-00A0C91BC942}") = "Zadatak91", "Zadatak91\Zadatak91.vcxproj", "{E1207834-1EA6-4D6E-9315-04CCFD89C7CD}"
EndProject
Project("{8BC9CEB8-8B4A-11D0-8D11-00A0C91BC942}") = "Zadatak92", "Zadatak92\Zadatak92.vcxproj", "{8F3EF5B2-E6C6-494B-AA01-D906A1CB66B1}"
EndProject
Project("{8BC9CEB8-8B4A-11D0-8D11-00A0C91BC942}") = "Zadatak93a", "Zadatak93a\Zadatak93a.vcxproj", "{50871C1E-B2F7-4608-8411-DAB6BB2F933B}"
EndProject
Project("{8BC9CEB8-8B4A-11D0-8D11-00A0C91BC942}") = "Zadatak93b", "Zadatak93b\Zadatak93b.vcxproj", "{30E5E5D6-4E9A-4CA1-A0CB-6398AA084225}"
EndProject
Project("{8BC9CEB8-8B4A-11D0-8D11-00A0C91BC942}") = "Zadatak94", "Zadatak94\Zadatak94.vcxproj", "{C977986E-773A-4300-9746-DD2C4281300F}"
EndProject
Project("{8BC9CEB8-8B4A-11D0-8D11-00A0C91BC942}") = "Zadatak95", "Zadatak95\Zadatak95.vcxproj", "{F4EFD3A9-6EA2-4119-A7AB-26C03E611D18}"
EndProject
Project("{8BC9CEB8-8B4A-11D0-8D11-00A0C91BC942}") = "Zadatak96", "Zadatak96\Zadatak96.vcxproj", "{343DE5A5-A67C-4E7C-AC55-30C8972DFC62}"
EndProject
Project("{8BC9CEB8-8B4A-11D0-8D11-00A0C91BC942}") = "Zadatak97", "Zadatak97\Zadatak97.vcxproj", "{67F90DCD-8F9C-4130-8595-07B86DB49116}"
EndProject
Project("{8BC9CEB8-8B4A-11D0-8D11-00A0C91BC942}") = "Zadatak100", "Zadatak100\Zadatak100.vcxproj", "{E0B3B8B6-1077-4D8E-8FED-88BE24FC3B5D}"
EndProject
Project("{8BC9CEB8-8B4A-11D0-8D11-00A0C91BC942}") = "Zadatak101", "Zadatak101\Zadatak101.vcxproj", "{CD3C0054-1F45-4A4C-840D-3405CBE30B1D}"
EndProject
Project("{8BC9CEB8-8B4A-11D0-8D11-00A0C91BC942}") = "Zadatak102", "Zadatak102\Zadatak102.vcxproj", "{D8E8739A-0E5D-4247-B8D1-193B0DBEF26C}"
EndProject
Project("{8BC9CEB8-8B4A-11D0-8D11-00A0C91BC942}") = "Zadatak103", "Zadatak103\Zadatak103.vcxproj", "{73909347-B426-44C1-873F-0D77D6AEB5E7}"
EndProject
Project("{8BC9CEB8-8B4A-11D0-8D11-00A0C91BC942}") = "Zadatak104", "Zadatak104\Zadatak104.vcxproj", "{1F4E50FC-8E91-4C7E-95A3-0815864044D5}"
EndProject
Project("{8BC9CEB8-8B4A-11D0-8D11-00A0C91BC942}") = "Zadatak105", "Zadatak105\Zadatak105.vcxproj", "{5E64D1A3-B4DC-42F1-B7DF-9E62AB2232A8}"
EndProject
Project("{8BC9CEB8-8B4A-11D0-8D11-00A0C91BC942}") = "Zadatak106", "Zadatak106\Zadatak106.vcxproj", "{2D9E87F7-FB8E-4EC4-A927-EFFA3F2AF25E}"
EndProject
Project("{8BC9CEB8-8B4A-11D0-8D11-00A0C91BC942}") = "Zadatak107", "Zadatak107\Zadatak107.vcxproj", "{C005C90D-44A5-4CE3-B366-0E3AE3E44D67}"
EndProject
Project("{8BC9CEB8-8B4A-11D0-8D11-00A0C91BC942}") = "Zadatak108", "Zadatak108\Zadatak108.vcxproj", "{55FEC8A4-C919-4BFC-A73A-DBB46E972C75}"
EndProject
Project("{8BC9CEB8-8B4A-11D0-8D11-00A0C91BC942}") = "Zadatak109", "Zadatak109\Zadatak109.vcxproj", "{424FD365-F041-4F03-8090-FE619E282248}"
EndProject
Project("{8BC9CEB8-8B4A-11D0-8D11-00A0C91BC942}") = "Zadatak110", "Zadatak110\Zadatak110.vcxproj", "{C093BEFE-AD4C-4DE2-8EF4-02EB36EE3C18}"
EndProject
Project("{8BC9CEB8-8B4A-11D0-8D11-00A0C91BC942}") = "Zadatak111", "Zadatak111\Zadatak111.vcxproj", "{4B4D411F-6B08-4F46-BD77-DBB8A3DEC33D}"
EndProject
Project("{8BC9CEB8-8B4A-11D0-8D11-00A0C91BC942}") = "Zadatak112", "Zadatak112\Zadatak112.vcxproj", "{56490D8F-FAD7-413A-937C-C5ED25BF5B63}"
EndProject
Project("{8BC9CEB8-8B4A-11D0-8D11-00A0C91BC942}") = "Zadatak113", "Zadatak113\Zadatak113.vcxproj", "{83086CD1-DBB3-4E12-9A3B-B12886D6B4F2}"
EndProject
Project("{8BC9CEB8-8B4A-11D0-8D11-00A0C91BC942}") = "Zadatak114", "Zadatak114\Zadatak114.vcxproj", "{0996ADAC-4F95-4F5C-9E69-D52F65324209}"
EndProject
Project("{8BC9CEB8-8B4A-11D0-8D11-00A0C91BC942}") = "Zadatak115", "Zadatak115\Zadatak115.vcxproj", "{D30EFD46-5A02-4FC3-8601-48C0FC4C2CE4}"
EndProject
Project("{8BC9CEB8-8B4A-11D0-8D11-00A0C91BC942}") = "Zadatak116", "Zadatak116\Zadatak116.vcxproj", "{E5EB0169-C664-41CF-9B23-00C0114C8640}"
EndProject
Project("{8BC9CEB8-8B4A-11D0-8D11-00A0C91BC942}") = "Zadatak117", "Zadatak117\Zadatak117.vcxproj", "{F8B587CA-E9AD-4D3F-896E-91AEA0ABFF89}"
EndProject
Project("{8BC9CEB8-8B4A-11D0-8D11-00A0C91BC942}") = "Zadatak118", "Zadatak118\Zadatak118.vcxproj", "{54FF7ED8-CEC8-44AA-8DC2-720C629A280D}"
EndProject
Project("{8BC9CEB8-8B4A-11D0-8D11-00A0C91BC942}") = "Zadatak119", "Zadatak119\Zadatak119.vcxproj", "{F8F323D4-E05B-4FB0-BB50-B2F1E40DDCCC}"
EndProject
Project("{8BC9CEB8-8B4A-11D0-8D11-00A0C91BC942}") = "Zadatak120", "Zadatak120\Zadatak120.vcxproj", "{D969B704-2B11-4FF9-AD69-5BE2D7A6EB44}"
EndProject
Project("{8BC9CEB8-8B4A-11D0-8D11-00A0C91BC942}") = "Zadatak121", "Zadatak121\Zadatak121.vcxproj", "{7235324C-E34D-474A-B664-7F968BC44063}"
EndProject
Project("{8BC9CEB8-8B4A-11D0-8D11-00A0C91BC942}") = "Zadatak122", "Zadatak122\Zadatak122.vcxproj", "{8225A2F9-6BFF-4CB8-8A29-44EFA4492F81}"
EndProject
Project("{8BC9CEB8-8B4A-11D0-8D11-00A0C91BC942}") = "Zadatak123", "Zadatak123\Zadatak123.vcxproj", "{2A0C942F-B4A5-4D2F-9E60-194EEE9CAF4F}"
EndProject
Project("{8BC9CEB8-8B4A-11D0-8D11-00A0C91BC942}") = "Zadatak124", "Zadatak124\Zadatak124.vcxproj", "{809E0619-FBF4-4608-85DC-C5599934DB8F}"
EndProject
Project("{8BC9CEB8-8B4A-11D0-8D11-00A0C91BC942}") = "Zadatak125", "Zadatak125\Zadatak125.vcxproj", "{72123F2E-CB66-42C8-86E8-0799912A5B80}"
EndProject
Project("{8BC9CEB8-8B4A-11D0-8D11-00A0C91BC942}") = "Zadatak126", "Zadatak126\Zadatak126.vcxproj", "{071085B3-E3FF-4C6D-829F-4DFC6565D44F}"
EndProject
Project("{8BC9CEB8-8B4A-11D0-8D11-00A0C91BC942}") = "Zadatak127", "Zadatak127\Zadatak127.vcxproj", "{4373B819-1C38-4C0E-AF3E-51D2F37F1D30}"
EndProject
Project("{8BC9CEB8-8B4A-11D0-8D11-00A0C91BC942}") = "Zadatak128", "Zadatak128\Zadatak128.vcxproj", "{31132803-DDA0-49B3-A696-4DED95F47784}"
EndProject
Project("{8BC9CEB8-8B4A-11D0-8D11-00A0C91BC942}") = "Zadatak129", "Zadatak129\Zadatak129.vcxproj", "{983FF085-E80A-48D1-91CA-1822D0BFB11D}"
EndProject
Project("{8BC9CEB8-8B4A-11D0-8D11-00A0C91BC942}") = "Zadatak130", "Zadatak130\Zadatak130.vcxproj", "{B8A66F53-6BA5-42D6-A2B7-82AB84B35328}"
EndProject
Project("{8BC9CEB8-8B4A-11D0-8D11-00A0C91BC942}") = "Zadatak131", "Zadatak131\Zadatak131.vcxproj", "{4935DAD7-D950-433B-B50E-7E7559205E5E}"
EndProject
Project("{8BC9CEB8-8B4A-11D0-8D11-00A0C91BC942}") = "Zadatak132", "Zadatak132\Zadatak132.vcxproj", "{24991DC9-3A9D-4B25-9B0F-7DBF15575FD9}"
EndProject
Project("{8BC9CEB8-8B4A-11D0-8D11-00A0C91BC942}") = "Zadatak133", "Zadatak133\Zadatak133.vcxproj", "{58E0CDE4-10FE-44C1-A45A-0542528CDA86}"
EndProject
Project("{8BC9CEB8-8B4A-11D0-8D11-00A0C91BC942}") = "Zadatak134", "Zadatak134\Zadatak134.vcxproj", "{FBCA212C-A117-43EC-8C74-EB51D969C73F}"
EndProject
Global
	GlobalSection(SolutionConfigurationPlatforms) = preSolution
		Debug|x64 = Debug|x64
		Debug|x86 = Debug|x86
		Release|x64 = Release|x64
		Release|x86 = Release|x86
	EndGlobalSection
	GlobalSection(ProjectConfigurationPlatforms) = postSolution
		{8E55642B-A5B1-43E1-A7BB-B2875E583E4E}.Debug|x64.ActiveCfg = Debug|x64
		{8E55642B-A5B1-43E1-A7BB-B2875E583E4E}.Debug|x64.Build.0 = Debug|x64
		{8E55642B-A5B1-43E1-A7BB-B2875E583E4E}.Debug|x86.ActiveCfg = Debug|Win32
		{8E55642B-A5B1-43E1-A7BB-B2875E583E4E}.Debug|x86.Build.0 = Debug|Win32
		{8E55642B-A5B1-43E1-A7BB-B2875E583E4E}.Release|x64.ActiveCfg = Release|x64
		{8E55642B-A5B1-43E1-A7BB-B2875E583E4E}.Release|x64.Build.0 = Release|x64
		{8E55642B-A5B1-43E1-A7BB-B2875E583E4E}.Release|x86.ActiveCfg = Release|Win32
		{8E55642B-A5B1-43E1-A7BB-B2875E583E4E}.Release|x86.Build.0 = Release|Win32
		{91A86153-8997-46DB-859E-3DA50DD568B8}.Debug|x64.ActiveCfg = Debug|x64
		{91A86153-8997-46DB-859E-3DA50DD568B8}.Debug|x64.Build.0 = Debug|x64
		{91A86153-8997-46DB-859E-3DA50DD568B8}.Debug|x86.ActiveCfg = Debug|Win32
		{91A86153-8997-46DB-859E-3DA50DD568B8}.Debug|x86.Build.0 = Debug|Win32
		{91A86153-8997-46DB-859E-3DA50DD568B8}.Release|x64.ActiveCfg = Release|x64
		{91A86153-8997-46DB-859E-3DA50DD568B8}.Release|x64.Build.0 = Release|x64
		{91A86153-8997-46DB-859E-3DA50DD568B8}.Release|x86.ActiveCfg = Release|Win32
		{91A86153-8997-46DB-859E-3DA50DD568B8}.Release|x86.Build.0 = Release|Win32
		{4E25A141-51F4-4323-9421-E1E2128BF68D}.Debug|x64.ActiveCfg = Debug|x64
		{4E25A141-51F4-4323-9421-E1E2128BF68D}.Debug|x64.Build.0 = Debug|x64
		{4E25A141-51F4-4323-9421-E1E2128BF68D}.Debug|x86.ActiveCfg = Debug|Win32
		{4E25A141-51F4-4323-9421-E1E2128BF68D}.Debug|x86.Build.0 = Debug|Win32
		{4E25A141-51F4-4323-9421-E1E2128BF68D}.Release|x64.ActiveCfg = Release|x64
		{4E25A141-51F4-4323-9421-E1E2128BF68D}.Release|x64.Build.0 = Release|x64
		{4E25A141-51F4-4323-9421-E1E2128BF68D}.Release|x86.ActiveCfg = Release|Win32
		{4E25A141-51F4-4323-9421-E1E2128BF68D}.Release|x86.Build.0 = Release|Win32
		{76A2B7C5-66DF-4CBF-98C5-6EA1241DB7BA}.Debug|x64.ActiveCfg = Debug|x64
		{76A2B7C5-66DF-4CBF-98C5-6EA1241DB7BA}.Debug|x64.Build.0 = Debug|x64
		{76A2B7C5-66DF-4CBF-98C5-6EA1241DB7BA}.Debug|x86.ActiveCfg = Debug|Win32
		{76A2B7C5-66DF-4CBF-98C5-6EA1241DB7BA}.Debug|x86.Build.0 = Debug|Win32
		{76A2B7C5-66DF-4CBF-98C5-6EA1241DB7BA}.Release|x64.ActiveCfg = Release|x64
		{76A2B7C5-66DF-4CBF-98C5-6EA1241DB7BA}.Release|x64.Build.0 = Release|x64
		{76A2B7C5-66DF-4CBF-98C5-6EA1241DB7BA}.Release|x86.ActiveCfg = Release|Win32
		{76A2B7C5-66DF-4CBF-98C5-6EA1241DB7BA}.Release|x86.Build.0 = Release|Win32
		{28A289AB-E94D-4E2A-8CC2-9872C678291B}.Debug|x64.ActiveCfg = Debug|x64
		{28A289AB-E94D-4E2A-8CC2-9872C678291B}.Debug|x64.Build.0 = Debug|x64
		{28A289AB-E94D-4E2A-8CC2-9872C678291B}.Debug|x86.ActiveCfg = Debug|Win32
		{28A289AB-E94D-4E2A-8CC2-9872C678291B}.Debug|x86.Build.0 = Debug|Win32
		{28A289AB-E94D-4E2A-8CC2-9872C678291B}.Release|x64.ActiveCfg = Release|x64
		{28A289AB-E94D-4E2A-8CC2-9872C678291B}.Release|x64.Build.0 = Release|x64
		{28A289AB-E94D-4E2A-8CC2-9872C678291B}.Release|x86.ActiveCfg = Release|Win32
		{28A289AB-E94D-4E2A-8CC2-9872C678291B}.Release|x86.Build.0 = Release|Win32
		{36F17EBF-CEC0-49F6-98EB-B5905C154C41}.Debug|x64.ActiveCfg = Debug|x64
		{36F17EBF-CEC0-49F6-98EB-B5905C154C41}.Debug|x64.Build.0 = Debug|x64
		{36F17EBF-CEC0-49F6-98EB-B5905C154C41}.Debug|x86.ActiveCfg = Debug|Win32
		{36F17EBF-CEC0-49F6-98EB-B5905C154C41}.Debug|x86.Build.0 = Debug|Win32
		{36F17EBF-CEC0-49F6-98EB-B5905C154C41}.Release|x64.ActiveCfg = Release|x64
		{36F17EBF-CEC0-49F6-98EB-B5905C154C41}.Release|x64.Build.0 = Release|x64
		{36F17EBF-CEC0-49F6-98EB-B5905C154C41}.Release|x86.ActiveCfg = Release|Win32
		{36F17EBF-CEC0-49F6-98EB-B5905C154C41}.Release|x86.Build.0 = Release|Win32
		{87B6766B-BD02-4903-AE7D-819CA2E86C82}.Debug|x64.ActiveCfg = Debug|x64
		{87B6766B-BD02-4903-AE7D-819CA2E86C82}.Debug|x64.Build.0 = Debug|x64
		{87B6766B-BD02-4903-AE7D-819CA2E86C82}.Debug|x86.ActiveCfg = Debug|Win32
		{87B6766B-BD02-4903-AE7D-819CA2E86C82}.Debug|x86.Build.0 = Debug|Win32
		{87B6766B-BD02-4903-AE7D-819CA2E86C82}.Release|x64.ActiveCfg = Release|x64
		{87B6766B-BD02-4903-AE7D-819CA2E86C82}.Release|x64.Build.0 = Release|x64
		{87B6766B-BD02-4903-AE7D-819CA2E86C82}.Release|x86.ActiveCfg = Release|Win32
		{87B6766B-BD02-4903-AE7D-819CA2E86C82}.Release|x86.Build.0 = Release|Win32
		{86074FF9-F7D5-428E-AD8B-E2BAF8BC43DF}.Debug|x64.ActiveCfg = Debug|x64
		{86074FF9-F7D5-428E-AD8B-E2BAF8BC43DF}.Debug|x64.Build.0 = Debug|x64
		{86074FF9-F7D5-428E-AD8B-E2BAF8BC43DF}.Debug|x86.ActiveCfg = Debug|Win32
		{86074FF9-F7D5-428E-AD8B-E2BAF8BC43DF}.Debug|x86.Build.0 = Debug|Win32
		{86074FF9-F7D5-428E-AD8B-E2BAF8BC43DF}.Release|x64.ActiveCfg = Release|x64
		{86074FF9-F7D5-428E-AD8B-E2BAF8BC43DF}.Release|x64.Build.0 = Release|x64
		{86074FF9-F7D5-428E-AD8B-E2BAF8BC43DF}.Release|x86.ActiveCfg = Release|Win32
		{86074FF9-F7D5-428E-AD8B-E2BAF8BC43DF}.Release|x86.Build.0 = Release|Win32
		{2162FDE6-4A69-42F6-A92A-5D4EE2A42764}.Debug|x64.ActiveCfg = Debug|x64
		{2162FDE6-4A69-42F6-A92A-5D4EE2A42764}.Debug|x64.Build.0 = Debug|x64
		{2162FDE6-4A69-42F6-A92A-5D4EE2A42764}.Debug|x86.ActiveCfg = Debug|Win32
		{2162FDE6-4A69-42F6-A92A-5D4EE2A42764}.Debug|x86.Build.0 = Debug|Win32
		{2162FDE6-4A69-42F6-A92A-5D4EE2A42764}.Release|x64.ActiveCfg = Release|x64
		{2162FDE6-4A69-42F6-A92A-5D4EE2A42764}.Release|x64.Build.0 = Release|x64
		{2162FDE6-4A69-42F6-A92A-5D4EE2A42764}.Release|x86.ActiveCfg = Release|Win32
		{2162FDE6-4A69-42F6-A92A-5D4EE2A42764}.Release|x86.Build.0 = Release|Win32
		{976B7022-513C-4E54-9DEF-D2F3C180DA00}.Debug|x64.ActiveCfg = Debug|x64
		{976B7022-513C-4E54-9DEF-D2F3C180DA00}.Debug|x64.Build.0 = Debug|x64
		{976B7022-513C-4E54-9DEF-D2F3C180DA00}.Debug|x86.ActiveCfg = Debug|Win32
		{976B7022-513C-4E54-9DEF-D2F3C180DA00}.Debug|x86.Build.0 = Debug|Win32
		{976B7022-513C-4E54-9DEF-D2F3C180DA00}.Release|x64.ActiveCfg = Release|x64
		{976B7022-513C-4E54-9DEF-D2F3C180DA00}.Release|x64.Build.0 = Release|x64
		{976B7022-513C-4E54-9DEF-D2F3C180DA00}.Release|x86.ActiveCfg = Release|Win32
		{976B7022-513C-4E54-9DEF-D2F3C180DA00}.Release|x86.Build.0 = Release|Win32
		{83E8F6D4-2189-46DA-91F2-E8C1886AA0C5}.Debug|x64.ActiveCfg = Debug|x64
		{83E8F6D4-2189-46DA-91F2-E8C1886AA0C5}.Debug|x64.Build.0 = Debug|x64
		{83E8F6D4-2189-46DA-91F2-E8C1886AA0C5}.Debug|x86.ActiveCfg = Debug|Win32
		{83E8F6D4-2189-46DA-91F2-E8C1886AA0C5}.Debug|x86.Build.0 = Debug|Win32
		{83E8F6D4-2189-46DA-91F2-E8C1886AA0C5}.Release|x64.ActiveCfg = Release|x64
		{83E8F6D4-2189-46DA-91F2-E8C1886AA0C5}.Release|x64.Build.0 = Release|x64
		{83E8F6D4-2189-46DA-91F2-E8C1886AA0C5}.Release|x86.ActiveCfg = Release|Win32
		{83E8F6D4-2189-46DA-91F2-E8C1886AA0C5}.Release|x86.Build.0 = Release|Win32
		{577491A3-3E21-420E-B89E-BACD94C25FD2}.Debug|x64.ActiveCfg = Debug|x64
		{577491A3-3E21-420E-B89E-BACD94C25FD2}.Debug|x64.Build.0 = Debug|x64
		{577491A3-3E21-420E-B89E-BACD94C25FD2}.Debug|x86.ActiveCfg = Debug|Win32
		{577491A3-3E21-420E-B89E-BACD94C25FD2}.Debug|x86.Build.0 = Debug|Win32
		{577491A3-3E21-420E-B89E-BACD94C25FD2}.Release|x64.ActiveCfg = Release|x64
		{577491A3-3E21-420E-B89E-BACD94C25FD2}.Release|x64.Build.0 = Release|x64
		{577491A3-3E21-420E-B89E-BACD94C25FD2}.Release|x86.ActiveCfg = Release|Win32
		{577491A3-3E21-420E-B89E-BACD94C25FD2}.Release|x86.Build.0 = Release|Win32
		{10D263B7-2156-41D5-890B-9EA629A6743E}.Debug|x64.ActiveCfg = Debug|x64
		{10D263B7-2156-41D5-890B-9EA629A6743E}.Debug|x64.Build.0 = Debug|x64
		{10D263B7-2156-41D5-890B-9EA629A6743E}.Debug|x86.ActiveCfg = Debug|Win32
		{10D263B7-2156-41D5-890B-9EA629A6743E}.Debug|x86.Build.0 = Debug|Win32
		{10D263B7-2156-41D5-890B-9EA629A6743E}.Release|x64.ActiveCfg = Release|x64
		{10D263B7-2156-41D5-890B-9EA629A6743E}.Release|x64.Build.0 = Release|x64
		{10D263B7-2156-41D5-890B-9EA629A6743E}.Release|x86.ActiveCfg = Release|Win32
		{10D263B7-2156-41D5-890B-9EA629A6743E}.Release|x86.Build.0 = Release|Win32
		{D109CB06-7DAD-4F31-A4F5-8D49E8DAAD94}.Debug|x64.ActiveCfg = Debug|x64
		{D109CB06-7DAD-4F31-A4F5-8D49E8DAAD94}.Debug|x64.Build.0 = Debug|x64
		{D109CB06-7DAD-4F31-A4F5-8D49E8DAAD94}.Debug|x86.ActiveCfg = Debug|Win32
		{D109CB06-7DAD-4F31-A4F5-8D49E8DAAD94}.Debug|x86.Build.0 = Debug|Win32
		{D109CB06-7DAD-4F31-A4F5-8D49E8DAAD94}.Release|x64.ActiveCfg = Release|x64
		{D109CB06-7DAD-4F31-A4F5-8D49E8DAAD94}.Release|x64.Build.0 = Release|x64
		{D109CB06-7DAD-4F31-A4F5-8D49E8DAAD94}.Release|x86.ActiveCfg = Release|Win32
		{D109CB06-7DAD-4F31-A4F5-8D49E8DAAD94}.Release|x86.Build.0 = Release|Win32
		{6333D736-4361-4F6F-A5D9-F38C3640BC1D}.Debug|x64.ActiveCfg = Debug|x64
		{6333D736-4361-4F6F-A5D9-F38C3640BC1D}.Debug|x64.Build.0 = Debug|x64
		{6333D736-4361-4F6F-A5D9-F38C3640BC1D}.Debug|x86.ActiveCfg = Debug|Win32
		{6333D736-4361-4F6F-A5D9-F38C3640BC1D}.Debug|x86.Build.0 = Debug|Win32
		{6333D736-4361-4F6F-A5D9-F38C3640BC1D}.Release|x64.ActiveCfg = Release|x64
		{6333D736-4361-4F6F-A5D9-F38C3640BC1D}.Release|x64.Build.0 = Release|x64
		{6333D736-4361-4F6F-A5D9-F38C3640BC1D}.Release|x86.ActiveCfg = Release|Win32
		{6333D736-4361-4F6F-A5D9-F38C3640BC1D}.Release|x86.Build.0 = Release|Win32
		{90EF97E4-A4F3-4015-BEAC-EC652680AD99}.Debug|x64.ActiveCfg = Debug|x64
		{90EF97E4-A4F3-4015-BEAC-EC652680AD99}.Debug|x64.Build.0 = Debug|x64
		{90EF97E4-A4F3-4015-BEAC-EC652680AD99}.Debug|x86.ActiveCfg = Debug|Win32
		{90EF97E4-A4F3-4015-BEAC-EC652680AD99}.Debug|x86.Build.0 = Debug|Win32
		{90EF97E4-A4F3-4015-BEAC-EC652680AD99}.Release|x64.ActiveCfg = Release|x64
		{90EF97E4-A4F3-4015-BEAC-EC652680AD99}.Release|x64.Build.0 = Release|x64
		{90EF97E4-A4F3-4015-BEAC-EC652680AD99}.Release|x86.ActiveCfg = Release|Win32
		{90EF97E4-A4F3-4015-BEAC-EC652680AD99}.Release|x86.Build.0 = Release|Win32
		{2DAA1A7A-C5BB-4A50-A75A-EB7D7507AA67}.Debug|x64.ActiveCfg = Debug|x64
		{2DAA1A7A-C5BB-4A50-A75A-EB7D7507AA67}.Debug|x64.Build.0 = Debug|x64
		{2DAA1A7A-C5BB-4A50-A75A-EB7D7507AA67}.Debug|x86.ActiveCfg = Debug|Win32
		{2DAA1A7A-C5BB-4A50-A75A-EB7D7507AA67}.Debug|x86.Build.0 = Debug|Win32
		{2DAA1A7A-C5BB-4A50-A75A-EB7D7507AA67}.Release|x64.ActiveCfg = Release|x64
		{2DAA1A7A-C5BB-4A50-A75A-EB7D7507AA67}.Release|x64.Build.0 = Release|x64
		{2DAA1A7A-C5BB-4A50-A75A-EB7D7507AA67}.Release|x86.ActiveCfg = Release|Win32
		{2DAA1A7A-C5BB-4A50-A75A-EB7D7507AA67}.Release|x86.Build.0 = Release|Win32
		{B8853E4F-7048-406C-812C-032E2261E1AF}.Debug|x64.ActiveCfg = Debug|x64
		{B8853E4F-7048-406C-812C-032E2261E1AF}.Debug|x64.Build.0 = Debug|x64
		{B8853E4F-7048-406C-812C-032E2261E1AF}.Debug|x86.ActiveCfg = Debug|Win32
		{B8853E4F-7048-406C-812C-032E2261E1AF}.Debug|x86.Build.0 = Debug|Win32
		{B8853E4F-7048-406C-812C-032E2261E1AF}.Release|x64.ActiveCfg = Release|x64
		{B8853E4F-7048-406C-812C-032E2261E1AF}.Release|x64.Build.0 = Release|x64
		{B8853E4F-7048-406C-812C-032E2261E1AF}.Release|x86.ActiveCfg = Release|Win32
		{B8853E4F-7048-406C-812C-032E2261E1AF}.Release|x86.Build.0 = Release|Win32
		{C36B3693-071F-42AA-AFF7-B7861CE9AED6}.Debug|x64.ActiveCfg = Debug|x64
		{C36B3693-071F-42AA-AFF7-B7861CE9AED6}.Debug|x64.Build.0 = Debug|x64
		{C36B3693-071F-42AA-AFF7-B7861CE9AED6}.Debug|x86.ActiveCfg = Debug|Win32
		{C36B3693-071F-42AA-AFF7-B7861CE9AED6}.Debug|x86.Build.0 = Debug|Win32
		{C36B3693-071F-42AA-AFF7-B7861CE9AED6}.Release|x64.ActiveCfg = Release|x64
		{C36B3693-071F-42AA-AFF7-B7861CE9AED6}.Release|x64.Build.0 = Release|x64
		{C36B3693-071F-42AA-AFF7-B7861CE9AED6}.Release|x86.ActiveCfg = Release|Win32
		{C36B3693-071F-42AA-AFF7-B7861CE9AED6}.Release|x86.Build.0 = Release|Win32
		{C0FF86AA-3F52-42C5-9BEB-50972341634E}.Debug|x64.ActiveCfg = Debug|x64
		{C0FF86AA-3F52-42C5-9BEB-50972341634E}.Debug|x64.Build.0 = Debug|x64
		{C0FF86AA-3F52-42C5-9BEB-50972341634E}.Debug|x86.ActiveCfg = Debug|Win32
		{C0FF86AA-3F52-42C5-9BEB-50972341634E}.Debug|x86.Build.0 = Debug|Win32
		{C0FF86AA-3F52-42C5-9BEB-50972341634E}.Release|x64.ActiveCfg = Release|x64
		{C0FF86AA-3F52-42C5-9BEB-50972341634E}.Release|x64.Build.0 = Release|x64
		{C0FF86AA-3F52-42C5-9BEB-50972341634E}.Release|x86.ActiveCfg = Release|Win32
		{C0FF86AA-3F52-42C5-9BEB-50972341634E}.Release|x86.Build.0 = Release|Win32
		{BAADE0E2-C20D-4C42-B11C-E150C44C1017}.Debug|x64.ActiveCfg = Debug|x64
		{BAADE0E2-C20D-4C42-B11C-E150C44C1017}.Debug|x64.Build.0 = Debug|x64
		{BAADE0E2-C20D-4C42-B11C-E150C44C1017}.Debug|x86.ActiveCfg = Debug|Win32
		{BAADE0E2-C20D-4C42-B11C-E150C44C1017}.Debug|x86.Build.0 = Debug|Win32
		{BAADE0E2-C20D-4C42-B11C-E150C44C1017}.Release|x64.ActiveCfg = Release|x64
		{BAADE0E2-C20D-4C42-B11C-E150C44C1017}.Release|x64.Build.0 = Release|x64
		{BAADE0E2-C20D-4C42-B11C-E150C44C1017}.Release|x86.ActiveCfg = Release|Win32
		{BAADE0E2-C20D-4C42-B11C-E150C44C1017}.Release|x86.Build.0 = Release|Win32
		{4D28A5B2-7D3F-426C-A5E0-683C5AC72592}.Debug|x64.ActiveCfg = Debug|x64
		{4D28A5B2-7D3F-426C-A5E0-683C5AC72592}.Debug|x64.Build.0 = Debug|x64
		{4D28A5B2-7D3F-426C-A5E0-683C5AC72592}.Debug|x86.ActiveCfg = Debug|Win32
		{4D28A5B2-7D3F-426C-A5E0-683C5AC72592}.Debug|x86.Build.0 = Debug|Win32
		{4D28A5B2-7D3F-426C-A5E0-683C5AC72592}.Release|x64.ActiveCfg = Release|x64
		{4D28A5B2-7D3F-426C-A5E0-683C5AC72592}.Release|x64.Build.0 = Release|x64
		{4D28A5B2-7D3F-426C-A5E0-683C5AC72592}.Release|x86.ActiveCfg = Release|Win32
		{4D28A5B2-7D3F-426C-A5E0-683C5AC72592}.Release|x86.Build.0 = Release|Win32
		{E4890A60-58BB-4EDF-98A0-D66F81170517}.Debug|x64.ActiveCfg = Debug|x64
		{E4890A60-58BB-4EDF-98A0-D66F81170517}.Debug|x64.Build.0 = Debug|x64
		{E4890A60-58BB-4EDF-98A0-D66F81170517}.Debug|x86.ActiveCfg = Debug|Win32
		{E4890A60-58BB-4EDF-98A0-D66F81170517}.Debug|x86.Build.0 = Debug|Win32
		{E4890A60-58BB-4EDF-98A0-D66F81170517}.Release|x64.ActiveCfg = Release|x64
		{E4890A60-58BB-4EDF-98A0-D66F81170517}.Release|x64.Build.0 = Release|x64
		{E4890A60-58BB-4EDF-98A0-D66F81170517}.Release|x86.ActiveCfg = Release|Win32
		{E4890A60-58BB-4EDF-98A0-D66F81170517}.Release|x86.Build.0 = Release|Win32
		{547A062A-56EC-4389-91FC-BB33BAF60861}.Debug|x64.ActiveCfg = Debug|x64
		{547A062A-56EC-4389-91FC-BB33BAF60861}.Debug|x64.Build.0 = Debug|x64
		{547A062A-56EC-4389-91FC-BB33BAF60861}.Debug|x86.ActiveCfg = Debug|Win32
		{547A062A-56EC-4389-91FC-BB33BAF60861}.Debug|x86.Build.0 = Debug|Win32
		{547A062A-56EC-4389-91FC-BB33BAF60861}.Release|x64.ActiveCfg = Release|x64
		{547A062A-56EC-4389-91FC-BB33BAF60861}.Release|x64.Build.0 = Release|x64
		{547A062A-56EC-4389-91FC-BB33BAF60861}.Release|x86.ActiveCfg = Release|Win32
		{547A062A-56EC-4389-91FC-BB33BAF60861}.Release|x86.Build.0 = Release|Win32
		{682EC604-A9FE-42F7-A2D2-8B1FB08AD5D3}.Debug|x64.ActiveCfg = Debug|x64
		{682EC604-A9FE-42F7-A2D2-8B1FB08AD5D3}.Debug|x64.Build.0 = Debug|x64
		{682EC604-A9FE-42F7-A2D2-8B1FB08AD5D3}.Debug|x86.ActiveCfg = Debug|Win32
		{682EC604-A9FE-42F7-A2D2-8B1FB08AD5D3}.Debug|x86.Build.0 = Debug|Win32
		{682EC604-A9FE-42F7-A2D2-8B1FB08AD5D3}.Release|x64.ActiveCfg = Release|x64
		{682EC604-A9FE-42F7-A2D2-8B1FB08AD5D3}.Release|x64.Build.0 = Release|x64
		{682EC604-A9FE-42F7-A2D2-8B1FB08AD5D3}.Release|x86.ActiveCfg = Release|Win32
		{682EC604-A9FE-42F7-A2D2-8B1FB08AD5D3}.Release|x86.Build.0 = Release|Win32
		{C0DF999B-8A67-4237-A7B6-26B3F6E7E0E6}.Debug|x64.ActiveCfg = Debug|x64
		{C0DF999B-8A67-4237-A7B6-26B3F6E7E0E6}.Debug|x64.Build.0 = Debug|x64
		{C0DF999B-8A67-4237-A7B6-26B3F6E7E0E6}.Debug|x86.ActiveCfg = Debug|Win32
		{C0DF999B-8A67-4237-A7B6-26B3F6E7E0E6}.Debug|x86.Build.0 = Debug|Win32
		{C0DF999B-8A67-4237-A7B6-26B3F6E7E0E6}.Release|x64.ActiveCfg = Release|x64
		{C0DF999B-8A67-4237-A7B6-26B3F6E7E0E6}.Release|x64.Build.0 = Release|x64
		{C0DF999B-8A67-4237-A7B6-26B3F6E7E0E6}.Release|x86.ActiveCfg = Release|Win32
		{C0DF999B-8A67-4237-A7B6-26B3F6E7E0E6}.Release|x86.Build.0 = Release|Win32
		{181B13F6-0847-46C9-BB79-967F146FF08F}.Debug|x64.ActiveCfg = Debug|x64
		{181B13F6-0847-46C9-BB79-967F146FF08F}.Debug|x64.Build.0 = Debug|x64
		{181B13F6-0847-46C9-BB79-967F146FF08F}.Debug|x86.ActiveCfg = Debug|Win32
		{181B13F6-0847-46C9-BB79-967F146FF08F}.Debug|x86.Build.0 = Debug|Win32
		{181B13F6-0847-46C9-BB79-967F146FF08F}.Release|x64.ActiveCfg = Release|x64
		{181B13F6-0847-46C9-BB79-967F146FF08F}.Release|x64.Build.0 = Release|x64
		{181B13F6-0847-46C9-BB79-967F146FF08F}.Release|x86.ActiveCfg = Release|Win32
		{181B13F6-0847-46C9-BB79-967F146FF08F}.Release|x86.Build.0 = Release|Win32
		{E0B31B02-479C-41E6-8ACC-A82C1761733D}.Debug|x64.ActiveCfg = Debug|x64
		{E0B31B02-479C-41E6-8ACC-A82C1761733D}.Debug|x64.Build.0 = Debug|x64
		{E0B31B02-479C-41E6-8ACC-A82C1761733D}.Debug|x86.ActiveCfg = Debug|Win32
		{E0B31B02-479C-41E6-8ACC-A82C1761733D}.Debug|x86.Build.0 = Debug|Win32
		{E0B31B02-479C-41E6-8ACC-A82C1761733D}.Release|x64.ActiveCfg = Release|x64
		{E0B31B02-479C-41E6-8ACC-A82C1761733D}.Release|x64.Build.0 = Release|x64
		{E0B31B02-479C-41E6-8ACC-A82C1761733D}.Release|x86.ActiveCfg = Release|Win32
		{E0B31B02-479C-41E6-8ACC-A82C1761733D}.Release|x86.Build.0 = Release|Win32
		{D6C226C6-E43D-4EF7-B799-E8A76FF98283}.Debug|x64.ActiveCfg = Debug|x64
		{D6C226C6-E43D-4EF7-B799-E8A76FF98283}.Debug|x64.Build.0 = Debug|x64
		{D6C226C6-E43D-4EF7-B799-E8A76FF98283}.Debug|x86.ActiveCfg = Debug|Win32
		{D6C226C6-E43D-4EF7-B799-E8A76FF98283}.Debug|x86.Build.0 = Debug|Win32
		{D6C226C6-E43D-4EF7-B799-E8A76FF98283}.Release|x64.ActiveCfg = Release|x64
		{D6C226C6-E43D-4EF7-B799-E8A76FF98283}.Release|x64.Build.0 = Release|x64
		{D6C226C6-E43D-4EF7-B799-E8A76FF98283}.Release|x86.ActiveCfg = Release|Win32
		{D6C226C6-E43D-4EF7-B799-E8A76FF98283}.Release|x86.Build.0 = Release|Win32
		{7BB476A9-64D9-4974-BA0A-4CC6E9233B46}.Debug|x64.ActiveCfg = Debug|x64
		{7BB476A9-64D9-4974-BA0A-4CC6E9233B46}.Debug|x64.Build.0 = Debug|x64
		{7BB476A9-64D9-4974-BA0A-4CC6E9233B46}.Debug|x86.ActiveCfg = Debug|Win32
		{7BB476A9-64D9-4974-BA0A-4CC6E9233B46}.Debug|x86.Build.0 = Debug|Win32
		{7BB476A9-64D9-4974-BA0A-4CC6E9233B46}.Release|x64.ActiveCfg = Release|x64
		{7BB476A9-64D9-4974-BA0A-4CC6E9233B46}.Release|x64.Build.0 = Release|x64
		{7BB476A9-64D9-4974-BA0A-4CC6E9233B46}.Release|x86.ActiveCfg = Release|Win32
		{7BB476A9-64D9-4974-BA0A-4CC6E9233B46}.Release|x86.Build.0 = Release|Win32
		{F2864831-40FA-4233-B5AE-DAEC5BB5E25F}.Debug|x64.ActiveCfg = Debug|x64
		{F2864831-40FA-4233-B5AE-DAEC5BB5E25F}.Debug|x64.Build.0 = Debug|x64
		{F2864831-40FA-4233-B5AE-DAEC5BB5E25F}.Debug|x86.ActiveCfg = Debug|Win32
		{F2864831-40FA-4233-B5AE-DAEC5BB5E25F}.Debug|x86.Build.0 = Debug|Win32
		{F2864831-40FA-4233-B5AE-DAEC5BB5E25F}.Release|x64.ActiveCfg = Release|x64
		{F2864831-40FA-4233-B5AE-DAEC5BB5E25F}.Release|x64.Build.0 = Release|x64
		{F2864831-40FA-4233-B5AE-DAEC5BB5E25F}.Release|x86.ActiveCfg = Release|Win32
		{F2864831-40FA-4233-B5AE-DAEC5BB5E25F}.Release|x86.Build.0 = Release|Win32
		{70198861-031E-4073-BD56-2003A78D0C4B}.Debug|x64.ActiveCfg = Debug|x64
		{70198861-031E-4073-BD56-2003A78D0C4B}.Debug|x64.Build.0 = Debug|x64
		{70198861-031E-4073-BD56-2003A78D0C4B}.Debug|x86.ActiveCfg = Debug|Win32
		{70198861-031E-4073-BD56-2003A78D0C4B}.Debug|x86.Build.0 = Debug|Win32
		{70198861-031E-4073-BD56-2003A78D0C4B}.Release|x64.ActiveCfg = Release|x64
		{70198861-031E-4073-BD56-2003A78D0C4B}.Release|x64.Build.0 = Release|x64
		{70198861-031E-4073-BD56-2003A78D0C4B}.Release|x86.ActiveCfg = Release|Win32
		{70198861-031E-4073-BD56-2003A78D0C4B}.Release|x86.Build.0 = Release|Win32
		{827496B2-B5E7-45C4-B398-5D48A8E9C2C9}.Debug|x64.ActiveCfg = Debug|x64
		{827496B2-B5E7-45C4-B398-5D48A8E9C2C9}.Debug|x64.Build.0 = Debug|x64
		{827496B2-B5E7-45C4-B398-5D48A8E9C2C9}.Debug|x86.ActiveCfg = Debug|Win32
		{827496B2-B5E7-45C4-B398-5D48A8E9C2C9}.Debug|x86.Build.0 = Debug|Win32
		{827496B2-B5E7-45C4-B398-5D48A8E9C2C9}.Release|x64.ActiveCfg = Release|x64
		{827496B2-B5E7-45C4-B398-5D48A8E9C2C9}.Release|x64.Build.0 = Release|x64
		{827496B2-B5E7-45C4-B398-5D48A8E9C2C9}.Release|x86.ActiveCfg = Release|Win32
		{827496B2-B5E7-45C4-B398-5D48A8E9C2C9}.Release|x86.Build.0 = Release|Win32
		{0DE9F6E4-21AF-410E-BBA7-27B011298EF6}.Debug|x64.ActiveCfg = Debug|x64
		{0DE9F6E4-21AF-410E-BBA7-27B011298EF6}.Debug|x64.Build.0 = Debug|x64
		{0DE9F6E4-21AF-410E-BBA7-27B011298EF6}.Debug|x86.ActiveCfg = Debug|Win32
		{0DE9F6E4-21AF-410E-BBA7-27B011298EF6}.Debug|x86.Build.0 = Debug|Win32
		{0DE9F6E4-21AF-410E-BBA7-27B011298EF6}.Release|x64.ActiveCfg = Release|x64
		{0DE9F6E4-21AF-410E-BBA7-27B011298EF6}.Release|x64.Build.0 = Release|x64
		{0DE9F6E4-21AF-410E-BBA7-27B011298EF6}.Release|x86.ActiveCfg = Release|Win32
		{0DE9F6E4-21AF-410E-BBA7-27B011298EF6}.Release|x86.Build.0 = Release|Win32
		{608EFB5E-DAA9-4425-9141-CBC79F61BCF4}.Debug|x64.ActiveCfg = Debug|x64
		{608EFB5E-DAA9-4425-9141-CBC79F61BCF4}.Debug|x64.Build.0 = Debug|x64
		{608EFB5E-DAA9-4425-9141-CBC79F61BCF4}.Debug|x86.ActiveCfg = Debug|Win32
		{608EFB5E-DAA9-4425-9141-CBC79F61BCF4}.Debug|x86.Build.0 = Debug|Win32
		{608EFB5E-DAA9-4425-9141-CBC79F61BCF4}.Release|x64.ActiveCfg = Release|x64
		{608EFB5E-DAA9-4425-9141-CBC79F61BCF4}.Release|x64.Build.0 = Release|x64
		{608EFB5E-DAA9-4425-9141-CBC79F61BCF4}.Release|x86.ActiveCfg = Release|Win32
		{608EFB5E-DAA9-4425-9141-CBC79F61BCF4}.Release|x86.Build.0 = Release|Win32
		{4AE52F4F-5B3C-40F2-8C4C-EF7FBA984FE9}.Debug|x64.ActiveCfg = Debug|x64
		{4AE52F4F-5B3C-40F2-8C4C-EF7FBA984FE9}.Debug|x64.Build.0 = Debug|x64
		{4AE52F4F-5B3C-40F2-8C4C-EF7FBA984FE9}.Debug|x86.ActiveCfg = Debug|Win32
		{4AE52F4F-5B3C-40F2-8C4C-EF7FBA984FE9}.Debug|x86.Build.0 = Debug|Win32
		{4AE52F4F-5B3C-40F2-8C4C-EF7FBA984FE9}.Release|x64.ActiveCfg = Release|x64
		{4AE52F4F-5B3C-40F2-8C4C-EF7FBA984FE9}.Release|x64.Build.0 = Release|x64
		{4AE52F4F-5B3C-40F2-8C4C-EF7FBA984FE9}.Release|x86.ActiveCfg = Release|Win32
		{4AE52F4F-5B3C-40F2-8C4C-EF7FBA984FE9}.Release|x86.Build.0 = Release|Win32
		{DBBF037E-6AC3-4C85-9261-BF0BB98535A7}.Debug|x64.ActiveCfg = Debug|x64
		{DBBF037E-6AC3-4C85-9261-BF0BB98535A7}.Debug|x64.Build.0 = Debug|x64
		{DBBF037E-6AC3-4C85-9261-BF0BB98535A7}.Debug|x86.ActiveCfg = Debug|Win32
		{DBBF037E-6AC3-4C85-9261-BF0BB98535A7}.Debug|x86.Build.0 = Debug|Win32
		{DBBF037E-6AC3-4C85-9261-BF0BB98535A7}.Release|x64.ActiveCfg = Release|x64
		{DBBF037E-6AC3-4C85-9261-BF0BB98535A7}.Release|x64.Build.0 = Release|x64
		{DBBF037E-6AC3-4C85-9261-BF0BB98535A7}.Release|x86.ActiveCfg = Release|Win32
		{DBBF037E-6AC3-4C85-9261-BF0BB98535A7}.Release|x86.Build.0 = Release|Win32
		{8F04437F-BCB4-4BCA-AAB0-84343C40A9F6}.Debug|x64.ActiveCfg = Debug|x64
		{8F04437F-BCB4-4BCA-AAB0-84343C40A9F6}.Debug|x64.Build.0 = Debug|x64
		{8F04437F-BCB4-4BCA-AAB0-84343C40A9F6}.Debug|x86.ActiveCfg = Debug|Win32
		{8F04437F-BCB4-4BCA-AAB0-84343C40A9F6}.Debug|x86.Build.0 = Debug|Win32
		{8F04437F-BCB4-4BCA-AAB0-84343C40A9F6}.Release|x64.ActiveCfg = Release|x64
		{8F04437F-BCB4-4BCA-AAB0-84343C40A9F6}.Release|x64.Build.0 = Release|x64
		{8F04437F-BCB4-4BCA-AAB0-84343C40A9F6}.Release|x86.ActiveCfg = Release|Win32
		{8F04437F-BCB4-4BCA-AAB0-84343C40A9F6}.Release|x86.Build.0 = Release|Win32
		{00452275-CECC-462C-A376-BFAB49D82848}.Debug|x64.ActiveCfg = Debug|x64
		{00452275-CECC-462C-A376-BFAB49D82848}.Debug|x64.Build.0 = Debug|x64
		{00452275-CECC-462C-A376-BFAB49D82848}.Debug|x86.ActiveCfg = Debug|Win32
		{00452275-CECC-462C-A376-BFAB49D82848}.Debug|x86.Build.0 = Debug|Win32
		{00452275-CECC-462C-A376-BFAB49D82848}.Release|x64.ActiveCfg = Release|x64
		{00452275-CECC-462C-A376-BFAB49D82848}.Release|x64.Build.0 = Release|x64
		{00452275-CECC-462C-A376-BFAB49D82848}.Release|x86.ActiveCfg = Release|Win32
		{00452275-CECC-462C-A376-BFAB49D82848}.Release|x86.Build.0 = Release|Win32
		{25692D64-89D8-4EC6-ADF3-2155385024F1}.Debug|x64.ActiveCfg = Debug|x64
		{25692D64-89D8-4EC6-ADF3-2155385024F1}.Debug|x64.Build.0 = Debug|x64
		{25692D64-89D8-4EC6-ADF3-2155385024F1}.Debug|x86.ActiveCfg = Debug|Win32
		{25692D64-89D8-4EC6-ADF3-2155385024F1}.Debug|x86.Build.0 = Debug|Win32
		{25692D64-89D8-4EC6-ADF3-2155385024F1}.Release|x64.ActiveCfg = Release|x64
		{25692D64-89D8-4EC6-ADF3-2155385024F1}.Release|x64.Build.0 = Release|x64
		{25692D64-89D8-4EC6-ADF3-2155385024F1}.Release|x86.ActiveCfg = Release|Win32
		{25692D64-89D8-4EC6-ADF3-2155385024F1}.Release|x86.Build.0 = Release|Win32
		{B2BE32B2-FAB9-40E6-B5C3-89CFB5A65460}.Debug|x64.ActiveCfg = Debug|x64
		{B2BE32B2-FAB9-40E6-B5C3-89CFB5A65460}.Debug|x64.Build.0 = Debug|x64
		{B2BE32B2-FAB9-40E6-B5C3-89CFB5A65460}.Debug|x86.ActiveCfg = Debug|Win32
		{B2BE32B2-FAB9-40E6-B5C3-89CFB5A65460}.Debug|x86.Build.0 = Debug|Win32
		{B2BE32B2-FAB9-40E6-B5C3-89CFB5A65460}.Release|x64.ActiveCfg = Release|x64
		{B2BE32B2-FAB9-40E6-B5C3-89CFB5A65460}.Release|x64.Build.0 = Release|x64
		{B2BE32B2-FAB9-40E6-B5C3-89CFB5A65460}.Release|x86.ActiveCfg = Release|Win32
		{B2BE32B2-FAB9-40E6-B5C3-89CFB5A65460}.Release|x86.Build.0 = Release|Win32
		{DE735443-64DF-4783-8BE8-B7B3756B8E7A}.Debug|x64.ActiveCfg = Debug|x64
		{DE735443-64DF-4783-8BE8-B7B3756B8E7A}.Debug|x64.Build.0 = Debug|x64
		{DE735443-64DF-4783-8BE8-B7B3756B8E7A}.Debug|x86.ActiveCfg = Debug|Win32
		{DE735443-64DF-4783-8BE8-B7B3756B8E7A}.Debug|x86.Build.0 = Debug|Win32
		{DE735443-64DF-4783-8BE8-B7B3756B8E7A}.Release|x64.ActiveCfg = Release|x64
		{DE735443-64DF-4783-8BE8-B7B3756B8E7A}.Release|x64.Build.0 = Release|x64
		{DE735443-64DF-4783-8BE8-B7B3756B8E7A}.Release|x86.ActiveCfg = Release|Win32
		{DE735443-64DF-4783-8BE8-B7B3756B8E7A}.Release|x86.Build.0 = Release|Win32
		{E16A77CF-F423-401D-BF0A-62DA0116CEAA}.Debug|x64.ActiveCfg = Debug|x64
		{E16A77CF-F423-401D-BF0A-62DA0116CEAA}.Debug|x64.Build.0 = Debug|x64
		{E16A77CF-F423-401D-BF0A-62DA0116CEAA}.Debug|x86.ActiveCfg = Debug|Win32
		{E16A77CF-F423-401D-BF0A-62DA0116CEAA}.Debug|x86.Build.0 = Debug|Win32
		{E16A77CF-F423-401D-BF0A-62DA0116CEAA}.Release|x64.ActiveCfg = Release|x64
		{E16A77CF-F423-401D-BF0A-62DA0116CEAA}.Release|x64.Build.0 = Release|x64
		{E16A77CF-F423-401D-BF0A-62DA0116CEAA}.Release|x86.ActiveCfg = Release|Win32
		{E16A77CF-F423-401D-BF0A-62DA0116CEAA}.Release|x86.Build.0 = Release|Win32
		{4ED2B1DB-3B84-4CCE-BEAB-4E96A1B07E1E}.Debug|x64.ActiveCfg = Debug|x64
		{4ED2B1DB-3B84-4CCE-BEAB-4E96A1B07E1E}.Debug|x64.Build.0 = Debug|x64
		{4ED2B1DB-3B84-4CCE-BEAB-4E96A1B07E1E}.Debug|x86.ActiveCfg = Debug|Win32
		{4ED2B1DB-3B84-4CCE-BEAB-4E96A1B07E1E}.Debug|x86.Build.0 = Debug|Win32
		{4ED2B1DB-3B84-4CCE-BEAB-4E96A1B07E1E}.Release|x64.ActiveCfg = Release|x64
		{4ED2B1DB-3B84-4CCE-BEAB-4E96A1B07E1E}.Release|x64.Build.0 = Release|x64
		{4ED2B1DB-3B84-4CCE-BEAB-4E96A1B07E1E}.Release|x86.ActiveCfg = Release|Win32
		{4ED2B1DB-3B84-4CCE-BEAB-4E96A1B07E1E}.Release|x86.Build.0 = Release|Win32
		{12D3B1B0-89F2-4E0B-8A2D-8B50BCB68D19}.Debug|x64.ActiveCfg = Debug|x64
		{12D3B1B0-89F2-4E0B-8A2D-8B50BCB68D19}.Debug|x64.Build.0 = Debug|x64
		{12D3B1B0-89F2-4E0B-8A2D-8B50BCB68D19}.Debug|x86.ActiveCfg = Debug|Win32
		{12D3B1B0-89F2-4E0B-8A2D-8B50BCB68D19}.Debug|x86.Build.0 = Debug|Win32
		{12D3B1B0-89F2-4E0B-8A2D-8B50BCB68D19}.Release|x64.ActiveCfg = Release|x64
		{12D3B1B0-89F2-4E0B-8A2D-8B50BCB68D19}.Release|x64.Build.0 = Release|x64
		{12D3B1B0-89F2-4E0B-8A2D-8B50BCB68D19}.Release|x86.ActiveCfg = Release|Win32
		{12D3B1B0-89F2-4E0B-8A2D-8B50BCB68D19}.Release|x86.Build.0 = Release|Win32
		{E564FFBB-70F0-415A-8E98-AEEF88E1124C}.Debug|x64.ActiveCfg = Debug|x64
		{E564FFBB-70F0-415A-8E98-AEEF88E1124C}.Debug|x64.Build.0 = Debug|x64
		{E564FFBB-70F0-415A-8E98-AEEF88E1124C}.Debug|x86.ActiveCfg = Debug|Win32
		{E564FFBB-70F0-415A-8E98-AEEF88E1124C}.Debug|x86.Build.0 = Debug|Win32
		{E564FFBB-70F0-415A-8E98-AEEF88E1124C}.Release|x64.ActiveCfg = Release|x64
		{E564FFBB-70F0-415A-8E98-AEEF88E1124C}.Release|x64.Build.0 = Release|x64
		{E564FFBB-70F0-415A-8E98-AEEF88E1124C}.Release|x86.ActiveCfg = Release|Win32
		{E564FFBB-70F0-415A-8E98-AEEF88E1124C}.Release|x86.Build.0 = Release|Win32
		{1651CAAA-A6B9-4ED7-BBF7-90A7D2E06562}.Debug|x64.ActiveCfg = Debug|x64
		{1651CAAA-A6B9-4ED7-BBF7-90A7D2E06562}.Debug|x64.Build.0 = Debug|x64
		{1651CAAA-A6B9-4ED7-BBF7-90A7D2E06562}.Debug|x86.ActiveCfg = Debug|Win32
		{1651CAAA-A6B9-4ED7-BBF7-90A7D2E06562}.Debug|x86.Build.0 = Debug|Win32
		{1651CAAA-A6B9-4ED7-BBF7-90A7D2E06562}.Release|x64.ActiveCfg = Release|x64
		{1651CAAA-A6B9-4ED7-BBF7-90A7D2E06562}.Release|x64.Build.0 = Release|x64
		{1651CAAA-A6B9-4ED7-BBF7-90A7D2E06562}.Release|x86.ActiveCfg = Release|Win32
		{1651CAAA-A6B9-4ED7-BBF7-90A7D2E06562}.Release|x86.Build.0 = Release|Win32
		{0A48438C-107C-40B4-A83E-E9EFC14DDBEF}.Debug|x64.ActiveCfg = Debug|x64
		{0A48438C-107C-40B4-A83E-E9EFC14DDBEF}.Debug|x64.Build.0 = Debug|x64
		{0A48438C-107C-40B4-A83E-E9EFC14DDBEF}.Debug|x86.ActiveCfg = Debug|Win32
		{0A48438C-107C-40B4-A83E-E9EFC14DDBEF}.Debug|x86.Build.0 = Debug|Win32
		{0A48438C-107C-40B4-A83E-E9EFC14DDBEF}.Release|x64.ActiveCfg = Release|x64
		{0A48438C-107C-40B4-A83E-E9EFC14DDBEF}.Release|x64.Build.0 = Release|x64
		{0A48438C-107C-40B4-A83E-E9EFC14DDBEF}.Release|x86.ActiveCfg = Release|Win32
		{0A48438C-107C-40B4-A83E-E9EFC14DDBEF}.Release|x86.Build.0 = Release|Win32
		{8E347215-2489-4535-BDD0-A53960E841F9}.Debug|x64.ActiveCfg = Debug|x64
		{8E347215-2489-4535-BDD0-A53960E841F9}.Debug|x64.Build.0 = Debug|x64
		{8E347215-2489-4535-BDD0-A53960E841F9}.Debug|x86.ActiveCfg = Debug|Win32
		{8E347215-2489-4535-BDD0-A53960E841F9}.Debug|x86.Build.0 = Debug|Win32
		{8E347215-2489-4535-BDD0-A53960E841F9}.Release|x64.ActiveCfg = Release|x64
		{8E347215-2489-4535-BDD0-A53960E841F9}.Release|x64.Build.0 = Release|x64
		{8E347215-2489-4535-BDD0-A53960E841F9}.Release|x86.ActiveCfg = Release|Win32
		{8E347215-2489-4535-BDD0-A53960E841F9}.Release|x86.Build.0 = Release|Win32
		{7C711A8C-9BFD-4A05-AE28-A734BF70A459}.Debug|x64.ActiveCfg = Debug|x64
		{7C711A8C-9BFD-4A05-AE28-A734BF70A459}.Debug|x64.Build.0 = Debug|x64
		{7C711A8C-9BFD-4A05-AE28-A734BF70A459}.Debug|x86.ActiveCfg = Debug|Win32
		{7C711A8C-9BFD-4A05-AE28-A734BF70A459}.Debug|x86.Build.0 = Debug|Win32
		{7C711A8C-9BFD-4A05-AE28-A734BF70A459}.Release|x64.ActiveCfg = Release|x64
		{7C711A8C-9BFD-4A05-AE28-A734BF70A459}.Release|x64.Build.0 = Release|x64
		{7C711A8C-9BFD-4A05-AE28-A734BF70A459}.Release|x86.ActiveCfg = Release|Win32
		{7C711A8C-9BFD-4A05-AE28-A734BF70A459}.Release|x86.Build.0 = Release|Win32
		{81A1ADF3-EDD5-4EEB-A4EA-DF45A8B165C8}.Debug|x64.ActiveCfg = Debug|x64
		{81A1ADF3-EDD5-4EEB-A4EA-DF45A8B165C8}.Debug|x64.Build.0 = Debug|x64
		{81A1ADF3-EDD5-4EEB-A4EA-DF45A8B165C8}.Debug|x86.ActiveCfg = Debug|Win32
		{81A1ADF3-EDD5-4EEB-A4EA-DF45A8B165C8}.Debug|x86.Build.0 = Debug|Win32
		{81A1ADF3-EDD5-4EEB-A4EA-DF45A8B165C8}.Release|x64.ActiveCfg = Release|x64
		{81A1ADF3-EDD5-4EEB-A4EA-DF45A8B165C8}.Release|x64.Build.0 = Release|x64
		{81A1ADF3-EDD5-4EEB-A4EA-DF45A8B165C8}.Release|x86.ActiveCfg = Release|Win32
		{81A1ADF3-EDD5-4EEB-A4EA-DF45A8B165C8}.Release|x86.Build.0 = Release|Win32
		{1787178C-2E4E-47B6-BE79-CAED77C590F0}.Debug|x64.ActiveCfg = Debug|x64
		{1787178C-2E4E-47B6-BE79-CAED77C590F0}.Debug|x64.Build.0 = Debug|x64
		{1787178C-2E4E-47B6-BE79-CAED77C590F0}.Debug|x86.ActiveCfg = Debug|Win32
		{1787178C-2E4E-47B6-BE79-CAED77C590F0}.Debug|x86.Build.0 = Debug|Win32
		{1787178C-2E4E-47B6-BE79-CAED77C590F0}.Release|x64.ActiveCfg = Release|x64
		{1787178C-2E4E-47B6-BE79-CAED77C590F0}.Release|x64.Build.0 = Release|x64
		{1787178C-2E4E-47B6-BE79-CAED77C590F0}.Release|x86.ActiveCfg = Release|Win32
		{1787178C-2E4E-47B6-BE79-CAED77C590F0}.Release|x86.Build.0 = Release|Win32
		{27D2F2AE-B2E0-4E19-995D-8ADF41025C6A}.Debug|x64.ActiveCfg = Debug|x64
		{27D2F2AE-B2E0-4E19-995D-8ADF41025C6A}.Debug|x64.Build.0 = Debug|x64
		{27D2F2AE-B2E0-4E19-995D-8ADF41025C6A}.Debug|x86.ActiveCfg = Debug|Win32
		{27D2F2AE-B2E0-4E19-995D-8ADF41025C6A}.Debug|x86.Build.0 = Debug|Win32
		{27D2F2AE-B2E0-4E19-995D-8ADF41025C6A}.Release|x64.ActiveCfg = Release|x64
		{27D2F2AE-B2E0-4E19-995D-8ADF41025C6A}.Release|x64.Build.0 = Release|x64
		{27D2F2AE-B2E0-4E19-995D-8ADF41025C6A}.Release|x86.ActiveCfg = Release|Win32
		{27D2F2AE-B2E0-4E19-995D-8ADF41025C6A}.Release|x86.Build.0 = Release|Win32
		{B4E30DBF-F18C-4B7A-961A-4BDEC57AA634}.Debug|x64.ActiveCfg = Debug|x64
		{B4E30DBF-F18C-4B7A-961A-4BDEC57AA634}.Debug|x64.Build.0 = Debug|x64
		{B4E30DBF-F18C-4B7A-961A-4BDEC57AA634}.Debug|x86.ActiveCfg = Debug|Win32
		{B4E30DBF-F18C-4B7A-961A-4BDEC57AA634}.Debug|x86.Build.0 = Debug|Win32
		{B4E30DBF-F18C-4B7A-961A-4BDEC57AA634}.Release|x64.ActiveCfg = Release|x64
		{B4E30DBF-F18C-4B7A-961A-4BDEC57AA634}.Release|x64.Build.0 = Release|x64
		{B4E30DBF-F18C-4B7A-961A-4BDEC57AA634}.Release|x86.ActiveCfg = Release|Win32
		{B4E30DBF-F18C-4B7A-961A-4BDEC57AA634}.Release|x86.Build.0 = Release|Win32
		{7FA9DC20-A23A-426C-9F62-7124C9A7BC7C}.Debug|x64.ActiveCfg = Debug|x64
		{7FA9DC20-A23A-426C-9F62-7124C9A7BC7C}.Debug|x64.Build.0 = Debug|x64
		{7FA9DC20-A23A-426C-9F62-7124C9A7BC7C}.Debug|x86.ActiveCfg = Debug|Win32
		{7FA9DC20-A23A-426C-9F62-7124C9A7BC7C}.Debug|x86.Build.0 = Debug|Win32
		{7FA9DC20-A23A-426C-9F62-7124C9A7BC7C}.Release|x64.ActiveCfg = Release|x64
		{7FA9DC20-A23A-426C-9F62-7124C9A7BC7C}.Release|x64.Build.0 = Release|x64
		{7FA9DC20-A23A-426C-9F62-7124C9A7BC7C}.Release|x86.ActiveCfg = Release|Win32
		{7FA9DC20-A23A-426C-9F62-7124C9A7BC7C}.Release|x86.Build.0 = Release|Win32
		{D5B664B3-2150-4DF4-A7D0-7626DF4F59AA}.Debug|x64.ActiveCfg = Debug|x64
		{D5B664B3-2150-4DF4-A7D0-7626DF4F59AA}.Debug|x64.Build.0 = Debug|x64
		{D5B664B3-2150-4DF4-A7D0-7626DF4F59AA}.Debug|x86.ActiveCfg = Debug|Win32
		{D5B664B3-2150-4DF4-A7D0-7626DF4F59AA}.Debug|x86.Build.0 = Debug|Win32
		{D5B664B3-2150-4DF4-A7D0-7626DF4F59AA}.Release|x64.ActiveCfg = Release|x64
		{D5B664B3-2150-4DF4-A7D0-7626DF4F59AA}.Release|x64.Build.0 = Release|x64
		{D5B664B3-2150-4DF4-A7D0-7626DF4F59AA}.Release|x86.ActiveCfg = Release|Win32
		{D5B664B3-2150-4DF4-A7D0-7626DF4F59AA}.Release|x86.Build.0 = Release|Win32
		{AEBC6736-22B8-40F8-BD70-4EBF0DCC2714}.Debug|x64.ActiveCfg = Debug|x64
		{AEBC6736-22B8-40F8-BD70-4EBF0DCC2714}.Debug|x64.Build.0 = Debug|x64
		{AEBC6736-22B8-40F8-BD70-4EBF0DCC2714}.Debug|x86.ActiveCfg = Debug|Win32
		{AEBC6736-22B8-40F8-BD70-4EBF0DCC2714}.Debug|x86.Build.0 = Debug|Win32
		{AEBC6736-22B8-40F8-BD70-4EBF0DCC2714}.Release|x64.ActiveCfg = Release|x64
		{AEBC6736-22B8-40F8-BD70-4EBF0DCC2714}.Release|x64.Build.0 = Release|x64
		{AEBC6736-22B8-40F8-BD70-4EBF0DCC2714}.Release|x86.ActiveCfg = Release|Win32
		{AEBC6736-22B8-40F8-BD70-4EBF0DCC2714}.Release|x86.Build.0 = Release|Win32
		{41F3003C-5A67-4AC7-A5DE-BBD7466AA342}.Debug|x64.ActiveCfg = Debug|x64
		{41F3003C-5A67-4AC7-A5DE-BBD7466AA342}.Debug|x64.Build.0 = Debug|x64
		{41F3003C-5A67-4AC7-A5DE-BBD7466AA342}.Debug|x86.ActiveCfg = Debug|Win32
		{41F3003C-5A67-4AC7-A5DE-BBD7466AA342}.Debug|x86.Build.0 = Debug|Win32
		{41F3003C-5A67-4AC7-A5DE-BBD7466AA342}.Release|x64.ActiveCfg = Release|x64
		{41F3003C-5A67-4AC7-A5DE-BBD7466AA342}.Release|x64.Build.0 = Release|x64
		{41F3003C-5A67-4AC7-A5DE-BBD7466AA342}.Release|x86.ActiveCfg = Release|Win32
		{41F3003C-5A67-4AC7-A5DE-BBD7466AA342}.Release|x86.Build.0 = Release|Win32
		{5627817A-45C4-43CA-AF65-A90AEF819E6D}.Debug|x64.ActiveCfg = Debug|x64
		{5627817A-45C4-43CA-AF65-A90AEF819E6D}.Debug|x64.Build.0 = Debug|x64
		{5627817A-45C4-43CA-AF65-A90AEF819E6D}.Debug|x86.ActiveCfg = Debug|Win32
		{5627817A-45C4-43CA-AF65-A90AEF819E6D}.Debug|x86.Build.0 = Debug|Win32
		{5627817A-45C4-43CA-AF65-A90AEF819E6D}.Release|x64.ActiveCfg = Release|x64
		{5627817A-45C4-43CA-AF65-A90AEF819E6D}.Release|x64.Build.0 = Release|x64
		{5627817A-45C4-43CA-AF65-A90AEF819E6D}.Release|x86.ActiveCfg = Release|Win32
		{5627817A-45C4-43CA-AF65-A90AEF819E6D}.Release|x86.Build.0 = Release|Win32
		{67B0114A-4A0D-4224-B8A9-31997C495DAD}.Debug|x64.ActiveCfg = Debug|x64
		{67B0114A-4A0D-4224-B8A9-31997C495DAD}.Debug|x64.Build.0 = Debug|x64
		{67B0114A-4A0D-4224-B8A9-31997C495DAD}.Debug|x86.ActiveCfg = Debug|Win32
		{67B0114A-4A0D-4224-B8A9-31997C495DAD}.Debug|x86.Build.0 = Debug|Win32
		{67B0114A-4A0D-4224-B8A9-31997C495DAD}.Release|x64.ActiveCfg = Release|x64
		{67B0114A-4A0D-4224-B8A9-31997C495DAD}.Release|x64.Build.0 = Release|x64
		{67B0114A-4A0D-4224-B8A9-31997C495DAD}.Release|x86.ActiveCfg = Release|Win32
		{67B0114A-4A0D-4224-B8A9-31997C495DAD}.Release|x86.Build.0 = Release|Win32
		{4FD401E3-583B-4D47-B20C-E6F661C1A67C}.Debug|x64.ActiveCfg = Debug|x64
		{4FD401E3-583B-4D47-B20C-E6F661C1A67C}.Debug|x64.Build.0 = Debug|x64
		{4FD401E3-583B-4D47-B20C-E6F661C1A67C}.Debug|x86.ActiveCfg = Debug|Win32
		{4FD401E3-583B-4D47-B20C-E6F661C1A67C}.Debug|x86.Build.0 = Debug|Win32
		{4FD401E3-583B-4D47-B20C-E6F661C1A67C}.Release|x64.ActiveCfg = Release|x64
		{4FD401E3-583B-4D47-B20C-E6F661C1A67C}.Release|x64.Build.0 = Release|x64
		{4FD401E3-583B-4D47-B20C-E6F661C1A67C}.Release|x86.ActiveCfg = Release|Win32
		{4FD401E3-583B-4D47-B20C-E6F661C1A67C}.Release|x86.Build.0 = Release|Win32
		{41AEBA92-1784-4719-964F-038A6D1FC180}.Debug|x64.ActiveCfg = Debug|x64
		{41AEBA92-1784-4719-964F-038A6D1FC180}.Debug|x64.Build.0 = Debug|x64
		{41AEBA92-1784-4719-964F-038A6D1FC180}.Debug|x86.ActiveCfg = Debug|Win32
		{41AEBA92-1784-4719-964F-038A6D1FC180}.Debug|x86.Build.0 = Debug|Win32
		{41AEBA92-1784-4719-964F-038A6D1FC180}.Release|x64.ActiveCfg = Release|x64
		{41AEBA92-1784-4719-964F-038A6D1FC180}.Release|x64.Build.0 = Release|x64
		{41AEBA92-1784-4719-964F-038A6D1FC180}.Release|x86.ActiveCfg = Release|Win32
		{41AEBA92-1784-4719-964F-038A6D1FC180}.Release|x86.Build.0 = Release|Win32
		{12660411-7B1F-4CA6-95BC-55B1196F2A95}.Debug|x64.ActiveCfg = Debug|x64
		{12660411-7B1F-4CA6-95BC-55B1196F2A95}.Debug|x64.Build.0 = Debug|x64
		{12660411-7B1F-4CA6-95BC-55B1196F2A95}.Debug|x86.ActiveCfg = Debug|Win32
		{12660411-7B1F-4CA6-95BC-55B1196F2A95}.Debug|x86.Build.0 = Debug|Win32
		{12660411-7B1F-4CA6-95BC-55B1196F2A95}.Release|x64.ActiveCfg = Release|x64
		{12660411-7B1F-4CA6-95BC-55B1196F2A95}.Release|x64.Build.0 = Release|x64
		{12660411-7B1F-4CA6-95BC-55B1196F2A95}.Release|x86.ActiveCfg = Release|Win32
		{12660411-7B1F-4CA6-95BC-55B1196F2A95}.Release|x86.Build.0 = Release|Win32
		{16963A47-FB2B-4BC1-9F43-4C6F01C7043A}.Debug|x64.ActiveCfg = Debug|x64
		{16963A47-FB2B-4BC1-9F43-4C6F01C7043A}.Debug|x64.Build.0 = Debug|x64
		{16963A47-FB2B-4BC1-9F43-4C6F01C7043A}.Debug|x86.ActiveCfg = Debug|Win32
		{16963A47-FB2B-4BC1-9F43-4C6F01C7043A}.Debug|x86.Build.0 = Debug|Win32
		{16963A47-FB2B-4BC1-9F43-4C6F01C7043A}.Release|x64.ActiveCfg = Release|x64
		{16963A47-FB2B-4BC1-9F43-4C6F01C7043A}.Release|x64.Build.0 = Release|x64
		{16963A47-FB2B-4BC1-9F43-4C6F01C7043A}.Release|x86.ActiveCfg = Release|Win32
		{16963A47-FB2B-4BC1-9F43-4C6F01C7043A}.Release|x86.Build.0 = Release|Win32
		{04E4EAD1-7CDB-4259-B082-BCF7E441C873}.Debug|x64.ActiveCfg = Debug|x64
		{04E4EAD1-7CDB-4259-B082-BCF7E441C873}.Debug|x64.Build.0 = Debug|x64
		{04E4EAD1-7CDB-4259-B082-BCF7E441C873}.Debug|x86.ActiveCfg = Debug|Win32
		{04E4EAD1-7CDB-4259-B082-BCF7E441C873}.Debug|x86.Build.0 = Debug|Win32
		{04E4EAD1-7CDB-4259-B082-BCF7E441C873}.Release|x64.ActiveCfg = Release|x64
		{04E4EAD1-7CDB-4259-B082-BCF7E441C873}.Release|x64.Build.0 = Release|x64
		{04E4EAD1-7CDB-4259-B082-BCF7E441C873}.Release|x86.ActiveCfg = Release|Win32
		{04E4EAD1-7CDB-4259-B082-BCF7E441C873}.Release|x86.Build.0 = Release|Win32
		{8F7CA138-1F2B-4FD5-B53A-6C3AA32DF589}.Debug|x64.ActiveCfg = Debug|x64
		{8F7CA138-1F2B-4FD5-B53A-6C3AA32DF589}.Debug|x64.Build.0 = Debug|x64
		{8F7CA138-1F2B-4FD5-B53A-6C3AA32DF589}.Debug|x86.ActiveCfg = Debug|Win32
		{8F7CA138-1F2B-4FD5-B53A-6C3AA32DF589}.Debug|x86.Build.0 = Debug|Win32
		{8F7CA138-1F2B-4FD5-B53A-6C3AA32DF589}.Release|x64.ActiveCfg = Release|x64
		{8F7CA138-1F2B-4FD5-B53A-6C3AA32DF589}.Release|x64.Build.0 = Release|x64
		{8F7CA138-1F2B-4FD5-B53A-6C3AA32DF589}.Release|x86.ActiveCfg = Release|Win32
		{8F7CA138-1F2B-4FD5-B53A-6C3AA32DF589}.Release|x86.Build.0 = Release|Win32
		{B8B4DE27-319E-480E-9DD0-C841DD91A79D}.Debug|x64.ActiveCfg = Debug|x64
		{B8B4DE27-319E-480E-9DD0-C841DD91A79D}.Debug|x64.Build.0 = Debug|x64
		{B8B4DE27-319E-480E-9DD0-C841DD91A79D}.Debug|x86.ActiveCfg = Debug|Win32
		{B8B4DE27-319E-480E-9DD0-C841DD91A79D}.Debug|x86.Build.0 = Debug|Win32
		{B8B4DE27-319E-480E-9DD0-C841DD91A79D}.Release|x64.ActiveCfg = Release|x64
		{B8B4DE27-319E-480E-9DD0-C841DD91A79D}.Release|x64.Build.0 = Release|x64
		{B8B4DE27-319E-480E-9DD0-C841DD91A79D}.Release|x86.ActiveCfg = Release|Win32
		{B8B4DE27-319E-480E-9DD0-C841DD91A79D}.Release|x86.Build.0 = Release|Win32
		{09BBCE3D-F98C-4C42-8FC4-7F223A240751}.Debug|x64.ActiveCfg = Debug|x64
		{09BBCE3D-F98C-4C42-8FC4-7F223A240751}.Debug|x64.Build.0 = Debug|x64
		{09BBCE3D-F98C-4C42-8FC4-7F223A240751}.Debug|x86.ActiveCfg = Debug|Win32
		{09BBCE3D-F98C-4C42-8FC4-7F223A240751}.Debug|x86.Build.0 = Debug|Win32
		{09BBCE3D-F98C-4C42-8FC4-7F223A240751}.Release|x64.ActiveCfg = Release|x64
		{09BBCE3D-F98C-4C42-8FC4-7F223A240751}.Release|x64.Build.0 = Release|x64
		{09BBCE3D-F98C-4C42-8FC4-7F223A240751}.Release|x86.ActiveCfg = Release|Win32
		{09BBCE3D-F98C-4C42-8FC4-7F223A240751}.Release|x86.Build.0 = Release|Win32
		{6F0B7ABD-4E62-4A99-9615-E188239478CB}.Debug|x64.ActiveCfg = Debug|x64
		{6F0B7ABD-4E62-4A99-9615-E188239478CB}.Debug|x64.Build.0 = Debug|x64
		{6F0B7ABD-4E62-4A99-9615-E188239478CB}.Debug|x86.ActiveCfg = Debug|Win32
		{6F0B7ABD-4E62-4A99-9615-E188239478CB}.Debug|x86.Build.0 = Debug|Win32
		{6F0B7ABD-4E62-4A99-9615-E188239478CB}.Release|x64.ActiveCfg = Release|x64
		{6F0B7ABD-4E62-4A99-9615-E188239478CB}.Release|x64.Build.0 = Release|x64
		{6F0B7ABD-4E62-4A99-9615-E188239478CB}.Release|x86.ActiveCfg = Release|Win32
		{6F0B7ABD-4E62-4A99-9615-E188239478CB}.Release|x86.Build.0 = Release|Win32
		{BB979AD6-1261-44C2-95FD-4D33FC876B67}.Debug|x64.ActiveCfg = Debug|x64
		{BB979AD6-1261-44C2-95FD-4D33FC876B67}.Debug|x64.Build.0 = Debug|x64
		{BB979AD6-1261-44C2-95FD-4D33FC876B67}.Debug|x86.ActiveCfg = Debug|Win32
		{BB979AD6-1261-44C2-95FD-4D33FC876B67}.Debug|x86.Build.0 = Debug|Win32
		{BB979AD6-1261-44C2-95FD-4D33FC876B67}.Release|x64.ActiveCfg = Release|x64
		{BB979AD6-1261-44C2-95FD-4D33FC876B67}.Release|x64.Build.0 = Release|x64
		{BB979AD6-1261-44C2-95FD-4D33FC876B67}.Release|x86.ActiveCfg = Release|Win32
		{BB979AD6-1261-44C2-95FD-4D33FC876B67}.Release|x86.Build.0 = Release|Win32
		{6725F238-D39F-4E5F-9262-D028053B2426}.Debug|x64.ActiveCfg = Debug|x64
		{6725F238-D39F-4E5F-9262-D028053B2426}.Debug|x64.Build.0 = Debug|x64
		{6725F238-D39F-4E5F-9262-D028053B2426}.Debug|x86.ActiveCfg = Debug|Win32
		{6725F238-D39F-4E5F-9262-D028053B2426}.Debug|x86.Build.0 = Debug|Win32
		{6725F238-D39F-4E5F-9262-D028053B2426}.Release|x64.ActiveCfg = Release|x64
		{6725F238-D39F-4E5F-9262-D028053B2426}.Release|x64.Build.0 = Release|x64
		{6725F238-D39F-4E5F-9262-D028053B2426}.Release|x86.ActiveCfg = Release|Win32
		{6725F238-D39F-4E5F-9262-D028053B2426}.Release|x86.Build.0 = Release|Win32
		{1BA85FD0-BEEC-4872-A9E6-182882D00B79}.Debug|x64.ActiveCfg = Debug|x64
		{1BA85FD0-BEEC-4872-A9E6-182882D00B79}.Debug|x64.Build.0 = Debug|x64
		{1BA85FD0-BEEC-4872-A9E6-182882D00B79}.Debug|x86.ActiveCfg = Debug|Win32
		{1BA85FD0-BEEC-4872-A9E6-182882D00B79}.Debug|x86.Build.0 = Debug|Win32
		{1BA85FD0-BEEC-4872-A9E6-182882D00B79}.Release|x64.ActiveCfg = Release|x64
		{1BA85FD0-BEEC-4872-A9E6-182882D00B79}.Release|x64.Build.0 = Release|x64
		{1BA85FD0-BEEC-4872-A9E6-182882D00B79}.Release|x86.ActiveCfg = Release|Win32
		{1BA85FD0-BEEC-4872-A9E6-182882D00B79}.Release|x86.Build.0 = Release|Win32
		{97A1A11C-AC73-4733-9427-F7DD637C19EF}.Debug|x64.ActiveCfg = Debug|x64
		{97A1A11C-AC73-4733-9427-F7DD637C19EF}.Debug|x64.Build.0 = Debug|x64
		{97A1A11C-AC73-4733-9427-F7DD637C19EF}.Debug|x86.ActiveCfg = Debug|Win32
		{97A1A11C-AC73-4733-9427-F7DD637C19EF}.Debug|x86.Build.0 = Debug|Win32
		{97A1A11C-AC73-4733-9427-F7DD637C19EF}.Release|x64.ActiveCfg = Release|x64
		{97A1A11C-AC73-4733-9427-F7DD637C19EF}.Release|x64.Build.0 = Release|x64
		{97A1A11C-AC73-4733-9427-F7DD637C19EF}.Release|x86.ActiveCfg = Release|Win32
		{97A1A11C-AC73-4733-9427-F7DD637C19EF}.Release|x86.Build.0 = Release|Win32
		{DF134B6E-72E4-48D5-97DC-D1EFA8EAF7D9}.Debug|x64.ActiveCfg = Debug|x64
		{DF134B6E-72E4-48D5-97DC-D1EFA8EAF7D9}.Debug|x64.Build.0 = Debug|x64
		{DF134B6E-72E4-48D5-97DC-D1EFA8EAF7D9}.Debug|x86.ActiveCfg = Debug|Win32
		{DF134B6E-72E4-48D5-97DC-D1EFA8EAF7D9}.Debug|x86.Build.0 = Debug|Win32
		{DF134B6E-72E4-48D5-97DC-D1EFA8EAF7D9}.Release|x64.ActiveCfg = Release|x64
		{DF134B6E-72E4-48D5-97DC-D1EFA8EAF7D9}.Release|x64.Build.0 = Release|x64
		{DF134B6E-72E4-48D5-97DC-D1EFA8EAF7D9}.Release|x86.ActiveCfg = Release|Win32
		{DF134B6E-72E4-48D5-97DC-D1EFA8EAF7D9}.Release|x86.Build.0 = Release|Win32
		{B316AE89-FB7D-483F-A66F-4C62C9DAD918}.Debug|x64.ActiveCfg = Debug|x64
		{B316AE89-FB7D-483F-A66F-4C62C9DAD918}.Debug|x64.Build.0 = Debug|x64
		{B316AE89-FB7D-483F-A66F-4C62C9DAD918}.Debug|x86.ActiveCfg = Debug|Win32
		{B316AE89-FB7D-483F-A66F-4C62C9DAD918}.Debug|x86.Build.0 = Debug|Win32
		{B316AE89-FB7D-483F-A66F-4C62C9DAD918}.Release|x64.ActiveCfg = Release|x64
		{B316AE89-FB7D-483F-A66F-4C62C9DAD918}.Release|x64.Build.0 = Release|x64
		{B316AE89-FB7D-483F-A66F-4C62C9DAD918}.Release|x86.ActiveCfg = Release|Win32
		{B316AE89-FB7D-483F-A66F-4C62C9DAD918}.Release|x86.Build.0 = Release|Win32
		{5AC78DBA-A9F2-4F88-B1FB-AD290A7E3D7C}.Debug|x64.ActiveCfg = Debug|x64
		{5AC78DBA-A9F2-4F88-B1FB-AD290A7E3D7C}.Debug|x64.Build.0 = Debug|x64
		{5AC78DBA-A9F2-4F88-B1FB-AD290A7E3D7C}.Debug|x86.ActiveCfg = Debug|Win32
		{5AC78DBA-A9F2-4F88-B1FB-AD290A7E3D7C}.Debug|x86.Build.0 = Debug|Win32
		{5AC78DBA-A9F2-4F88-B1FB-AD290A7E3D7C}.Release|x64.ActiveCfg = Release|x64
		{5AC78DBA-A9F2-4F88-B1FB-AD290A7E3D7C}.Release|x64.Build.0 = Release|x64
		{5AC78DBA-A9F2-4F88-B1FB-AD290A7E3D7C}.Release|x86.ActiveCfg = Release|Win32
		{5AC78DBA-A9F2-4F88-B1FB-AD290A7E3D7C}.Release|x86.Build.0 = Release|Win32
		{52089F9C-5549-4D9D-9B64-6E85F6E93D88}.Debug|x64.ActiveCfg = Debug|x64
		{52089F9C-5549-4D9D-9B64-6E85F6E93D88}.Debug|x64.Build.0 = Debug|x64
		{52089F9C-5549-4D9D-9B64-6E85F6E93D88}.Debug|x86.ActiveCfg = Debug|Win32
		{52089F9C-5549-4D9D-9B64-6E85F6E93D88}.Debug|x86.Build.0 = Debug|Win32
		{52089F9C-5549-4D9D-9B64-6E85F6E93D88}.Release|x64.ActiveCfg = Release|x64
		{52089F9C-5549-4D9D-9B64-6E85F6E93D88}.Release|x64.Build.0 = Release|x64
		{52089F9C-5549-4D9D-9B64-6E85F6E93D88}.Release|x86.ActiveCfg = Release|Win32
		{52089F9C-5549-4D9D-9B64-6E85F6E93D88}.Release|x86.Build.0 = Release|Win32
		{037EEC97-3952-456F-93A3-260E3E1D5D83}.Debug|x64.ActiveCfg = Debug|x64
		{037EEC97-3952-456F-93A3-260E3E1D5D83}.Debug|x64.Build.0 = Debug|x64
		{037EEC97-3952-456F-93A3-260E3E1D5D83}.Debug|x86.ActiveCfg = Debug|Win32
		{037EEC97-3952-456F-93A3-260E3E1D5D83}.Debug|x86.Build.0 = Debug|Win32
		{037EEC97-3952-456F-93A3-260E3E1D5D83}.Release|x64.ActiveCfg = Release|x64
		{037EEC97-3952-456F-93A3-260E3E1D5D83}.Release|x64.Build.0 = Release|x64
		{037EEC97-3952-456F-93A3-260E3E1D5D83}.Release|x86.ActiveCfg = Release|Win32
		{037EEC97-3952-456F-93A3-260E3E1D5D83}.Release|x86.Build.0 = Release|Win32
		{835C0A2D-69DD-40E3-BFBD-23D05A7F9BDF}.Debug|x64.ActiveCfg = Debug|x64
		{835C0A2D-69DD-40E3-BFBD-23D05A7F9BDF}.Debug|x64.Build.0 = Debug|x64
		{835C0A2D-69DD-40E3-BFBD-23D05A7F9BDF}.Debug|x86.ActiveCfg = Debug|Win32
		{835C0A2D-69DD-40E3-BFBD-23D05A7F9BDF}.Debug|x86.Build.0 = Debug|Win32
		{835C0A2D-69DD-40E3-BFBD-23D05A7F9BDF}.Release|x64.ActiveCfg = Release|x64
		{835C0A2D-69DD-40E3-BFBD-23D05A7F9BDF}.Release|x64.Build.0 = Release|x64
		{835C0A2D-69DD-40E3-BFBD-23D05A7F9BDF}.Release|x86.ActiveCfg = Release|Win32
		{835C0A2D-69DD-40E3-BFBD-23D05A7F9BDF}.Release|x86.Build.0 = Release|Win32
		{61AA52E4-5E30-4E53-8383-40C2B1C20DAB}.Debug|x64.ActiveCfg = Debug|x64
		{61AA52E4-5E30-4E53-8383-40C2B1C20DAB}.Debug|x64.Build.0 = Debug|x64
		{61AA52E4-5E30-4E53-8383-40C2B1C20DAB}.Debug|x86.ActiveCfg = Debug|Win32
		{61AA52E4-5E30-4E53-8383-40C2B1C20DAB}.Debug|x86.Build.0 = Debug|Win32
		{61AA52E4-5E30-4E53-8383-40C2B1C20DAB}.Release|x64.ActiveCfg = Release|x64
		{61AA52E4-5E30-4E53-8383-40C2B1C20DAB}.Release|x64.Build.0 = Release|x64
		{61AA52E4-5E30-4E53-8383-40C2B1C20DAB}.Release|x86.ActiveCfg = Release|Win32
		{61AA52E4-5E30-4E53-8383-40C2B1C20DAB}.Release|x86.Build.0 = Release|Win32
		{82DB2088-6431-436A-B23B-ECEFC1921ED8}.Debug|x64.ActiveCfg = Debug|x64
		{82DB2088-6431-436A-B23B-ECEFC1921ED8}.Debug|x64.Build.0 = Debug|x64
		{82DB2088-6431-436A-B23B-ECEFC1921ED8}.Debug|x86.ActiveCfg = Debug|Win32
		{82DB2088-6431-436A-B23B-ECEFC1921ED8}.Debug|x86.Build.0 = Debug|Win32
		{82DB2088-6431-436A-B23B-ECEFC1921ED8}.Release|x64.ActiveCfg = Release|x64
		{82DB2088-6431-436A-B23B-ECEFC1921ED8}.Release|x64.Build.0 = Release|x64
		{82DB2088-6431-436A-B23B-ECEFC1921ED8}.Release|x86.ActiveCfg = Release|Win32
		{82DB2088-6431-436A-B23B-ECEFC1921ED8}.Release|x86.Build.0 = Release|Win32
		{EFAFAF92-6912-4E6B-884D-3D1E2A496EB6}.Debug|x64.ActiveCfg = Debug|x64
		{EFAFAF92-6912-4E6B-884D-3D1E2A496EB6}.Debug|x64.Build.0 = Debug|x64
		{EFAFAF92-6912-4E6B-884D-3D1E2A496EB6}.Debug|x86.ActiveCfg = Debug|Win32
		{EFAFAF92-6912-4E6B-884D-3D1E2A496EB6}.Debug|x86.Build.0 = Debug|Win32
		{EFAFAF92-6912-4E6B-884D-3D1E2A496EB6}.Release|x64.ActiveCfg = Release|x64
		{EFAFAF92-6912-4E6B-884D-3D1E2A496EB6}.Release|x64.Build.0 = Release|x64
		{EFAFAF92-6912-4E6B-884D-3D1E2A496EB6}.Release|x86.ActiveCfg = Release|Win32
		{EFAFAF92-6912-4E6B-884D-3D1E2A496EB6}.Release|x86.Build.0 = Release|Win32
		{D67B663C-DEA5-4AD5-A745-5984102C5DD3}.Debug|x64.ActiveCfg = Debug|x64
		{D67B663C-DEA5-4AD5-A745-5984102C5DD3}.Debug|x64.Build.0 = Debug|x64
		{D67B663C-DEA5-4AD5-A745-5984102C5DD3}.Debug|x86.ActiveCfg = Debug|Win32
		{D67B663C-DEA5-4AD5-A745-5984102C5DD3}.Debug|x86.Build.0 = Debug|Win32
		{D67B663C-DEA5-4AD5-A745-5984102C5DD3}.Release|x64.ActiveCfg = Release|x64
		{D67B663C-DEA5-4AD5-A745-5984102C5DD3}.Release|x64.Build.0 = Release|x64
		{D67B663C-DEA5-4AD5-A745-5984102C5DD3}.Release|x86.ActiveCfg = Release|Win32
		{D67B663C-DEA5-4AD5-A745-5984102C5DD3}.Release|x86.Build.0 = Release|Win32
		{0E39CC3C-635E-4434-A3E6-63AA2EF1787B}.Debug|x64.ActiveCfg = Debug|x64
		{0E39CC3C-635E-4434-A3E6-63AA2EF1787B}.Debug|x64.Build.0 = Debug|x64
		{0E39CC3C-635E-4434-A3E6-63AA2EF1787B}.Debug|x86.ActiveCfg = Debug|Win32
		{0E39CC3C-635E-4434-A3E6-63AA2EF1787B}.Debug|x86.Build.0 = Debug|Win32
		{0E39CC3C-635E-4434-A3E6-63AA2EF1787B}.Release|x64.ActiveCfg = Release|x64
		{0E39CC3C-635E-4434-A3E6-63AA2EF1787B}.Release|x64.Build.0 = Release|x64
		{0E39CC3C-635E-4434-A3E6-63AA2EF1787B}.Release|x86.ActiveCfg = Release|Win32
		{0E39CC3C-635E-4434-A3E6-63AA2EF1787B}.Release|x86.Build.0 = Release|Win32
		{8A3B9BFA-A537-4AB6-B87E-679A644AA416}.Debug|x64.ActiveCfg = Debug|x64
		{8A3B9BFA-A537-4AB6-B87E-679A644AA416}.Debug|x64.Build.0 = Debug|x64
		{8A3B9BFA-A537-4AB6-B87E-679A644AA416}.Debug|x86.ActiveCfg = Debug|Win32
		{8A3B9BFA-A537-4AB6-B87E-679A644AA416}.Debug|x86.Build.0 = Debug|Win32
		{8A3B9BFA-A537-4AB6-B87E-679A644AA416}.Release|x64.ActiveCfg = Release|x64
		{8A3B9BFA-A537-4AB6-B87E-679A644AA416}.Release|x64.Build.0 = Release|x64
		{8A3B9BFA-A537-4AB6-B87E-679A644AA416}.Release|x86.ActiveCfg = Release|Win32
		{8A3B9BFA-A537-4AB6-B87E-679A644AA416}.Release|x86.Build.0 = Release|Win32
		{7B9AF702-924D-40F2-9E2C-C748B6F6AB0E}.Debug|x64.ActiveCfg = Debug|x64
		{7B9AF702-924D-40F2-9E2C-C748B6F6AB0E}.Debug|x64.Build.0 = Debug|x64
		{7B9AF702-924D-40F2-9E2C-C748B6F6AB0E}.Debug|x86.ActiveCfg = Debug|Win32
		{7B9AF702-924D-40F2-9E2C-C748B6F6AB0E}.Debug|x86.Build.0 = Debug|Win32
		{7B9AF702-924D-40F2-9E2C-C748B6F6AB0E}.Release|x64.ActiveCfg = Release|x64
		{7B9AF702-924D-40F2-9E2C-C748B6F6AB0E}.Release|x64.Build.0 = Release|x64
		{7B9AF702-924D-40F2-9E2C-C748B6F6AB0E}.Release|x86.ActiveCfg = Release|Win32
		{7B9AF702-924D-40F2-9E2C-C748B6F6AB0E}.Release|x86.Build.0 = Release|Win32
		{E1207834-1EA6-4D6E-9315-04CCFD89C7CD}.Debug|x64.ActiveCfg = Debug|x64
		{E1207834-1EA6-4D6E-9315-04CCFD89C7CD}.Debug|x64.Build.0 = Debug|x64
		{E1207834-1EA6-4D6E-9315-04CCFD89C7CD}.Debug|x86.ActiveCfg = Debug|Win32
		{E1207834-1EA6-4D6E-9315-04CCFD89C7CD}.Debug|x86.Build.0 = Debug|Win32
		{E1207834-1EA6-4D6E-9315-04CCFD89C7CD}.Release|x64.ActiveCfg = Release|x64
		{E1207834-1EA6-4D6E-9315-04CCFD89C7CD}.Release|x64.Build.0 = Release|x64
		{E1207834-1EA6-4D6E-9315-04CCFD89C7CD}.Release|x86.ActiveCfg = Release|Win32
		{E1207834-1EA6-4D6E-9315-04CCFD89C7CD}.Release|x86.Build.0 = Release|Win32
		{8F3EF5B2-E6C6-494B-AA01-D906A1CB66B1}.Debug|x64.ActiveCfg = Debug|x64
		{8F3EF5B2-E6C6-494B-AA01-D906A1CB66B1}.Debug|x64.Build.0 = Debug|x64
		{8F3EF5B2-E6C6-494B-AA01-D906A1CB66B1}.Debug|x86.ActiveCfg = Debug|Win32
		{8F3EF5B2-E6C6-494B-AA01-D906A1CB66B1}.Debug|x86.Build.0 = Debug|Win32
		{8F3EF5B2-E6C6-494B-AA01-D906A1CB66B1}.Release|x64.ActiveCfg = Release|x64
		{8F3EF5B2-E6C6-494B-AA01-D906A1CB66B1}.Release|x64.Build.0 = Release|x64
		{8F3EF5B2-E6C6-494B-AA01-D906A1CB66B1}.Release|x86.ActiveCfg = Release|Win32
		{8F3EF5B2-E6C6-494B-AA01-D906A1CB66B1}.Release|x86.Build.0 = Release|Win32
		{50871C1E-B2F7-4608-8411-DAB6BB2F933B}.Debug|x64.ActiveCfg = Debug|x64
		{50871C1E-B2F7-4608-8411-DAB6BB2F933B}.Debug|x64.Build.0 = Debug|x64
		{50871C1E-B2F7-4608-8411-DAB6BB2F933B}.Debug|x86.ActiveCfg = Debug|Win32
		{50871C1E-B2F7-4608-8411-DAB6BB2F933B}.Debug|x86.Build.0 = Debug|Win32
		{50871C1E-B2F7-4608-8411-DAB6BB2F933B}.Release|x64.ActiveCfg = Release|x64
		{50871C1E-B2F7-4608-8411-DAB6BB2F933B}.Release|x64.Build.0 = Release|x64
		{50871C1E-B2F7-4608-8411-DAB6BB2F933B}.Release|x86.ActiveCfg = Release|Win32
		{50871C1E-B2F7-4608-8411-DAB6BB2F933B}.Release|x86.Build.0 = Release|Win32
		{30E5E5D6-4E9A-4CA1-A0CB-6398AA084225}.Debug|x64.ActiveCfg = Debug|x64
		{30E5E5D6-4E9A-4CA1-A0CB-6398AA084225}.Debug|x64.Build.0 = Debug|x64
		{30E5E5D6-4E9A-4CA1-A0CB-6398AA084225}.Debug|x86.ActiveCfg = Debug|Win32
		{30E5E5D6-4E9A-4CA1-A0CB-6398AA084225}.Debug|x86.Build.0 = Debug|Win32
		{30E5E5D6-4E9A-4CA1-A0CB-6398AA084225}.Release|x64.ActiveCfg = Release|x64
		{30E5E5D6-4E9A-4CA1-A0CB-6398AA084225}.Release|x64.Build.0 = Release|x64
		{30E5E5D6-4E9A-4CA1-A0CB-6398AA084225}.Release|x86.ActiveCfg = Release|Win32
		{30E5E5D6-4E9A-4CA1-A0CB-6398AA084225}.Release|x86.Build.0 = Release|Win32
		{C977986E-773A-4300-9746-DD2C4281300F}.Debug|x64.ActiveCfg = Debug|x64
		{C977986E-773A-4300-9746-DD2C4281300F}.Debug|x64.Build.0 = Debug|x64
		{C977986E-773A-4300-9746-DD2C4281300F}.Debug|x86.ActiveCfg = Debug|Win32
		{C977986E-773A-4300-9746-DD2C4281300F}.Debug|x86.Build.0 = Debug|Win32
		{C977986E-773A-4300-9746-DD2C4281300F}.Release|x64.ActiveCfg = Release|x64
		{C977986E-773A-4300-9746-DD2C4281300F}.Release|x64.Build.0 = Release|x64
		{C977986E-773A-4300-9746-DD2C4281300F}.Release|x86.ActiveCfg = Release|Win32
		{C977986E-773A-4300-9746-DD2C4281300F}.Release|x86.Build.0 = Release|Win32
		{F4EFD3A9-6EA2-4119-A7AB-26C03E611D18}.Debug|x64.ActiveCfg = Debug|x64
		{F4EFD3A9-6EA2-4119-A7AB-26C03E611D18}.Debug|x64.Build.0 = Debug|x64
		{F4EFD3A9-6EA2-4119-A7AB-26C03E611D18}.Debug|x86.ActiveCfg = Debug|Win32
		{F4EFD3A9-6EA2-4119-A7AB-26C03E611D18}.Debug|x86.Build.0 = Debug|Win32
		{F4EFD3A9-6EA2-4119-A7AB-26C03E611D18}.Release|x64.ActiveCfg = Release|x64
		{F4EFD3A9-6EA2-4119-A7AB-26C03E611D18}.Release|x64.Build.0 = Release|x64
		{F4EFD3A9-6EA2-4119-A7AB-26C03E611D18}.Release|x86.ActiveCfg = Release|Win32
		{F4EFD3A9-6EA2-4119-A7AB-26C03E611D18}.Release|x86.Build.0 = Release|Win32
		{343DE5A5-A67C-4E7C-AC55-30C8972DFC62}.Debug|x64.ActiveCfg = Debug|x64
		{343DE5A5-A67C-4E7C-AC55-30C8972DFC62}.Debug|x64.Build.0 = Debug|x64
		{343DE5A5-A67C-4E7C-AC55-30C8972DFC62}.Debug|x86.ActiveCfg = Debug|Win32
		{343DE5A5-A67C-4E7C-AC55-30C8972DFC62}.Debug|x86.Build.0 = Debug|Win32
		{343DE5A5-A67C-4E7C-AC55-30C8972DFC62}.Release|x64.ActiveCfg = Release|x64
		{343DE5A5-A67C-4E7C-AC55-30C8972DFC62}.Release|x64.Build.0 = Release|x64
		{343DE5A5-A67C-4E7C-AC55-30C8972DFC62}.Release|x86.ActiveCfg = Release|Win32
		{343DE5A5-A67C-4E7C-AC55-30C8972DFC62}.Release|x86.Build.0 = Release|Win32
		{67F90DCD-8F9C-4130-8595-07B86DB49116}.Debug|x64.ActiveCfg = Debug|x64
		{67F90DCD-8F9C-4130-8595-07B86DB49116}.Debug|x64.Build.0 = Debug|x64
		{67F90DCD-8F9C-4130-8595-07B86DB49116}.Debug|x86.ActiveCfg = Debug|Win32
		{67F90DCD-8F9C-4130-8595-07B86DB49116}.Debug|x86.Build.0 = Debug|Win32
		{67F90DCD-8F9C-4130-8595-07B86DB49116}.Release|x64.ActiveCfg = Release|x64
		{67F90DCD-8F9C-4130-8595-07B86DB49116}.Release|x64.Build.0 = Release|x64
		{67F90DCD-8F9C-4130-8595-07B86DB49116}.Release|x86.ActiveCfg = Release|Win32
		{67F90DCD-8F9C-4130-8595-07B86DB49116}.Release|x86.Build.0 = Release|Win32
		{E0B3B8B6-1077-4D8E-8FED-88BE24FC3B5D}.Debug|x64.ActiveCfg = Debug|x64
		{E0B3B8B6-1077-4D8E-8FED-88BE24FC3B5D}.Debug|x64.Build.0 = Debug|x64
		{E0B3B8B6-1077-4D8E-8FED-88BE24FC3B5D}.Debug|x86.ActiveCfg = Debug|Win32
		{E0B3B8B6-1077-4D8E-8FED-88BE24FC3B5D}.Debug|x86.Build.0 = Debug|Win32
		{E0B3B8B6-1077-4D8E-8FED-88BE24FC3B5D}.Release|x64.ActiveCfg = Release|x64
		{E0B3B8B6-1077-4D8E-8FED-88BE24FC3B5D}.Release|x64.Build.0 = Release|x64
		{E0B3B8B6-1077-4D8E-8FED-88BE24FC3B5D}.Release|x86.ActiveCfg = Release|Win32
		{E0B3B8B6-1077-4D8E-8FED-88BE24FC3B5D}.Release|x86.Build.0 = Release|Win32
		{CD3C0054-1F45-4A4C-840D-3405CBE30B1D}.Debug|x64.ActiveCfg = Debug|x64
		{CD3C0054-1F45-4A4C-840D-3405CBE30B1D}.Debug|x64.Build.0 = Debug|x64
		{CD3C0054-1F45-4A4C-840D-3405CBE30B1D}.Debug|x86.ActiveCfg = Debug|Win32
		{CD3C0054-1F45-4A4C-840D-3405CBE30B1D}.Debug|x86.Build.0 = Debug|Win32
		{CD3C0054-1F45-4A4C-840D-3405CBE30B1D}.Release|x64.ActiveCfg = Release|x64
		{CD3C0054-1F45-4A4C-840D-3405CBE30B1D}.Release|x64.Build.0 = Release|x64
		{CD3C0054-1F45-4A4C-840D-3405CBE30B1D}.Release|x86.ActiveCfg = Release|Win32
		{CD3C0054-1F45-4A4C-840D-3405CBE30B1D}.Release|x86.Build.0 = Release|Win32
		{D8E8739A-0E5D-4247-B8D1-193B0DBEF26C}.Debug|x64.ActiveCfg = Debug|x64
		{D8E8739A-0E5D-4247-B8D1-193B0DBEF26C}.Debug|x64.Build.0 = Debug|x64
		{D8E8739A-0E5D-4247-B8D1-193B0DBEF26C}.Debug|x86.ActiveCfg = Debug|Win32
		{D8E8739A-0E5D-4247-B8D1-193B0DBEF26C}.Debug|x86.Build.0 = Debug|Win32
		{D8E8739A-0E5D-4247-B8D1-193B0DBEF26C}.Release|x64.ActiveCfg = Release|x64
		{D8E8739A-0E5D-4247-B8D1-193B0DBEF26C}.Release|x64.Build.0 = Release|x64
		{D8E8739A-0E5D-4247-B8D1-193B0DBEF26C}.Release|x86.ActiveCfg = Release|Win32
		{D8E8739A-0E5D-4247-B8D1-193B0DBEF26C}.Release|x86.Build.0 = Release|Win32
		{73909347-B426-44C1-873F-0D77D6AEB5E7}.Debug|x64.ActiveCfg = Debug|x64
		{73909347-B426-44C1-873F-0D77D6AEB5E7}.Debug|x64.Build.0 = Debug|x64
		{73909347-B426-44C1-873F-0D77D6AEB5E7}.Debug|x86.ActiveCfg = Debug|Win32
		{73909347-B426-44C1-873F-0D77D6AEB5E7}.Debug|x86.Build.0 = Debug|Win32
		{73909347-B426-44C1-873F-0D77D6AEB5E7}.Release|x64.ActiveCfg = Release|x64
		{73909347-B426-44C1-873F-0D77D6AEB5E7}.Release|x64.Build.0 = Release|x64
		{73909347-B426-44C1-873F-0D77D6AEB5E7}.Release|x86.ActiveCfg = Release|Win32
		{73909347-B426-44C1-873F-0D77D6AEB5E7}.Release|x86.Build.0 = Release|Win32
		{1F4E50FC-8E91-4C7E-95A3-0815864044D5}.Debug|x64.ActiveCfg = Debug|x64
		{1F4E50FC-8E91-4C7E-95A3-0815864044D5}.Debug|x64.Build.0 = Debug|x64
		{1F4E50FC-8E91-4C7E-95A3-0815864044D5}.Debug|x86.ActiveCfg = Debug|Win32
		{1F4E50FC-8E91-4C7E-95A3-0815864044D5}.Debug|x86.Build.0 = Debug|Win32
		{1F4E50FC-8E91-4C7E-95A3-0815864044D5}.Release|x64.ActiveCfg = Release|x64
		{1F4E50FC-8E91-4C7E-95A3-0815864044D5}.Release|x64.Build.0 = Release|x64
		{1F4E50FC-8E91-4C7E-95A3-0815864044D5}.Release|x86.ActiveCfg = Release|Win32
		{1F4E50FC-8E91-4C7E-95A3-0815864044D5}.Release|x86.Build.0 = Release|Win32
		{5E64D1A3-B4DC-42F1-B7DF-9E62AB2232A8}.Debug|x64.ActiveCfg = Debug|x64
		{5E64D1A3-B4DC-42F1-B7DF-9E62AB2232A8}.Debug|x64.Build.0 = Debug|x64
		{5E64D1A3-B4DC-42F1-B7DF-9E62AB2232A8}.Debug|x86.ActiveCfg = Debug|Win32
		{5E64D1A3-B4DC-42F1-B7DF-9E62AB2232A8}.Debug|x86.Build.0 = Debug|Win32
		{5E64D1A3-B4DC-42F1-B7DF-9E62AB2232A8}.Release|x64.ActiveCfg = Release|x64
		{5E64D1A3-B4DC-42F1-B7DF-9E62AB2232A8}.Release|x64.Build.0 = Release|x64
		{5E64D1A3-B4DC-42F1-B7DF-9E62AB2232A8}.Release|x86.ActiveCfg = Release|Win32
		{5E64D1A3-B4DC-42F1-B7DF-9E62AB2232A8}.Release|x86.Build.0 = Release|Win32
		{2D9E87F7-FB8E-4EC4-A927-EFFA3F2AF25E}.Debug|x64.ActiveCfg = Debug|x64
		{2D9E87F7-FB8E-4EC4-A927-EFFA3F2AF25E}.Debug|x64.Build.0 = Debug|x64
		{2D9E87F7-FB8E-4EC4-A927-EFFA3F2AF25E}.Debug|x86.ActiveCfg = Debug|Win32
		{2D9E87F7-FB8E-4EC4-A927-EFFA3F2AF25E}.Debug|x86.Build.0 = Debug|Win32
		{2D9E87F7-FB8E-4EC4-A927-EFFA3F2AF25E}.Release|x64.ActiveCfg = Release|x64
		{2D9E87F7-FB8E-4EC4-A927-EFFA3F2AF25E}.Release|x64.Build.0 = Release|x64
		{2D9E87F7-FB8E-4EC4-A927-EFFA3F2AF25E}.Release|x86.ActiveCfg = Release|Win32
		{2D9E87F7-FB8E-4EC4-A927-EFFA3F2AF25E}.Release|x86.Build.0 = Release|Win32
		{C005C90D-44A5-4CE3-B366-0E3AE3E44D67}.Debug|x64.ActiveCfg = Debug|x64
		{C005C90D-44A5-4CE3-B366-0E3AE3E44D67}.Debug|x64.Build.0 = Debug|x64
		{C005C90D-44A5-4CE3-B366-0E3AE3E44D67}.Debug|x86.ActiveCfg = Debug|Win32
		{C005C90D-44A5-4CE3-B366-0E3AE3E44D67}.Debug|x86.Build.0 = Debug|Win32
		{C005C90D-44A5-4CE3-B366-0E3AE3E44D67}.Release|x64.ActiveCfg = Release|x64
		{C005C90D-44A5-4CE3-B366-0E3AE3E44D67}.Release|x64.Build.0 = Release|x64
		{C005C90D-44A5-4CE3-B366-0E3AE3E44D67}.Release|x86.ActiveCfg = Release|Win32
		{C005C90D-44A5-4CE3-B366-0E3AE3E44D67}.Release|x86.Build.0 = Release|Win32
		{55FEC8A4-C919-4BFC-A73A-DBB46E972C75}.Debug|x64.ActiveCfg = Debug|x64
		{55FEC8A4-C919-4BFC-A73A-DBB46E972C75}.Debug|x64.Build.0 = Debug|x64
		{55FEC8A4-C919-4BFC-A73A-DBB46E972C75}.Debug|x86.ActiveCfg = Debug|Win32
		{55FEC8A4-C919-4BFC-A73A-DBB46E972C75}.Debug|x86.Build.0 = Debug|Win32
		{55FEC8A4-C919-4BFC-A73A-DBB46E972C75}.Release|x64.ActiveCfg = Release|x64
		{55FEC8A4-C919-4BFC-A73A-DBB46E972C75}.Release|x64.Build.0 = Release|x64
		{55FEC8A4-C919-4BFC-A73A-DBB46E972C75}.Release|x86.ActiveCfg = Release|Win32
		{55FEC8A4-C919-4BFC-A73A-DBB46E972C75}.Release|x86.Build.0 = Release|Win32
		{424FD365-F041-4F03-8090-FE619E282248}.Debug|x64.ActiveCfg = Debug|x64
		{424FD365-F041-4F03-8090-FE619E282248}.Debug|x64.Build.0 = Debug|x64
		{424FD365-F041-4F03-8090-FE619E282248}.Debug|x86.ActiveCfg = Debug|Win32
		{424FD365-F041-4F03-8090-FE619E282248}.Debug|x86.Build.0 = Debug|Win32
		{424FD365-F041-4F03-8090-FE619E282248}.Release|x64.ActiveCfg = Release|x64
		{424FD365-F041-4F03-8090-FE619E282248}.Release|x64.Build.0 = Release|x64
		{424FD365-F041-4F03-8090-FE619E282248}.Release|x86.ActiveCfg = Release|Win32
		{424FD365-F041-4F03-8090-FE619E282248}.Release|x86.Build.0 = Release|Win32
		{C093BEFE-AD4C-4DE2-8EF4-02EB36EE3C18}.Debug|x64.ActiveCfg = Debug|x64
		{C093BEFE-AD4C-4DE2-8EF4-02EB36EE3C18}.Debug|x64.Build.0 = Debug|x64
		{C093BEFE-AD4C-4DE2-8EF4-02EB36EE3C18}.Debug|x86.ActiveCfg = Debug|Win32
		{C093BEFE-AD4C-4DE2-8EF4-02EB36EE3C18}.Debug|x86.Build.0 = Debug|Win32
		{C093BEFE-AD4C-4DE2-8EF4-02EB36EE3C18}.Release|x64.ActiveCfg = Release|x64
		{C093BEFE-AD4C-4DE2-8EF4-02EB36EE3C18}.Release|x64.Build.0 = Release|x64
		{C093BEFE-AD4C-4DE2-8EF4-02EB36EE3C18}.Release|x86.ActiveCfg = Release|Win32
		{C093BEFE-AD4C-4DE2-8EF4-02EB36EE3C18}.Release|x86.Build.0 = Release|Win32
		{4B4D411F-6B08-4F46-BD77-DBB8A3DEC33D}.Debug|x64.ActiveCfg = Debug|x64
		{4B4D411F-6B08-4F46-BD77-DBB8A3DEC33D}.Debug|x64.Build.0 = Debug|x64
		{4B4D411F-6B08-4F46-BD77-DBB8A3DEC33D}.Debug|x86.ActiveCfg = Debug|Win32
		{4B4D411F-6B08-4F46-BD77-DBB8A3DEC33D}.Debug|x86.Build.0 = Debug|Win32
		{4B4D411F-6B08-4F46-BD77-DBB8A3DEC33D}.Release|x64.ActiveCfg = Release|x64
		{4B4D411F-6B08-4F46-BD77-DBB8A3DEC33D}.Release|x64.Build.0 = Release|x64
		{4B4D411F-6B08-4F46-BD77-DBB8A3DEC33D}.Release|x86.ActiveCfg = Release|Win32
		{4B4D411F-6B08-4F46-BD77-DBB8A3DEC33D}.Release|x86.Build.0 = Release|Win32
		{56490D8F-FAD7-413A-937C-C5ED25BF5B63}.Debug|x64.ActiveCfg = Debug|x64
		{56490D8F-FAD7-413A-937C-C5ED25BF5B63}.Debug|x64.Build.0 = Debug|x64
		{56490D8F-FAD7-413A-937C-C5ED25BF5B63}.Debug|x86.ActiveCfg = Debug|Win32
		{56490D8F-FAD7-413A-937C-C5ED25BF5B63}.Debug|x86.Build.0 = Debug|Win32
		{56490D8F-FAD7-413A-937C-C5ED25BF5B63}.Release|x64.ActiveCfg = Release|x64
		{56490D8F-FAD7-413A-937C-C5ED25BF5B63}.Release|x64.Build.0 = Release|x64
		{56490D8F-FAD7-413A-937C-C5ED25BF5B63}.Release|x86.ActiveCfg = Release|Win32
		{56490D8F-FAD7-413A-937C-C5ED25BF5B63}.Release|x86.Build.0 = Release|Win32
		{83086CD1-DBB3-4E12-9A3B-B12886D6B4F2}.Debug|x64.ActiveCfg = Debug|x64
		{83086CD1-DBB3-4E12-9A3B-B12886D6B4F2}.Debug|x64.Build.0 = Debug|x64
		{83086CD1-DBB3-4E12-9A3B-B12886D6B4F2}.Debug|x86.ActiveCfg = Debug|Win32
		{83086CD1-DBB3-4E12-9A3B-B12886D6B4F2}.Debug|x86.Build.0 = Debug|Win32
		{83086CD1-DBB3-4E12-9A3B-B12886D6B4F2}.Release|x64.ActiveCfg = Release|x64
		{83086CD1-DBB3-4E12-9A3B-B12886D6B4F2}.Release|x64.Build.0 = Release|x64
		{83086CD1-DBB3-4E12-9A3B-B12886D6B4F2}.Release|x86.ActiveCfg = Release|Win32
		{83086CD1-DBB3-4E12-9A3B-B12886D6B4F2}.Release|x86.Build.0 = Release|Win32
		{0996ADAC-4F95-4F5C-9E69-D52F65324209}.Debug|x64.ActiveCfg = Debug|x64
		{0996ADAC-4F95-4F5C-9E69-D52F65324209}.Debug|x64.Build.0 = Debug|x64
		{0996ADAC-4F95-4F5C-9E69-D52F65324209}.Debug|x86.ActiveCfg = Debug|Win32
		{0996ADAC-4F95-4F5C-9E69-D52F65324209}.Debug|x86.Build.0 = Debug|Win32
		{0996ADAC-4F95-4F5C-9E69-D52F65324209}.Release|x64.ActiveCfg = Release|x64
		{0996ADAC-4F95-4F5C-9E69-D52F65324209}.Release|x64.Build.0 = Release|x64
		{0996ADAC-4F95-4F5C-9E69-D52F65324209}.Release|x86.ActiveCfg = Release|Win32
		{0996ADAC-4F95-4F5C-9E69-D52F65324209}.Release|x86.Build.0 = Release|Win32
		{D30EFD46-5A02-4FC3-8601-48C0FC4C2CE4}.Debug|x64.ActiveCfg = Debug|x64
		{D30EFD46-5A02-4FC3-8601-48C0FC4C2CE4}.Debug|x64.Build.0 = Debug|x64
		{D30EFD46-5A02-4FC3-8601-48C0FC4C2CE4}.Debug|x86.ActiveCfg = Debug|Win32
		{D30EFD46-5A02-4FC3-8601-48C0FC4C2CE4}.Debug|x86.Build.0 = Debug|Win32
		{D30EFD46-5A02-4FC3-8601-48C0FC4C2CE4}.Release|x64.ActiveCfg = Release|x64
		{D30EFD46-5A02-4FC3-8601-48C0FC4C2CE4}.Release|x64.Build.0 = Release|x64
		{D30EFD46-5A02-4FC3-8601-48C0FC4C2CE4}.Release|x86.ActiveCfg = Release|Win32
		{D30EFD46-5A02-4FC3-8601-48C0FC4C2CE4}.Release|x86.Build.0 = Release|Win32
		{E5EB0169-C664-41CF-9B23-00C0114C8640}.Debug|x64.ActiveCfg = Debug|x64
		{E5EB0169-C664-41CF-9B23-00C0114C8640}.Debug|x64.Build.0 = Debug|x64
		{E5EB0169-C664-41CF-9B23-00C0114C8640}.Debug|x86.ActiveCfg = Debug|Win32
		{E5EB0169-C664-41CF-9B23-00C0114C8640}.Debug|x86.Build.0 = Debug|Win32
		{E5EB0169-C664-41CF-9B23-00C0114C8640}.Release|x64.ActiveCfg = Release|x64
		{E5EB0169-C664-41CF-9B23-00C0114C8640}.Release|x64.Build.0 = Release|x64
		{E5EB0169-C664-41CF-9B23-00C0114C8640}.Release|x86.ActiveCfg = Release|Win32
		{E5EB0169-C664-41CF-9B23-00C0114C8640}.Release|x86.Build.0 = Release|Win32
		{F8B587CA-E9AD-4D3F-896E-91AEA0ABFF89}.Debug|x64.ActiveCfg = Debug|x64
		{F8B587CA-E9AD-4D3F-896E-91AEA0ABFF89}.Debug|x64.Build.0 = Debug|x64
		{F8B587CA-E9AD-4D3F-896E-91AEA0ABFF89}.Debug|x86.ActiveCfg = Debug|Win32
		{F8B587CA-E9AD-4D3F-896E-91AEA0ABFF89}.Debug|x86.Build.0 = Debug|Win32
		{F8B587CA-E9AD-4D3F-896E-91AEA0ABFF89}.Release|x64.ActiveCfg = Release|x64
		{F8B587CA-E9AD-4D3F-896E-91AEA0ABFF89}.Release|x64.Build.0 = Release|x64
		{F8B587CA-E9AD-4D3F-896E-91AEA0ABFF89}.Release|x86.ActiveCfg = Release|Win32
		{F8B587CA-E9AD-4D3F-896E-91AEA0ABFF89}.Release|x86.Build.0 = Release|Win32
		{54FF7ED8-CEC8-44AA-8DC2-720C629A280D}.Debug|x64.ActiveCfg = Debug|x64
		{54FF7ED8-CEC8-44AA-8DC2-720C629A280D}.Debug|x64.Build.0 = Debug|x64
		{54FF7ED8-CEC8-44AA-8DC2-720C629A280D}.Debug|x86.ActiveCfg = Debug|Win32
		{54FF7ED8-CEC8-44AA-8DC2-720C629A280D}.Debug|x86.Build.0 = Debug|Win32
		{54FF7ED8-CEC8-44AA-8DC2-720C629A280D}.Release|x64.ActiveCfg = Release|x64
		{54FF7ED8-CEC8-44AA-8DC2-720C629A280D}.Release|x64.Build.0 = Release|x64
		{54FF7ED8-CEC8-44AA-8DC2-720C629A280D}.Release|x86.ActiveCfg = Release|Win32
		{54FF7ED8-CEC8-44AA-8DC2-720C629A280D}.Release|x86.Build.0 = Release|Win32
		{F8F323D4-E05B-4FB0-BB50-B2F1E40DDCCC}.Debug|x64.ActiveCfg = Debug|x64
		{F8F323D4-E05B-4FB0-BB50-B2F1E40DDCCC}.Debug|x64.Build.0 = Debug|x64
		{F8F323D4-E05B-4FB0-BB50-B2F1E40DDCCC}.Debug|x86.ActiveCfg = Debug|Win32
		{F8F323D4-E05B-4FB0-BB50-B2F1E40DDCCC}.Debug|x86.Build.0 = Debug|Win32
		{F8F323D4-E05B-4FB0-BB50-B2F1E40DDCCC}.Release|x64.ActiveCfg = Release|x64
		{F8F323D4-E05B-4FB0-BB50-B2F1E40DDCCC}.Release|x64.Build.0 = Release|x64
		{F8F323D4-E05B-4FB0-BB50-B2F1E40DDCCC}.Release|x86.ActiveCfg = Release|Win32
		{F8F323D4-E05B-4FB0-BB50-B2F1E40DDCCC}.Release|x86.Build.0 = Release|Win32
		{D969B704-2B11-4FF9-AD69-5BE2D7A6EB44}.Debug|x64.ActiveCfg = Debug|x64
		{D969B704-2B11-4FF9-AD69-5BE2D7A6EB44}.Debug|x64.Build.0 = Debug|x64
		{D969B704-2B11-4FF9-AD69-5BE2D7A6EB44}.Debug|x86.ActiveCfg = Debug|Win32
		{D969B704-2B11-4FF9-AD69-5BE2D7A6EB44}.Debug|x86.Build.0 = Debug|Win32
		{D969B704-2B11-4FF9-AD69-5BE2D7A6EB44}.Release|x64.ActiveCfg = Release|x64
		{D969B704-2B11-4FF9-AD69-5BE2D7A6EB44}.Release|x64.Build.0 = Release|x64
		{D969B704-2B11-4FF9-AD69-5BE2D7A6EB44}.Release|x86.ActiveCfg = Release|Win32
		{D969B704-2B11-4FF9-AD69-5BE2D7A6EB44}.Release|x86.Build.0 = Release|Win32
		{7235324C-E34D-474A-B664-7F968BC44063}.Debug|x64.ActiveCfg = Debug|x64
		{7235324C-E34D-474A-B664-7F968BC44063}.Debug|x64.Build.0 = Debug|x64
		{7235324C-E34D-474A-B664-7F968BC44063}.Debug|x86.ActiveCfg = Debug|Win32
		{7235324C-E34D-474A-B664-7F968BC44063}.Debug|x86.Build.0 = Debug|Win32
		{7235324C-E34D-474A-B664-7F968BC44063}.Release|x64.ActiveCfg = Release|x64
		{7235324C-E34D-474A-B664-7F968BC44063}.Release|x64.Build.0 = Release|x64
		{7235324C-E34D-474A-B664-7F968BC44063}.Release|x86.ActiveCfg = Release|Win32
		{7235324C-E34D-474A-B664-7F968BC44063}.Release|x86.Build.0 = Release|Win32
		{8225A2F9-6BFF-4CB8-8A29-44EFA4492F81}.Debug|x64.ActiveCfg = Debug|x64
		{8225A2F9-6BFF-4CB8-8A29-44EFA4492F81}.Debug|x64.Build.0 = Debug|x64
		{8225A2F9-6BFF-4CB8-8A29-44EFA4492F81}.Debug|x86.ActiveCfg = Debug|Win32
		{8225A2F9-6BFF-4CB8-8A29-44EFA4492F81}.Debug|x86.Build.0 = Debug|Win32
		{8225A2F9-6BFF-4CB8-8A29-44EFA4492F81}.Release|x64.ActiveCfg = Release|x64
		{8225A2F9-6BFF-4CB8-8A29-44EFA4492F81}.Release|x64.Build.0 = Release|x64
		{8225A2F9-6BFF-4CB8-8A29-44EFA4492F81}.Release|x86.ActiveCfg = Release|Win32
		{8225A2F9-6BFF-4CB8-8A29-44EFA4492F81}.Release|x86.Build.0 = Release|Win32
		{2A0C942F-B4A5-4D2F-9E60-194EEE9CAF4F}.Debug|x64.ActiveCfg = Debug|x64
		{2A0C942F-B4A5-4D2F-9E60-194EEE9CAF4F}.Debug|x64.Build.0 = Debug|x64
		{2A0C942F-B4A5-4D2F-9E60-194EEE9CAF4F}.Debug|x86.ActiveCfg = Debug|Win32
		{2A0C942F-B4A5-4D2F-9E60-194EEE9CAF4F}.Debug|x86.Build.0 = Debug|Win32
		{2A0C942F-B4A5-4D2F-9E60-194EEE9CAF4F}.Release|x64.ActiveCfg = Release|x64
		{2A0C942F-B4A5-4D2F-9E60-194EEE9CAF4F}.Release|x64.Build.0 = Release|x64
		{2A0C942F-B4A5-4D2F-9E60-194EEE9CAF4F}.Release|x86.ActiveCfg = Release|Win32
		{2A0C942F-B4A5-4D2F-9E60-194EEE9CAF4F}.Release|x86.Build.0 = Release|Win32
		{809E0619-FBF4-4608-85DC-C5599934DB8F}.Debug|x64.ActiveCfg = Debug|x64
		{809E0619-FBF4-4608-85DC-C5599934DB8F}.Debug|x64.Build.0 = Debug|x64
		{809E0619-FBF4-4608-85DC-C5599934DB8F}.Debug|x86.ActiveCfg = Debug|Win32
		{809E0619-FBF4-4608-85DC-C5599934DB8F}.Debug|x86.Build.0 = Debug|Win32
		{809E0619-FBF4-4608-85DC-C5599934DB8F}.Release|x64.ActiveCfg = Release|x64
		{809E0619-FBF4-4608-85DC-C5599934DB8F}.Release|x64.Build.0 = Release|x64
		{809E0619-FBF4-4608-85DC-C5599934DB8F}.Release|x86.ActiveCfg = Release|Win32
		{809E0619-FBF4-4608-85DC-C5599934DB8F}.Release|x86.Build.0 = Release|Win32
		{72123F2E-CB66-42C8-86E8-0799912A5B80}.Debug|x64.ActiveCfg = Debug|x64
		{72123F2E-CB66-42C8-86E8-0799912A5B80}.Debug|x64.Build.0 = Debug|x64
		{72123F2E-CB66-42C8-86E8-0799912A5B80}.Debug|x86.ActiveCfg = Debug|Win32
		{72123F2E-CB66-42C8-86E8-0799912A5B80}.Debug|x86.Build.0 = Debug|Win32
		{72123F2E-CB66-42C8-86E8-0799912A5B80}.Release|x64.ActiveCfg = Release|x64
		{72123F2E-CB66-42C8-86E8-0799912A5B80}.Release|x64.Build.0 = Release|x64
		{72123F2E-CB66-42C8-86E8-0799912A5B80}.Release|x86.ActiveCfg = Release|Win32
		{72123F2E-CB66-42C8-86E8-0799912A5B80}.Release|x86.Build.0 = Release|Win32
		{071085B3-E3FF-4C6D-829F-4DFC6565D44F}.Debug|x64.ActiveCfg = Debug|x64
		{071085B3-E3FF-4C6D-829F-4DFC6565D44F}.Debug|x64.Build.0 = Debug|x64
		{071085B3-E3FF-4C6D-829F-4DFC6565D44F}.Debug|x86.ActiveCfg = Debug|Win32
		{071085B3-E3FF-4C6D-829F-4DFC6565D44F}.Debug|x86.Build.0 = Debug|Win32
		{071085B3-E3FF-4C6D-829F-4DFC6565D44F}.Release|x64.ActiveCfg = Release|x64
		{071085B3-E3FF-4C6D-829F-4DFC6565D44F}.Release|x64.Build.0 = Release|x64
		{071085B3-E3FF-4C6D-829F-4DFC6565D44F}.Release|x86.ActiveCfg = Release|Win32
		{071085B3-E3FF-4C6D-829F-4DFC6565D44F}.Release|x86.Build.0 = Release|Win32
		{4373B819-1C38-4C0E-AF3E-51D2F37F1D30}.Debug|x64.ActiveCfg = Debug|x64
		{4373B819-1C38-4C0E-AF3E-51D2F37F1D30}.Debug|x64.Build.0 = Debug|x64
		{4373B819-1C38-4C0E-AF3E-51D2F37F1D30}.Debug|x86.ActiveCfg = Debug|Win32
		{4373B819-1C38-4C0E-AF3E-51D2F37F1D30}.Debug|x86.Build.0 = Debug|Win32
		{4373B819-1C38-4C0E-AF3E-51D2F37F1D30}.Release|x64.ActiveCfg = Release|x64
		{4373B819-1C38-4C0E-AF3E-51D2F37F1D30}.Release|x64.Build.0 = Release|x64
		{4373B819-1C38-4C0E-AF3E-51D2F37F1D30}.Release|x86.ActiveCfg = Release|Win32
		{4373B819-1C38-4C0E-AF3E-51D2F37F1D30}.Release|x86.Build.0 = Release|Win32
		{31132803-DDA0-49B3-A696-4DED95F47784}.Debug|x64.ActiveCfg = Debug|x64
		{31132803-DDA0-49B3-A696-4DED95F47784}.Debug|x64.Build.0 = Debug|x64
		{31132803-DDA0-49B3-A696-4DED95F47784}.Debug|x86.ActiveCfg = Debug|Win32
		{31132803-DDA0-49B3-A696-4DED95F47784}.Debug|x86.Build.0 = Debug|Win32
		{31132803-DDA0-49B3-A696-4DED95F47784}.Release|x64.ActiveCfg = Release|x64
		{31132803-DDA0-49B3-A696-4DED95F47784}.Release|x64.Build.0 = Release|x64
		{31132803-DDA0-49B3-A696-4DED95F47784}.Release|x86.ActiveCfg = Release|Win32
		{31132803-DDA0-49B3-A696-4DED95F47784}.Release|x86.Build.0 = Release|Win32
		{983FF085-E80A-48D1-91CA-1822D0BFB11D}.Debug|x64.ActiveCfg = Debug|x64
		{983FF085-E80A-48D1-91CA-1822D0BFB11D}.Debug|x64.Build.0 = Debug|x64
		{983FF085-E80A-48D1-91CA-1822D0BFB11D}.Debug|x86.ActiveCfg = Debug|Win32
		{983FF085-E80A-48D1-91CA-1822D0BFB11D}.Debug|x86.Build.0 = Debug|Win32
		{983FF085-E80A-48D1-91CA-1822D0BFB11D}.Release|x64.ActiveCfg = Release|x64
		{983FF085-E80A-48D1-91CA-1822D0BFB11D}.Release|x64.Build.0 = Release|x64
		{983FF085-E80A-48D1-91CA-1822D0BFB11D}.Release|x86.ActiveCfg = Release|Win32
		{983FF085-E80A-48D1-91CA-1822D0BFB11D}.Release|x86.Build.0 = Release|Win32
		{B8A66F53-6BA5-42D6-A2B7-82AB84B35328}.Debug|x64.ActiveCfg = Debug|x64
		{B8A66F53-6BA5-42D6-A2B7-82AB84B35328}.Debug|x64.Build.0 = Debug|x64
		{B8A66F53-6BA5-42D6-A2B7-82AB84B35328}.Debug|x86.ActiveCfg = Debug|Win32
		{B8A66F53-6BA5-42D6-A2B7-82AB84B35328}.Debug|x86.Build.0 = Debug|Win32
		{B8A66F53-6BA5-42D6-A2B7-82AB84B35328}.Release|x64.ActiveCfg = Release|x64
		{B8A66F53-6BA5-42D6-A2B7-82AB84B35328}.Release|x64.Build.0 = Release|x64
		{B8A66F53-6BA5-42D6-A2B7-82AB84B35328}.Release|x86.ActiveCfg = Release|Win32
		{B8A66F53-6BA5-42D6-A2B7-82AB84B35328}.Release|x86.Build.0 = Release|Win32
		{4935DAD7-D950-433B-B50E-7E7559205E5E}.Debug|x64.ActiveCfg = Debug|x64
		{4935DAD7-D950-433B-B50E-7E7559205E5E}.Debug|x64.Build.0 = Debug|x64
		{4935DAD7-D950-433B-B50E-7E7559205E5E}.Debug|x86.ActiveCfg = Debug|Win32
		{4935DAD7-D950-433B-B50E-7E7559205E5E}.Debug|x86.Build.0 = Debug|Win32
		{4935DAD7-D950-433B-B50E-7E7559205E5E}.Release|x64.ActiveCfg = Release|x64
		{4935DAD7-D950-433B-B50E-7E7559205E5E}.Release|x64.Build.0 = Release|x64
		{4935DAD7-D950-433B-B50E-7E7559205E5E}.Release|x86.ActiveCfg = Release|Win32
		{4935DAD7-D950-433B-B50E-7E7559205E5E}.Release|x86.Build.0 = Release|Win32
		{24991DC9-3A9D-4B25-9B0F-7DBF15575FD9}.Debug|x64.ActiveCfg = Debug|x64
		{24991DC9-3A9D-4B25-9B0F-7DBF15575FD9}.Debug|x64.Build.0 = Debug|x64
		{24991DC9-3A9D-4B25-9B0F-7DBF15575FD9}.Debug|x86.ActiveCfg = Debug|Win32
		{24991DC9-3A9D-4B25-9B0F-7DBF15575FD9}.Debug|x86.Build.0 = Debug|Win32
		{24991DC9-3A9D-4B25-9B0F-7DBF15575FD9}.Release|x64.ActiveCfg = Release|x64
		{24991DC9-3A9D-4B25-9B0F-7DBF15575FD9}.Release|x64.Build.0 = Release|x64
		{24991DC9-3A9D-4B25-9B0F-7DBF15575FD9}.Release|x86.ActiveCfg = Release|Win32
		{24991DC9-3A9D-4B25-9B0F-7DBF15575FD9}.Release|x86.Build.0 = Release|Win32
		{58E0CDE4-10FE-44C1-A45A-0542528CDA86}.Debug|x64.ActiveCfg = Debug|x64
		{58E0CDE4-10FE-44C1-A45A-0542528CDA86}.Debug|x64.Build.0 = Debug|x64
		{58E0CDE4-10FE-44C1-A45A-0542528CDA86}.Debug|x86.ActiveCfg = Debug|Win32
		{58E0CDE4-10FE-44C1-A45A-0542528CDA86}.Debug|x86.Build.0 = Debug|Win32
		{58E0CDE4-10FE-44C1-A45A-0542528CDA86}.Release|x64.ActiveCfg = Release|x64
		{58E0CDE4-10FE-44C1-A45A-0542528CDA86}.Release|x64.Build.0 = Release|x64
		{58E0CDE4-10FE-44C1-A45A-0542528CDA86}.Release|x86.ActiveCfg = Release|Win32
		{58E0CDE4-10FE-44C1-A45A-0542528CDA86}.Release|x86.Build.0 = Release|Win32
		{FBCA212C-A117-43EC-8C74-EB51D969C73F}.Debug|x64.ActiveCfg = Debug|x64
		{FBCA212C-A117-43EC-8C74-EB51D969C73F}.Debug|x64.Build.0 = Debug|x64
		{FBCA212C-A117-43EC-8C74-EB51D969C73F}.Debug|x86.ActiveCfg = Debug|Win32
		{FBCA212C-A117-43EC-8C74-EB51D969C73F}.Debug|x86.Build.0 = Debug|Win32
		{FBCA212C-A117-43EC-8C74-EB51D969C73F}.Release|x64.ActiveCfg = Release|x64
		{FBCA212C-A117-43EC-8C74-EB51D969C73F}.Release|x64.Build.0 = Release|x64
		{FBCA212C-A117-43EC-8C74-EB51D969C73F}.Release|x86.ActiveCfg = Release|Win32
		{FBCA212C-A117-43EC-8C74-EB51D969C73F}.Release|x86.Build.0 = Release|Win32
	EndGlobalSection
	GlobalSection(SolutionProperties) = preSolution
		HideSolutionNode = FALSE
	EndGlobalSection
EndGlobal
