
Microsoft Visual Studio Solution File, Format Version 12.00
# Visual Studio 14
VisualStudioVersion = 14.0.25420.1
MinimumVisualStudioVersion = 10.0.40219.1
Project("{8BC9CEB8-8B4A-11D0-8D11-00A0C91BC942}") = "Zadatak01", "Zadatak01\Zadatak01.vcxproj", "{8E55642B-A5B1-43E1-A7BB-B2875E583E4E}"
EndProject
Project("{8BC9CEB8-8B4A-11D0-8D11-00A0C91BC942}") = "Zadatak02", "Zadatak02\Zadatak02.vcxproj", "{91A86153-8997-46DB-859E-3DA50DD568B8}"
EndProject
Project("{8BC9CEB8-8B4A-11D0-8D11-00A0C91BC942}") = "Zadatak03", "Zadatak03\Zadatak03.vcxproj", "{4E25A141-51F4-4323-9421-E1E2128BF68D}"
EndProject
Project("{8BC9CEB8-8B4A-11D0-8D11-00A0C91BC942}") = "Zadatak04", "Zadatak04\Zadatak04.vcxproj", "{76A2B7C5-66DF-4CBF-98C5-6EA1241DB7BA}"
EndProject
Project("{8BC9CEB8-8B4A-11D0-8D11-00A0C91BC942}") = "Zadatak05", "Zadatak05\Zadatak05.vcxproj", "{28A289AB-E94D-4E2A-8CC2-9872C678291B}"
EndProject
Project("{8BC9CEB8-8B4A-11D0-8D11-00A0C91BC942}") = "Zadatak06", "Zadatak06\Zadatak06.vcxproj", "{36F17EBF-CEC0-49F6-98EB-B5905C154C41}"
EndProject
Project("{8BC9CEB8-8B4A-11D0-8D11-00A0C91BC942}") = "Zadatak07", "Zadatak07\Zadatak07.vcxproj", "{87B6766B-BD02-4903-AE7D-819CA2E86C82}"
EndProject
Project("{8BC9CEB8-8B4A-11D0-8D11-00A0C91BC942}") = "Zadatak08", "Zadatak08\Zadatak08.vcxproj", "{86074FF9-F7D5-428E-AD8B-E2BAF8BC43DF}"
EndProject
Project("{8BC9CEB8-8B4A-11D0-8D11-00A0C91BC942}") = "Zadatak09", "Zadatak09\Zadatak09.vcxproj", "{2162FDE6-4A69-42F6-A92A-5D4EE2A42764}"
EndProject
Project("{8BC9CEB8-8B4A-11D0-8D11-00A0C91BC942}") = "Zadatak10", "Zadatak10\Zadatak10.vcxproj", "{976B7022-513C-4E54-9DEF-D2F3C180DA00}"
EndProject
Project("{8BC9CEB8-8B4A-11D0-8D11-00A0C91BC942}") = "Zadatak11", "Zadatak11\Zadatak11.vcxproj", "{83E8F6D4-2189-46DA-91F2-E8C1886AA0C5}"
EndProject
Project("{8BC9CEB8-8B4A-11D0-8D11-00A0C91BC942}") = "Zadatak12", "Zadatak12\Zadatak12.vcxproj", "{577491A3-3E21-420E-B89E-BACD94C25FD2}"
EndProject
Project("{8BC9CEB8-8B4A-11D0-8D11-00A0C91BC942}") = "Zadatak13", "Zadatak13\Zadatak13.vcxproj", "{10D263B7-2156-41D5-890B-9EA629A6743E}"
EndProject
Project("{8BC9CEB8-8B4A-11D0-8D11-00A0C91BC942}") = "Zadatak14", "Zadatak14\Zadatak14.vcxproj", "{D109CB06-7DAD-4F31-A4F5-8D49E8DAAD94}"
EndProject
Project("{8BC9CEB8-8B4A-11D0-8D11-00A0C91BC942}") = "Zadatak15", "Zadatak15\Zadatak15.vcxproj", "{6333D736-4361-4F6F-A5D9-F38C3640BC1D}"
EndProject
Project("{8BC9CEB8-8B4A-11D0-8D11-00A0C91BC942}") = "Zadatak16", "Zadatak16\Zadatak16.vcxproj", "{90EF97E4-A4F3-4015-BEAC-EC652680AD99}"
EndProject
Project("{8BC9CEB8-8B4A-11D0-8D11-00A0C91BC942}") = "Zadatak17", "Zadatak17\Zadatak17.vcxproj", "{2DAA1A7A-C5BB-4A50-A75A-EB7D7507AA67}"
EndProject
Project("{8BC9CEB8-8B4A-11D0-8D11-00A0C91BC942}") = "Zadatak18", "Zadatak18\Zadatak18.vcxproj", "{B8853E4F-7048-406C-812C-032E2261E1AF}"
EndProject
Project("{8BC9CEB8-8B4A-11D0-8D11-00A0C91BC942}") = "Zadatak19", "Zadatak19\Zadatak19.vcxproj", "{C36B3693-071F-42AA-AFF7-B7861CE9AED6}"
EndProject
Project("{8BC9CEB8-8B4A-11D0-8D11-00A0C91BC942}") = "Zadatak20", "Zadatak20\Zadatak20.vcxproj", "{C0FF86AA-3F52-42C5-9BEB-50972341634E}"
EndProject
Project("{8BC9CEB8-8B4A-11D0-8D11-00A0C91BC942}") = "Zadatak21", "Zadatak21\Zadatak21.vcxproj", "{BAADE0E2-C20D-4C42-B11C-E150C44C1017}"
EndProject
Project("{8BC9CEB8-8B4A-11D0-8D11-00A0C91BC942}") = "Zadatak22", "Zadatak22\Zadatak22.vcxproj", "{4D28A5B2-7D3F-426C-A5E0-683C5AC72592}"
EndProject
Project("{8BC9CEB8-8B4A-11D0-8D11-00A0C91BC942}") = "Zadatak23", "Zadatak23\Zadatak23.vcxproj", "{E4890A60-58BB-4EDF-98A0-D66F81170517}"
EndProject
Project("{8BC9CEB8-8B4A-11D0-8D11-00A0C91BC942}") = "Zadatak24", "Zadatak24\Zadatak24.vcxproj", "{547A062A-56EC-4389-91FC-BB33BAF60861}"
EndProject
Project("{8BC9CEB8-8B4A-11D0-8D11-00A0C91BC942}") = "Zadatak25", "Zadatak25\Zadatak25.vcxproj", "{682EC604-A9FE-42F7-A2D2-8B1FB08AD5D3}"
EndProject
Project("{8BC9CEB8-8B4A-11D0-8D11-00A0C91BC942}") = "Zadatak26", "Zadatak26\Zadatak26.vcxproj", "{C0DF999B-8A67-4237-A7B6-26B3F6E7E0E6}"
EndProject
Project("{8BC9CEB8-8B4A-11D0-8D11-00A0C91BC942}") = "Zadatak27", "Zadatak27\Zadatak27.vcxproj", "{181B13F6-0847-46C9-BB79-967F146FF08F}"
EndProject
Project("{8BC9CEB8-8B4A-11D0-8D11-00A0C91BC942}") = "Zadatak28", "Zadatak28\Zadatak28.vcxproj", "{E0B31B02-479C-41E6-8ACC-A82C1761733D}"
EndProject
Project("{8BC9CEB8-8B4A-11D0-8D11-00A0C91BC942}") = "Zadatak29", "Zadatak29\Zadatak29.vcxproj", "{D6C226C6-E43D-4EF7-B799-E8A76FF98283}"
EndProject
Project("{8BC9CEB8-8B4A-11D0-8D11-00A0C91BC942}") = "Zadatak30", "Zadatak30\Zadatak30.vcxproj", "{7BB476A9-64D9-4974-BA0A-4CC6E9233B46}"
EndProject
Project("{8BC9CEB8-8B4A-11D0-8D11-00A0C91BC942}") = "Zadatak31", "Zadatak31\Zadatak31.vcxproj", "{F2864831-40FA-4233-B5AE-DAEC5BB5E25F}"
EndProject
Project("{8BC9CEB8-8B4A-11D0-8D11-00A0C91BC942}") = "Zadatak32", "Zadatak32\Zadatak32.vcxproj", "{70198861-031E-4073-BD56-2003A78D0C4B}"
EndProject
Project("{8BC9CEB8-8B4A-11D0-8D11-00A0C91BC942}") = "Zadatak33", "Zadatak33\Zadatak33.vcxproj", "{827496B2-B5E7-45C4-B398-5D48A8E9C2C9}"
EndProject
Project("{8BC9CEB8-8B4A-11D0-8D11-00A0C91BC942}") = "Zadatak34", "Zadatak34\Zadatak34.vcxproj", "{0DE9F6E4-21AF-410E-BBA7-27B011298EF6}"
EndProject
Project("{8BC9CEB8-8B4A-11D0-8D11-00A0C91BC942}") = "Zadatak35", "Zadatak35\Zadatak35.vcxproj", "{608EFB5E-DAA9-4425-9141-CBC79F61BCF4}"
EndProject
Project("{8BC9CEB8-8B4A-11D0-8D11-00A0C91BC942}") = "Zadatak36", "Zadatak36\Zadatak36.vcxproj", "{4AE52F4F-5B3C-40F2-8C4C-EF7FBA984FE9}"
EndProject
Project("{8BC9CEB8-8B4A-11D0-8D11-00A0C91BC942}") = "Zadatak37", "Zadatak37\Zadatak37.vcxproj", "{DBBF037E-6AC3-4C85-9261-BF0BB98535A7}"
EndProject
Project("{8BC9CEB8-8B4A-11D0-8D11-00A0C91BC942}") = "Zadatak38", "Zadatak38\Zadatak38.vcxproj", "{8F04437F-BCB4-4BCA-AAB0-84343C40A9F6}"
EndProject
Project("{8BC9CEB8-8B4A-11D0-8D11-00A0C91BC942}") = "Zadatak39", "Zadatak39\Zadatak39.vcxproj", "{00452275-CECC-462C-A376-BFAB49D82848}"
EndProject
Project("{8BC9CEB8-8B4A-11D0-8D11-00A0C91BC942}") = "Zadatak40", "Zadatak40\Zadatak40.vcxproj", "{25692D64-89D8-4EC6-ADF3-2155385024F1}"
EndProject
Project("{8BC9CEB8-8B4A-11D0-8D11-00A0C91BC942}") = "Zadatak41", "Zadatak41\Zadatak41.vcxproj", "{B2BE32B2-FAB9-40E6-B5C3-89CFB5A65460}"
EndProject
Global
	GlobalSection(SolutionConfigurationPlatforms) = preSolution
		Debug|x64 = Debug|x64
		Debug|x86 = Debug|x86
		Release|x64 = Release|x64
		Release|x86 = Release|x86
	EndGlobalSection
	GlobalSection(ProjectConfigurationPlatforms) = postSolution
		{8E55642B-A5B1-43E1-A7BB-B2875E583E4E}.Debug|x64.ActiveCfg = Debug|x64
		{8E55642B-A5B1-43E1-A7BB-B2875E583E4E}.Debug|x64.Build.0 = Debug|x64
		{8E55642B-A5B1-43E1-A7BB-B2875E583E4E}.Debug|x86.ActiveCfg = Debug|Win32
		{8E55642B-A5B1-43E1-A7BB-B2875E583E4E}.Debug|x86.Build.0 = Debug|Win32
		{8E55642B-A5B1-43E1-A7BB-B2875E583E4E}.Release|x64.ActiveCfg = Release|x64
		{8E55642B-A5B1-43E1-A7BB-B2875E583E4E}.Release|x64.Build.0 = Release|x64
		{8E55642B-A5B1-43E1-A7BB-B2875E583E4E}.Release|x86.ActiveCfg = Release|Win32
		{8E55642B-A5B1-43E1-A7BB-B2875E583E4E}.Release|x86.Build.0 = Release|Win32
		{91A86153-8997-46DB-859E-3DA50DD568B8}.Debug|x64.ActiveCfg = Debug|x64
		{91A86153-8997-46DB-859E-3DA50DD568B8}.Debug|x64.Build.0 = Debug|x64
		{91A86153-8997-46DB-859E-3DA50DD568B8}.Debug|x86.ActiveCfg = Debug|Win32
		{91A86153-8997-46DB-859E-3DA50DD568B8}.Debug|x86.Build.0 = Debug|Win32
		{91A86153-8997-46DB-859E-3DA50DD568B8}.Release|x64.ActiveCfg = Release|x64
		{91A86153-8997-46DB-859E-3DA50DD568B8}.Release|x64.Build.0 = Release|x64
		{91A86153-8997-46DB-859E-3DA50DD568B8}.Release|x86.ActiveCfg = Release|Win32
		{91A86153-8997-46DB-859E-3DA50DD568B8}.Release|x86.Build.0 = Release|Win32
		{4E25A141-51F4-4323-9421-E1E2128BF68D}.Debug|x64.ActiveCfg = Debug|x64
		{4E25A141-51F4-4323-9421-E1E2128BF68D}.Debug|x64.Build.0 = Debug|x64
		{4E25A141-51F4-4323-9421-E1E2128BF68D}.Debug|x86.ActiveCfg = Debug|Win32
		{4E25A141-51F4-4323-9421-E1E2128BF68D}.Debug|x86.Build.0 = Debug|Win32
		{4E25A141-51F4-4323-9421-E1E2128BF68D}.Release|x64.ActiveCfg = Release|x64
		{4E25A141-51F4-4323-9421-E1E2128BF68D}.Release|x64.Build.0 = Release|x64
		{4E25A141-51F4-4323-9421-E1E2128BF68D}.Release|x86.ActiveCfg = Release|Win32
		{4E25A141-51F4-4323-9421-E1E2128BF68D}.Release|x86.Build.0 = Release|Win32
		{76A2B7C5-66DF-4CBF-98C5-6EA1241DB7BA}.Debug|x64.ActiveCfg = Debug|x64
		{76A2B7C5-66DF-4CBF-98C5-6EA1241DB7BA}.Debug|x64.Build.0 = Debug|x64
		{76A2B7C5-66DF-4CBF-98C5-6EA1241DB7BA}.Debug|x86.ActiveCfg = Debug|Win32
		{76A2B7C5-66DF-4CBF-98C5-6EA1241DB7BA}.Debug|x86.Build.0 = Debug|Win32
		{76A2B7C5-66DF-4CBF-98C5-6EA1241DB7BA}.Release|x64.ActiveCfg = Release|x64
		{76A2B7C5-66DF-4CBF-98C5-6EA1241DB7BA}.Release|x64.Build.0 = Release|x64
		{76A2B7C5-66DF-4CBF-98C5-6EA1241DB7BA}.Release|x86.ActiveCfg = Release|Win32
		{76A2B7C5-66DF-4CBF-98C5-6EA1241DB7BA}.Release|x86.Build.0 = Release|Win32
		{28A289AB-E94D-4E2A-8CC2-9872C678291B}.Debug|x64.ActiveCfg = Debug|x64
		{28A289AB-E94D-4E2A-8CC2-9872C678291B}.Debug|x64.Build.0 = Debug|x64
		{28A289AB-E94D-4E2A-8CC2-9872C678291B}.Debug|x86.ActiveCfg = Debug|Win32
		{28A289AB-E94D-4E2A-8CC2-9872C678291B}.Debug|x86.Build.0 = Debug|Win32
		{28A289AB-E94D-4E2A-8CC2-9872C678291B}.Release|x64.ActiveCfg = Release|x64
		{28A289AB-E94D-4E2A-8CC2-9872C678291B}.Release|x64.Build.0 = Release|x64
		{28A289AB-E94D-4E2A-8CC2-9872C678291B}.Release|x86.ActiveCfg = Release|Win32
		{28A289AB-E94D-4E2A-8CC2-9872C678291B}.Release|x86.Build.0 = Release|Win32
		{36F17EBF-CEC0-49F6-98EB-B5905C154C41}.Debug|x64.ActiveCfg = Debug|x64
		{36F17EBF-CEC0-49F6-98EB-B5905C154C41}.Debug|x64.Build.0 = Debug|x64
		{36F17EBF-CEC0-49F6-98EB-B5905C154C41}.Debug|x86.ActiveCfg = Debug|Win32
		{36F17EBF-CEC0-49F6-98EB-B5905C154C41}.Debug|x86.Build.0 = Debug|Win32
		{36F17EBF-CEC0-49F6-98EB-B5905C154C41}.Release|x64.ActiveCfg = Release|x64
		{36F17EBF-CEC0-49F6-98EB-B5905C154C41}.Release|x64.Build.0 = Release|x64
		{36F17EBF-CEC0-49F6-98EB-B5905C154C41}.Release|x86.ActiveCfg = Release|Win32
		{36F17EBF-CEC0-49F6-98EB-B5905C154C41}.Release|x86.Build.0 = Release|Win32
		{87B6766B-BD02-4903-AE7D-819CA2E86C82}.Debug|x64.ActiveCfg = Debug|x64
		{87B6766B-BD02-4903-AE7D-819CA2E86C82}.Debug|x64.Build.0 = Debug|x64
		{87B6766B-BD02-4903-AE7D-819CA2E86C82}.Debug|x86.ActiveCfg = Debug|Win32
		{87B6766B-BD02-4903-AE7D-819CA2E86C82}.Debug|x86.Build.0 = Debug|Win32
		{87B6766B-BD02-4903-AE7D-819CA2E86C82}.Release|x64.ActiveCfg = Release|x64
		{87B6766B-BD02-4903-AE7D-819CA2E86C82}.Release|x64.Build.0 = Release|x64
		{87B6766B-BD02-4903-AE7D-819CA2E86C82}.Release|x86.ActiveCfg = Release|Win32
		{87B6766B-BD02-4903-AE7D-819CA2E86C82}.Release|x86.Build.0 = Release|Win32
		{86074FF9-F7D5-428E-AD8B-E2BAF8BC43DF}.Debug|x64.ActiveCfg = Debug|x64
		{86074FF9-F7D5-428E-AD8B-E2BAF8BC43DF}.Debug|x64.Build.0 = Debug|x64
		{86074FF9-F7D5-428E-AD8B-E2BAF8BC43DF}.Debug|x86.ActiveCfg = Debug|Win32
		{86074FF9-F7D5-428E-AD8B-E2BAF8BC43DF}.Debug|x86.Build.0 = Debug|Win32
		{86074FF9-F7D5-428E-AD8B-E2BAF8BC43DF}.Release|x64.ActiveCfg = Release|x64
		{86074FF9-F7D5-428E-AD8B-E2BAF8BC43DF}.Release|x64.Build.0 = Release|x64
		{86074FF9-F7D5-428E-AD8B-E2BAF8BC43DF}.Release|x86.ActiveCfg = Release|Win32
		{86074FF9-F7D5-428E-AD8B-E2BAF8BC43DF}.Release|x86.Build.0 = Release|Win32
		{2162FDE6-4A69-42F6-A92A-5D4EE2A42764}.Debug|x64.ActiveCfg = Debug|x64
		{2162FDE6-4A69-42F6-A92A-5D4EE2A42764}.Debug|x64.Build.0 = Debug|x64
		{2162FDE6-4A69-42F6-A92A-5D4EE2A42764}.Debug|x86.ActiveCfg = Debug|Win32
		{2162FDE6-4A69-42F6-A92A-5D4EE2A42764}.Debug|x86.Build.0 = Debug|Win32
		{2162FDE6-4A69-42F6-A92A-5D4EE2A42764}.Release|x64.ActiveCfg = Release|x64
		{2162FDE6-4A69-42F6-A92A-5D4EE2A42764}.Release|x64.Build.0 = Release|x64
		{2162FDE6-4A69-42F6-A92A-5D4EE2A42764}.Release|x86.ActiveCfg = Release|Win32
		{2162FDE6-4A69-42F6-A92A-5D4EE2A42764}.Release|x86.Build.0 = Release|Win32
		{976B7022-513C-4E54-9DEF-D2F3C180DA00}.Debug|x64.ActiveCfg = Debug|x64
		{976B7022-513C-4E54-9DEF-D2F3C180DA00}.Debug|x64.Build.0 = Debug|x64
		{976B7022-513C-4E54-9DEF-D2F3C180DA00}.Debug|x86.ActiveCfg = Debug|Win32
		{976B7022-513C-4E54-9DEF-D2F3C180DA00}.Debug|x86.Build.0 = Debug|Win32
		{976B7022-513C-4E54-9DEF-D2F3C180DA00}.Release|x64.ActiveCfg = Release|x64
		{976B7022-513C-4E54-9DEF-D2F3C180DA00}.Release|x64.Build.0 = Release|x64
		{976B7022-513C-4E54-9DEF-D2F3C180DA00}.Release|x86.ActiveCfg = Release|Win32
		{976B7022-513C-4E54-9DEF-D2F3C180DA00}.Release|x86.Build.0 = Release|Win32
		{83E8F6D4-2189-46DA-91F2-E8C1886AA0C5}.Debug|x64.ActiveCfg = Debug|x64
		{83E8F6D4-2189-46DA-91F2-E8C1886AA0C5}.Debug|x64.Build.0 = Debug|x64
		{83E8F6D4-2189-46DA-91F2-E8C1886AA0C5}.Debug|x86.ActiveCfg = Debug|Win32
		{83E8F6D4-2189-46DA-91F2-E8C1886AA0C5}.Debug|x86.Build.0 = Debug|Win32
		{83E8F6D4-2189-46DA-91F2-E8C1886AA0C5}.Release|x64.ActiveCfg = Release|x64
		{83E8F6D4-2189-46DA-91F2-E8C1886AA0C5}.Release|x64.Build.0 = Release|x64
		{83E8F6D4-2189-46DA-91F2-E8C1886AA0C5}.Release|x86.ActiveCfg = Release|Win32
		{83E8F6D4-2189-46DA-91F2-E8C1886AA0C5}.Release|x86.Build.0 = Release|Win32
		{577491A3-3E21-420E-B89E-BACD94C25FD2}.Debug|x64.ActiveCfg = Debug|x64
		{577491A3-3E21-420E-B89E-BACD94C25FD2}.Debug|x64.Build.0 = Debug|x64
		{577491A3-3E21-420E-B89E-BACD94C25FD2}.Debug|x86.ActiveCfg = Debug|Win32
		{577491A3-3E21-420E-B89E-BACD94C25FD2}.Debug|x86.Build.0 = Debug|Win32
		{577491A3-3E21-420E-B89E-BACD94C25FD2}.Release|x64.ActiveCfg = Release|x64
		{577491A3-3E21-420E-B89E-BACD94C25FD2}.Release|x64.Build.0 = Release|x64
		{577491A3-3E21-420E-B89E-BACD94C25FD2}.Release|x86.ActiveCfg = Release|Win32
		{577491A3-3E21-420E-B89E-BACD94C25FD2}.Release|x86.Build.0 = Release|Win32
		{10D263B7-2156-41D5-890B-9EA629A6743E}.Debug|x64.ActiveCfg = Debug|x64
		{10D263B7-2156-41D5-890B-9EA629A6743E}.Debug|x64.Build.0 = Debug|x64
		{10D263B7-2156-41D5-890B-9EA629A6743E}.Debug|x86.ActiveCfg = Debug|Win32
		{10D263B7-2156-41D5-890B-9EA629A6743E}.Debug|x86.Build.0 = Debug|Win32
		{10D263B7-2156-41D5-890B-9EA629A6743E}.Release|x64.ActiveCfg = Release|x64
		{10D263B7-2156-41D5-890B-9EA629A6743E}.Release|x64.Build.0 = Release|x64
		{10D263B7-2156-41D5-890B-9EA629A6743E}.Release|x86.ActiveCfg = Release|Win32
		{10D263B7-2156-41D5-890B-9EA629A6743E}.Release|x86.Build.0 = Release|Win32
		{D109CB06-7DAD-4F31-A4F5-8D49E8DAAD94}.Debug|x64.ActiveCfg = Debug|x64
		{D109CB06-7DAD-4F31-A4F5-8D49E8DAAD94}.Debug|x64.Build.0 = Debug|x64
		{D109CB06-7DAD-4F31-A4F5-8D49E8DAAD94}.Debug|x86.ActiveCfg = Debug|Win32
		{D109CB06-7DAD-4F31-A4F5-8D49E8DAAD94}.Debug|x86.Build.0 = Debug|Win32
		{D109CB06-7DAD-4F31-A4F5-8D49E8DAAD94}.Release|x64.ActiveCfg = Release|x64
		{D109CB06-7DAD-4F31-A4F5-8D49E8DAAD94}.Release|x64.Build.0 = Release|x64
		{D109CB06-7DAD-4F31-A4F5-8D49E8DAAD94}.Release|x86.ActiveCfg = Release|Win32
		{D109CB06-7DAD-4F31-A4F5-8D49E8DAAD94}.Release|x86.Build.0 = Release|Win32
		{6333D736-4361-4F6F-A5D9-F38C3640BC1D}.Debug|x64.ActiveCfg = Debug|x64
		{6333D736-4361-4F6F-A5D9-F38C3640BC1D}.Debug|x64.Build.0 = Debug|x64
		{6333D736-4361-4F6F-A5D9-F38C3640BC1D}.Debug|x86.ActiveCfg = Debug|Win32
		{6333D736-4361-4F6F-A5D9-F38C3640BC1D}.Debug|x86.Build.0 = Debug|Win32
		{6333D736-4361-4F6F-A5D9-F38C3640BC1D}.Release|x64.ActiveCfg = Release|x64
		{6333D736-4361-4F6F-A5D9-F38C3640BC1D}.Release|x64.Build.0 = Release|x64
		{6333D736-4361-4F6F-A5D9-F38C3640BC1D}.Release|x86.ActiveCfg = Release|Win32
		{6333D736-4361-4F6F-A5D9-F38C3640BC1D}.Release|x86.Build.0 = Release|Win32
		{90EF97E4-A4F3-4015-BEAC-EC652680AD99}.Debug|x64.ActiveCfg = Debug|x64
		{90EF97E4-A4F3-4015-BEAC-EC652680AD99}.Debug|x64.Build.0 = Debug|x64
		{90EF97E4-A4F3-4015-BEAC-EC652680AD99}.Debug|x86.ActiveCfg = Debug|Win32
		{90EF97E4-A4F3-4015-BEAC-EC652680AD99}.Debug|x86.Build.0 = Debug|Win32
		{90EF97E4-A4F3-4015-BEAC-EC652680AD99}.Release|x64.ActiveCfg = Release|x64
		{90EF97E4-A4F3-4015-BEAC-EC652680AD99}.Release|x64.Build.0 = Release|x64
		{90EF97E4-A4F3-4015-BEAC-EC652680AD99}.Release|x86.ActiveCfg = Release|Win32
		{90EF97E4-A4F3-4015-BEAC-EC652680AD99}.Release|x86.Build.0 = Release|Win32
		{2DAA1A7A-C5BB-4A50-A75A-EB7D7507AA67}.Debug|x64.ActiveCfg = Debug|x64
		{2DAA1A7A-C5BB-4A50-A75A-EB7D7507AA67}.Debug|x64.Build.0 = Debug|x64
		{2DAA1A7A-C5BB-4A50-A75A-EB7D7507AA67}.Debug|x86.ActiveCfg = Debug|Win32
		{2DAA1A7A-C5BB-4A50-A75A-EB7D7507AA67}.Debug|x86.Build.0 = Debug|Win32
		{2DAA1A7A-C5BB-4A50-A75A-EB7D7507AA67}.Release|x64.ActiveCfg = Release|x64
		{2DAA1A7A-C5BB-4A50-A75A-EB7D7507AA67}.Release|x64.Build.0 = Release|x64
		{2DAA1A7A-C5BB-4A50-A75A-EB7D7507AA67}.Release|x86.ActiveCfg = Release|Win32
		{2DAA1A7A-C5BB-4A50-A75A-EB7D7507AA67}.Release|x86.Build.0 = Release|Win32
		{B8853E4F-7048-406C-812C-032E2261E1AF}.Debug|x64.ActiveCfg = Debug|x64
		{B8853E4F-7048-406C-812C-032E2261E1AF}.Debug|x64.Build.0 = Debug|x64
		{B8853E4F-7048-406C-812C-032E2261E1AF}.Debug|x86.ActiveCfg = Debug|Win32
		{B8853E4F-7048-406C-812C-032E2261E1AF}.Debug|x86.Build.0 = Debug|Win32
		{B8853E4F-7048-406C-812C-032E2261E1AF}.Release|x64.ActiveCfg = Release|x64
		{B8853E4F-7048-406C-812C-032E2261E1AF}.Release|x64.Build.0 = Release|x64
		{B8853E4F-7048-406C-812C-032E2261E1AF}.Release|x86.ActiveCfg = Release|Win32
		{B8853E4F-7048-406C-812C-032E2261E1AF}.Release|x86.Build.0 = Release|Win32
		{C36B3693-071F-42AA-AFF7-B7861CE9AED6}.Debug|x64.ActiveCfg = Debug|x64
		{C36B3693-071F-42AA-AFF7-B7861CE9AED6}.Debug|x64.Build.0 = Debug|x64
		{C36B3693-071F-42AA-AFF7-B7861CE9AED6}.Debug|x86.ActiveCfg = Debug|Win32
		{C36B3693-071F-42AA-AFF7-B7861CE9AED6}.Debug|x86.Build.0 = Debug|Win32
		{C36B3693-071F-42AA-AFF7-B7861CE9AED6}.Release|x64.ActiveCfg = Release|x64
		{C36B3693-071F-42AA-AFF7-B7861CE9AED6}.Release|x64.Build.0 = Release|x64
		{C36B3693-071F-42AA-AFF7-B7861CE9AED6}.Release|x86.ActiveCfg = Release|Win32
		{C36B3693-071F-42AA-AFF7-B7861CE9AED6}.Release|x86.Build.0 = Release|Win32
		{C0FF86AA-3F52-42C5-9BEB-50972341634E}.Debug|x64.ActiveCfg = Debug|x64
		{C0FF86AA-3F52-42C5-9BEB-50972341634E}.Debug|x64.Build.0 = Debug|x64
		{C0FF86AA-3F52-42C5-9BEB-50972341634E}.Debug|x86.ActiveCfg = Debug|Win32
		{C0FF86AA-3F52-42C5-9BEB-50972341634E}.Debug|x86.Build.0 = Debug|Win32
		{C0FF86AA-3F52-42C5-9BEB-50972341634E}.Release|x64.ActiveCfg = Release|x64
		{C0FF86AA-3F52-42C5-9BEB-50972341634E}.Release|x64.Build.0 = Release|x64
		{C0FF86AA-3F52-42C5-9BEB-50972341634E}.Release|x86.ActiveCfg = Release|Win32
		{C0FF86AA-3F52-42C5-9BEB-50972341634E}.Release|x86.Build.0 = Release|Win32
		{BAADE0E2-C20D-4C42-B11C-E150C44C1017}.Debug|x64.ActiveCfg = Debug|x64
		{BAADE0E2-C20D-4C42-B11C-E150C44C1017}.Debug|x64.Build.0 = Debug|x64
		{BAADE0E2-C20D-4C42-B11C-E150C44C1017}.Debug|x86.ActiveCfg = Debug|Win32
		{BAADE0E2-C20D-4C42-B11C-E150C44C1017}.Debug|x86.Build.0 = Debug|Win32
		{BAADE0E2-C20D-4C42-B11C-E150C44C1017}.Release|x64.ActiveCfg = Release|x64
		{BAADE0E2-C20D-4C42-B11C-E150C44C1017}.Release|x64.Build.0 = Release|x64
		{BAADE0E2-C20D-4C42-B11C-E150C44C1017}.Release|x86.ActiveCfg = Release|Win32
		{BAADE0E2-C20D-4C42-B11C-E150C44C1017}.Release|x86.Build.0 = Release|Win32
		{4D28A5B2-7D3F-426C-A5E0-683C5AC72592}.Debug|x64.ActiveCfg = Debug|x64
		{4D28A5B2-7D3F-426C-A5E0-683C5AC72592}.Debug|x64.Build.0 = Debug|x64
		{4D28A5B2-7D3F-426C-A5E0-683C5AC72592}.Debug|x86.ActiveCfg = Debug|Win32
		{4D28A5B2-7D3F-426C-A5E0-683C5AC72592}.Debug|x86.Build.0 = Debug|Win32
		{4D28A5B2-7D3F-426C-A5E0-683C5AC72592}.Release|x64.ActiveCfg = Release|x64
		{4D28A5B2-7D3F-426C-A5E0-683C5AC72592}.Release|x64.Build.0 = Release|x64
		{4D28A5B2-7D3F-426C-A5E0-683C5AC72592}.Release|x86.ActiveCfg = Release|Win32
		{4D28A5B2-7D3F-426C-A5E0-683C5AC72592}.Release|x86.Build.0 = Release|Win32
		{E4890A60-58BB-4EDF-98A0-D66F81170517}.Debug|x64.ActiveCfg = Debug|x64
		{E4890A60-58BB-4EDF-98A0-D66F81170517}.Debug|x64.Build.0 = Debug|x64
		{E4890A60-58BB-4EDF-98A0-D66F81170517}.Debug|x86.ActiveCfg = Debug|Win32
		{E4890A60-58BB-4EDF-98A0-D66F81170517}.Debug|x86.Build.0 = Debug|Win32
		{E4890A60-58BB-4EDF-98A0-D66F81170517}.Release|x64.ActiveCfg = Release|x64
		{E4890A60-58BB-4EDF-98A0-D66F81170517}.Release|x64.Build.0 = Release|x64
		{E4890A60-58BB-4EDF-98A0-D66F81170517}.Release|x86.ActiveCfg = Release|Win32
		{E4890A60-58BB-4EDF-98A0-D66F81170517}.Release|x86.Build.0 = Release|Win32
		{547A062A-56EC-4389-91FC-BB33BAF60861}.Debug|x64.ActiveCfg = Debug|x64
		{547A062A-56EC-4389-91FC-BB33BAF60861}.Debug|x64.Build.0 = Debug|x64
		{547A062A-56EC-4389-91FC-BB33BAF60861}.Debug|x86.ActiveCfg = Debug|Win32
		{547A062A-56EC-4389-91FC-BB33BAF60861}.Debug|x86.Build.0 = Debug|Win32
		{547A062A-56EC-4389-91FC-BB33BAF60861}.Release|x64.ActiveCfg = Release|x64
		{547A062A-56EC-4389-91FC-BB33BAF60861}.Release|x64.Build.0 = Release|x64
		{547A062A-56EC-4389-91FC-BB33BAF60861}.Release|x86.ActiveCfg = Release|Win32
		{547A062A-56EC-4389-91FC-BB33BAF60861}.Release|x86.Build.0 = Release|Win32
		{682EC604-A9FE-42F7-A2D2-8B1FB08AD5D3}.Debug|x64.ActiveCfg = Debug|x64
		{682EC604-A9FE-42F7-A2D2-8B1FB08AD5D3}.Debug|x64.Build.0 = Debug|x64
		{682EC604-A9FE-42F7-A2D2-8B1FB08AD5D3}.Debug|x86.ActiveCfg = Debug|Win32
		{682EC604-A9FE-42F7-A2D2-8B1FB08AD5D3}.Debug|x86.Build.0 = Debug|Win32
		{682EC604-A9FE-42F7-A2D2-8B1FB08AD5D3}.Release|x64.ActiveCfg = Release|x64
		{682EC604-A9FE-42F7-A2D2-8B1FB08AD5D3}.Release|x64.Build.0 = Release|x64
		{682EC604-A9FE-42F7-A2D2-8B1FB08AD5D3}.Release|x86.ActiveCfg = Release|Win32
		{682EC604-A9FE-42F7-A2D2-8B1FB08AD5D3}.Release|x86.Build.0 = Release|Win32
		{C0DF999B-8A67-4237-A7B6-26B3F6E7E0E6}.Debug|x64.ActiveCfg = Debug|x64
		{C0DF999B-8A67-4237-A7B6-26B3F6E7E0E6}.Debug|x64.Build.0 = Debug|x64
		{C0DF999B-8A67-4237-A7B6-26B3F6E7E0E6}.Debug|x86.ActiveCfg = Debug|Win32
		{C0DF999B-8A67-4237-A7B6-26B3F6E7E0E6}.Debug|x86.Build.0 = Debug|Win32
		{C0DF999B-8A67-4237-A7B6-26B3F6E7E0E6}.Release|x64.ActiveCfg = Release|x64
		{C0DF999B-8A67-4237-A7B6-26B3F6E7E0E6}.Release|x64.Build.0 = Release|x64
		{C0DF999B-8A67-4237-A7B6-26B3F6E7E0E6}.Release|x86.ActiveCfg = Release|Win32
		{C0DF999B-8A67-4237-A7B6-26B3F6E7E0E6}.Release|x86.Build.0 = Release|Win32
		{181B13F6-0847-46C9-BB79-967F146FF08F}.Debug|x64.ActiveCfg = Debug|x64
		{181B13F6-0847-46C9-BB79-967F146FF08F}.Debug|x64.Build.0 = Debug|x64
		{181B13F6-0847-46C9-BB79-967F146FF08F}.Debug|x86.ActiveCfg = Debug|Win32
		{181B13F6-0847-46C9-BB79-967F146FF08F}.Debug|x86.Build.0 = Debug|Win32
		{181B13F6-0847-46C9-BB79-967F146FF08F}.Release|x64.ActiveCfg = Release|x64
		{181B13F6-0847-46C9-BB79-967F146FF08F}.Release|x64.Build.0 = Release|x64
		{181B13F6-0847-46C9-BB79-967F146FF08F}.Release|x86.ActiveCfg = Release|Win32
		{181B13F6-0847-46C9-BB79-967F146FF08F}.Release|x86.Build.0 = Release|Win32
		{E0B31B02-479C-41E6-8ACC-A82C1761733D}.Debug|x64.ActiveCfg = Debug|x64
		{E0B31B02-479C-41E6-8ACC-A82C1761733D}.Debug|x64.Build.0 = Debug|x64
		{E0B31B02-479C-41E6-8ACC-A82C1761733D}.Debug|x86.ActiveCfg = Debug|Win32
		{E0B31B02-479C-41E6-8ACC-A82C1761733D}.Debug|x86.Build.0 = Debug|Win32
		{E0B31B02-479C-41E6-8ACC-A82C1761733D}.Release|x64.ActiveCfg = Release|x64
		{E0B31B02-479C-41E6-8ACC-A82C1761733D}.Release|x64.Build.0 = Release|x64
		{E0B31B02-479C-41E6-8ACC-A82C1761733D}.Release|x86.ActiveCfg = Release|Win32
		{E0B31B02-479C-41E6-8ACC-A82C1761733D}.Release|x86.Build.0 = Release|Win32
		{D6C226C6-E43D-4EF7-B799-E8A76FF98283}.Debug|x64.ActiveCfg = Debug|x64
		{D6C226C6-E43D-4EF7-B799-E8A76FF98283}.Debug|x64.Build.0 = Debug|x64
		{D6C226C6-E43D-4EF7-B799-E8A76FF98283}.Debug|x86.ActiveCfg = Debug|Win32
		{D6C226C6-E43D-4EF7-B799-E8A76FF98283}.Debug|x86.Build.0 = Debug|Win32
		{D6C226C6-E43D-4EF7-B799-E8A76FF98283}.Release|x64.ActiveCfg = Release|x64
		{D6C226C6-E43D-4EF7-B799-E8A76FF98283}.Release|x64.Build.0 = Release|x64
		{D6C226C6-E43D-4EF7-B799-E8A76FF98283}.Release|x86.ActiveCfg = Release|Win32
		{D6C226C6-E43D-4EF7-B799-E8A76FF98283}.Release|x86.Build.0 = Release|Win32
		{7BB476A9-64D9-4974-BA0A-4CC6E9233B46}.Debug|x64.ActiveCfg = Debug|x64
		{7BB476A9-64D9-4974-BA0A-4CC6E9233B46}.Debug|x64.Build.0 = Debug|x64
		{7BB476A9-64D9-4974-BA0A-4CC6E9233B46}.Debug|x86.ActiveCfg = Debug|Win32
		{7BB476A9-64D9-4974-BA0A-4CC6E9233B46}.Debug|x86.Build.0 = Debug|Win32
		{7BB476A9-64D9-4974-BA0A-4CC6E9233B46}.Release|x64.ActiveCfg = Release|x64
		{7BB476A9-64D9-4974-BA0A-4CC6E9233B46}.Release|x64.Build.0 = Release|x64
		{7BB476A9-64D9-4974-BA0A-4CC6E9233B46}.Release|x86.ActiveCfg = Release|Win32
		{7BB476A9-64D9-4974-BA0A-4CC6E9233B46}.Release|x86.Build.0 = Release|Win32
		{F2864831-40FA-4233-B5AE-DAEC5BB5E25F}.Debug|x64.ActiveCfg = Debug|x64
		{F2864831-40FA-4233-B5AE-DAEC5BB5E25F}.Debug|x64.Build.0 = Debug|x64
		{F2864831-40FA-4233-B5AE-DAEC5BB5E25F}.Debug|x86.ActiveCfg = Debug|Win32
		{F2864831-40FA-4233-B5AE-DAEC5BB5E25F}.Debug|x86.Build.0 = Debug|Win32
		{F2864831-40FA-4233-B5AE-DAEC5BB5E25F}.Release|x64.ActiveCfg = Release|x64
		{F2864831-40FA-4233-B5AE-DAEC5BB5E25F}.Release|x64.Build.0 = Release|x64
		{F2864831-40FA-4233-B5AE-DAEC5BB5E25F}.Release|x86.ActiveCfg = Release|Win32
		{F2864831-40FA-4233-B5AE-DAEC5BB5E25F}.Release|x86.Build.0 = Release|Win32
		{70198861-031E-4073-BD56-2003A78D0C4B}.Debug|x64.ActiveCfg = Debug|x64
		{70198861-031E-4073-BD56-2003A78D0C4B}.Debug|x64.Build.0 = Debug|x64
		{70198861-031E-4073-BD56-2003A78D0C4B}.Debug|x86.ActiveCfg = Debug|Win32
		{70198861-031E-4073-BD56-2003A78D0C4B}.Debug|x86.Build.0 = Debug|Win32
		{70198861-031E-4073-BD56-2003A78D0C4B}.Release|x64.ActiveCfg = Release|x64
		{70198861-031E-4073-BD56-2003A78D0C4B}.Release|x64.Build.0 = Release|x64
		{70198861-031E-4073-BD56-2003A78D0C4B}.Release|x86.ActiveCfg = Release|Win32
		{70198861-031E-4073-BD56-2003A78D0C4B}.Release|x86.Build.0 = Release|Win32
		{827496B2-B5E7-45C4-B398-5D48A8E9C2C9}.Debug|x64.ActiveCfg = Debug|x64
		{827496B2-B5E7-45C4-B398-5D48A8E9C2C9}.Debug|x64.Build.0 = Debug|x64
		{827496B2-B5E7-45C4-B398-5D48A8E9C2C9}.Debug|x86.ActiveCfg = Debug|Win32
		{827496B2-B5E7-45C4-B398-5D48A8E9C2C9}.Debug|x86.Build.0 = Debug|Win32
		{827496B2-B5E7-45C4-B398-5D48A8E9C2C9}.Release|x64.ActiveCfg = Release|x64
		{827496B2-B5E7-45C4-B398-5D48A8E9C2C9}.Release|x64.Build.0 = Release|x64
		{827496B2-B5E7-45C4-B398-5D48A8E9C2C9}.Release|x86.ActiveCfg = Release|Win32
		{827496B2-B5E7-45C4-B398-5D48A8E9C2C9}.Release|x86.Build.0 = Release|Win32
		{0DE9F6E4-21AF-410E-BBA7-27B011298EF6}.Debug|x64.ActiveCfg = Debug|x64
		{0DE9F6E4-21AF-410E-BBA7-27B011298EF6}.Debug|x64.Build.0 = Debug|x64
		{0DE9F6E4-21AF-410E-BBA7-27B011298EF6}.Debug|x86.ActiveCfg = Debug|Win32
		{0DE9F6E4-21AF-410E-BBA7-27B011298EF6}.Debug|x86.Build.0 = Debug|Win32
		{0DE9F6E4-21AF-410E-BBA7-27B011298EF6}.Release|x64.ActiveCfg = Release|x64
		{0DE9F6E4-21AF-410E-BBA7-27B011298EF6}.Release|x64.Build.0 = Release|x64
		{0DE9F6E4-21AF-410E-BBA7-27B011298EF6}.Release|x86.ActiveCfg = Release|Win32
		{0DE9F6E4-21AF-410E-BBA7-27B011298EF6}.Release|x86.Build.0 = Release|Win32
		{608EFB5E-DAA9-4425-9141-CBC79F61BCF4}.Debug|x64.ActiveCfg = Debug|x64
		{608EFB5E-DAA9-4425-9141-CBC79F61BCF4}.Debug|x64.Build.0 = Debug|x64
		{608EFB5E-DAA9-4425-9141-CBC79F61BCF4}.Debug|x86.ActiveCfg = Debug|Win32
		{608EFB5E-DAA9-4425-9141-CBC79F61BCF4}.Debug|x86.Build.0 = Debug|Win32
		{608EFB5E-DAA9-4425-9141-CBC79F61BCF4}.Release|x64.ActiveCfg = Release|x64
		{608EFB5E-DAA9-4425-9141-CBC79F61BCF4}.Release|x64.Build.0 = Release|x64
		{608EFB5E-DAA9-4425-9141-CBC79F61BCF4}.Release|x86.ActiveCfg = Release|Win32
		{608EFB5E-DAA9-4425-9141-CBC79F61BCF4}.Release|x86.Build.0 = Release|Win32
		{4AE52F4F-5B3C-40F2-8C4C-EF7FBA984FE9}.Debug|x64.ActiveCfg = Debug|x64
		{4AE52F4F-5B3C-40F2-8C4C-EF7FBA984FE9}.Debug|x64.Build.0 = Debug|x64
		{4AE52F4F-5B3C-40F2-8C4C-EF7FBA984FE9}.Debug|x86.ActiveCfg = Debug|Win32
		{4AE52F4F-5B3C-40F2-8C4C-EF7FBA984FE9}.Debug|x86.Build.0 = Debug|Win32
		{4AE52F4F-5B3C-40F2-8C4C-EF7FBA984FE9}.Release|x64.ActiveCfg = Release|x64
		{4AE52F4F-5B3C-40F2-8C4C-EF7FBA984FE9}.Release|x64.Build.0 = Release|x64
		{4AE52F4F-5B3C-40F2-8C4C-EF7FBA984FE9}.Release|x86.ActiveCfg = Release|Win32
		{4AE52F4F-5B3C-40F2-8C4C-EF7FBA984FE9}.Release|x86.Build.0 = Release|Win32
		{DBBF037E-6AC3-4C85-9261-BF0BB98535A7}.Debug|x64.ActiveCfg = Debug|x64
		{DBBF037E-6AC3-4C85-9261-BF0BB98535A7}.Debug|x64.Build.0 = Debug|x64
		{DBBF037E-6AC3-4C85-9261-BF0BB98535A7}.Debug|x86.ActiveCfg = Debug|Win32
		{DBBF037E-6AC3-4C85-9261-BF0BB98535A7}.Debug|x86.Build.0 = Debug|Win32
		{DBBF037E-6AC3-4C85-9261-BF0BB98535A7}.Release|x64.ActiveCfg = Release|x64
		{DBBF037E-6AC3-4C85-9261-BF0BB98535A7}.Release|x64.Build.0 = Release|x64
		{DBBF037E-6AC3-4C85-9261-BF0BB98535A7}.Release|x86.ActiveCfg = Release|Win32
		{DBBF037E-6AC3-4C85-9261-BF0BB98535A7}.Release|x86.Build.0 = Release|Win32
		{8F04437F-BCB4-4BCA-AAB0-84343C40A9F6}.Debug|x64.ActiveCfg = Debug|x64
		{8F04437F-BCB4-4BCA-AAB0-84343C40A9F6}.Debug|x64.Build.0 = Debug|x64
		{8F04437F-BCB4-4BCA-AAB0-84343C40A9F6}.Debug|x86.ActiveCfg = Debug|Win32
		{8F04437F-BCB4-4BCA-AAB0-84343C40A9F6}.Debug|x86.Build.0 = Debug|Win32
		{8F04437F-BCB4-4BCA-AAB0-84343C40A9F6}.Release|x64.ActiveCfg = Release|x64
		{8F04437F-BCB4-4BCA-AAB0-84343C40A9F6}.Release|x64.Build.0 = Release|x64
		{8F04437F-BCB4-4BCA-AAB0-84343C40A9F6}.Release|x86.ActiveCfg = Release|Win32
		{8F04437F-BCB4-4BCA-AAB0-84343C40A9F6}.Release|x86.Build.0 = Release|Win32
		{00452275-CECC-462C-A376-BFAB49D82848}.Debug|x64.ActiveCfg = Debug|x64
		{00452275-CECC-462C-A376-BFAB49D82848}.Debug|x64.Build.0 = Debug|x64
		{00452275-CECC-462C-A376-BFAB49D82848}.Debug|x86.ActiveCfg = Debug|Win32
		{00452275-CECC-462C-A376-BFAB49D82848}.Debug|x86.Build.0 = Debug|Win32
		{00452275-CECC-462C-A376-BFAB49D82848}.Release|x64.ActiveCfg = Release|x64
		{00452275-CECC-462C-A376-BFAB49D82848}.Release|x64.Build.0 = Release|x64
		{00452275-CECC-462C-A376-BFAB49D82848}.Release|x86.ActiveCfg = Release|Win32
		{00452275-CECC-462C-A376-BFAB49D82848}.Release|x86.Build.0 = Release|Win32
		{25692D64-89D8-4EC6-ADF3-2155385024F1}.Debug|x64.ActiveCfg = Debug|x64
		{25692D64-89D8-4EC6-ADF3-2155385024F1}.Debug|x64.Build.0 = Debug|x64
		{25692D64-89D8-4EC6-ADF3-2155385024F1}.Debug|x86.ActiveCfg = Debug|Win32
		{25692D64-89D8-4EC6-ADF3-2155385024F1}.Debug|x86.Build.0 = Debug|Win32
		{25692D64-89D8-4EC6-ADF3-2155385024F1}.Release|x64.ActiveCfg = Release|x64
		{25692D64-89D8-4EC6-ADF3-2155385024F1}.Release|x64.Build.0 = Release|x64
		{25692D64-89D8-4EC6-ADF3-2155385024F1}.Release|x86.ActiveCfg = Release|Win32
		{25692D64-89D8-4EC6-ADF3-2155385024F1}.Release|x86.Build.0 = Release|Win32
		{B2BE32B2-FAB9-40E6-B5C3-89CFB5A65460}.Debug|x64.ActiveCfg = Debug|x64
		{B2BE32B2-FAB9-40E6-B5C3-89CFB5A65460}.Debug|x64.Build.0 = Debug|x64
		{B2BE32B2-FAB9-40E6-B5C3-89CFB5A65460}.Debug|x86.ActiveCfg = Debug|Win32
		{B2BE32B2-FAB9-40E6-B5C3-89CFB5A65460}.Debug|x86.Build.0 = Debug|Win32
		{B2BE32B2-FAB9-40E6-B5C3-89CFB5A65460}.Release|x64.ActiveCfg = Release|x64
		{B2BE32B2-FAB9-40E6-B5C3-89CFB5A65460}.Release|x64.Build.0 = Release|x64
		{B2BE32B2-FAB9-40E6-B5C3-89CFB5A65460}.Release|x86.ActiveCfg = Release|Win32
		{B2BE32B2-FAB9-40E6-B5C3-89CFB5A65460}.Release|x86.Build.0 = Release|Win32
	EndGlobalSection
	GlobalSection(SolutionProperties) = preSolution
		HideSolutionNode = FALSE
	EndGlobalSection
EndGlobal
