
Microsoft Visual Studio Solution File, Format Version 12.00
# Visual Studio 14
VisualStudioVersion = 14.0.25420.1
MinimumVisualStudioVersion = 10.0.40219.1
Project("{8BC9CEB8-8B4A-11D0-8D11-00A0C91BC942}") = "Zadatak01", "Zadatak01\Zadatak01.vcxproj", "{8E55642B-A5B1-43E1-A7BB-B2875E583E4E}"
EndProject
Project("{8BC9CEB8-8B4A-11D0-8D11-00A0C91BC942}") = "Zadatak02", "Zadatak02\Zadatak02.vcxproj", "{91A86153-8997-46DB-859E-3DA50DD568B8}"
EndProject
Project("{8BC9CEB8-8B4A-11D0-8D11-00A0C91BC942}") = "Zadatak03", "Zadatak03\Zadatak03.vcxproj", "{4E25A141-51F4-4323-9421-E1E2128BF68D}"
EndProject
Project("{8BC9CEB8-8B4A-11D0-8D11-00A0C91BC942}") = "Zadatak04", "Zadatak04\Zadatak04.vcxproj", "{76A2B7C5-66DF-4CBF-98C5-6EA1241DB7BA}"
EndProject
Project("{8BC9CEB8-8B4A-11D0-8D11-00A0C91BC942}") = "Zadatak05", "Zadatak05\Zadatak05.vcxproj", "{28A289AB-E94D-4E2A-8CC2-9872C678291B}"
EndProject
Project("{8BC9CEB8-8B4A-11D0-8D11-00A0C91BC942}") = "Zadatak06", "Zadatak06\Zadatak06.vcxproj", "{36F17EBF-CEC0-49F6-98EB-B5905C154C41}"
EndProject
Project("{8BC9CEB8-8B4A-11D0-8D11-00A0C91BC942}") = "Zadatak07", "Zadatak07\Zadatak07.vcxproj", "{87B6766B-BD02-4903-AE7D-819CA2E86C82}"
EndProject
Project("{8BC9CEB8-8B4A-11D0-8D11-00A0C91BC942}") = "Zadatak08", "Zadatak08\Zadatak08.vcxproj", "{86074FF9-F7D5-428E-AD8B-E2BAF8BC43DF}"
EndProject
Project("{8BC9CEB8-8B4A-11D0-8D11-00A0C91BC942}") = "Zadatak09", "Zadatak09\Zadatak09.vcxproj", "{2162FDE6-4A69-42F6-A92A-5D4EE2A42764}"
EndProject
Project("{8BC9CEB8-8B4A-11D0-8D11-00A0C91BC942}") = "Zadatak10", "Zadatak10\Zadatak10.vcxproj", "{976B7022-513C-4E54-9DEF-D2F3C180DA00}"
EndProject
Project("{8BC9CEB8-8B4A-11D0-8D11-00A0C91BC942}") = "Zadatak11", "Zadatak11\Zadatak11.vcxproj", "{83E8F6D4-2189-46DA-91F2-E8C1886AA0C5}"
EndProject
Project("{8BC9CEB8-8B4A-11D0-8D11-00A0C91BC942}") = "Zadatak12", "Zadatak12\Zadatak12.vcxproj", "{577491A3-3E21-420E-B89E-BACD94C25FD2}"
EndProject
Project("{8BC9CEB8-8B4A-11D0-8D11-00A0C91BC942}") = "Zadatak13", "Zadatak13\Zadatak13.vcxproj", "{10D263B7-2156-41D5-890B-9EA629A6743E}"
EndProject
Project("{8BC9CEB8-8B4A-11D0-8D11-00A0C91BC942}") = "Zadatak14", "Zadatak14\Zadatak14.vcxproj", "{D109CB06-7DAD-4F31-A4F5-8D49E8DAAD94}"
EndProject
Project("{8BC9CEB8-8B4A-11D0-8D11-00A0C91BC942}") = "Zadatak15", "Zadatak15\Zadatak15.vcxproj", "{6333D736-4361-4F6F-A5D9-F38C3640BC1D}"
EndProject
Project("{8BC9CEB8-8B4A-11D0-8D11-00A0C91BC942}") = "Zadatak16", "Zadatak16\Zadatak16.vcxproj", "{90EF97E4-A4F3-4015-BEAC-EC652680AD99}"
EndProject
Project("{8BC9CEB8-8B4A-11D0-8D11-00A0C91BC942}") = "Zadatak17", "Zadatak17\Zadatak17.vcxproj", "{2DAA1A7A-C5BB-4A50-A75A-EB7D7507AA67}"
EndProject
Project("{8BC9CEB8-8B4A-11D0-8D11-00A0C91BC942}") = "Zadatak18", "Zadatak18\Zadatak18.vcxproj", "{B8853E4F-7048-406C-812C-032E2261E1AF}"
EndProject
Global
	GlobalSection(SolutionConfigurationPlatforms) = preSolution
		Debug|x64 = Debug|x64
		Debug|x86 = Debug|x86
		Release|x64 = Release|x64
		Release|x86 = Release|x86
	EndGlobalSection
	GlobalSection(ProjectConfigurationPlatforms) = postSolution
		{8E55642B-A5B1-43E1-A7BB-B2875E583E4E}.Debug|x64.ActiveCfg = Debug|x64
		{8E55642B-A5B1-43E1-A7BB-B2875E583E4E}.Debug|x64.Build.0 = Debug|x64
		{8E55642B-A5B1-43E1-A7BB-B2875E583E4E}.Debug|x86.ActiveCfg = Debug|Win32
		{8E55642B-A5B1-43E1-A7BB-B2875E583E4E}.Debug|x86.Build.0 = Debug|Win32
		{8E55642B-A5B1-43E1-A7BB-B2875E583E4E}.Release|x64.ActiveCfg = Release|x64
		{8E55642B-A5B1-43E1-A7BB-B2875E583E4E}.Release|x64.Build.0 = Release|x64
		{8E55642B-A5B1-43E1-A7BB-B2875E583E4E}.Release|x86.ActiveCfg = Release|Win32
		{8E55642B-A5B1-43E1-A7BB-B2875E583E4E}.Release|x86.Build.0 = Release|Win32
		{91A86153-8997-46DB-859E-3DA50DD568B8}.Debug|x64.ActiveCfg = Debug|x64
		{91A86153-8997-46DB-859E-3DA50DD568B8}.Debug|x64.Build.0 = Debug|x64
		{91A86153-8997-46DB-859E-3DA50DD568B8}.Debug|x86.ActiveCfg = Debug|Win32
		{91A86153-8997-46DB-859E-3DA50DD568B8}.Debug|x86.Build.0 = Debug|Win32
		{91A86153-8997-46DB-859E-3DA50DD568B8}.Release|x64.ActiveCfg = Release|x64
		{91A86153-8997-46DB-859E-3DA50DD568B8}.Release|x64.Build.0 = Release|x64
		{91A86153-8997-46DB-859E-3DA50DD568B8}.Release|x86.ActiveCfg = Release|Win32
		{91A86153-8997-46DB-859E-3DA50DD568B8}.Release|x86.Build.0 = Release|Win32
		{4E25A141-51F4-4323-9421-E1E2128BF68D}.Debug|x64.ActiveCfg = Debug|x64
		{4E25A141-51F4-4323-9421-E1E2128BF68D}.Debug|x64.Build.0 = Debug|x64
		{4E25A141-51F4-4323-9421-E1E2128BF68D}.Debug|x86.ActiveCfg = Debug|Win32
		{4E25A141-51F4-4323-9421-E1E2128BF68D}.Debug|x86.Build.0 = Debug|Win32
		{4E25A141-51F4-4323-9421-E1E2128BF68D}.Release|x64.ActiveCfg = Release|x64
		{4E25A141-51F4-4323-9421-E1E2128BF68D}.Release|x64.Build.0 = Release|x64
		{4E25A141-51F4-4323-9421-E1E2128BF68D}.Release|x86.ActiveCfg = Release|Win32
		{4E25A141-51F4-4323-9421-E1E2128BF68D}.Release|x86.Build.0 = Release|Win32
		{76A2B7C5-66DF-4CBF-98C5-6EA1241DB7BA}.Debug|x64.ActiveCfg = Debug|x64
		{76A2B7C5-66DF-4CBF-98C5-6EA1241DB7BA}.Debug|x64.Build.0 = Debug|x64
		{76A2B7C5-66DF-4CBF-98C5-6EA1241DB7BA}.Debug|x86.ActiveCfg = Debug|Win32
		{76A2B7C5-66DF-4CBF-98C5-6EA1241DB7BA}.Debug|x86.Build.0 = Debug|Win32
		{76A2B7C5-66DF-4CBF-98C5-6EA1241DB7BA}.Release|x64.ActiveCfg = Release|x64
		{76A2B7C5-66DF-4CBF-98C5-6EA1241DB7BA}.Release|x64.Build.0 = Release|x64
		{76A2B7C5-66DF-4CBF-98C5-6EA1241DB7BA}.Release|x86.ActiveCfg = Release|Win32
		{76A2B7C5-66DF-4CBF-98C5-6EA1241DB7BA}.Release|x86.Build.0 = Release|Win32
		{28A289AB-E94D-4E2A-8CC2-9872C678291B}.Debug|x64.ActiveCfg = Debug|x64
		{28A289AB-E94D-4E2A-8CC2-9872C678291B}.Debug|x64.Build.0 = Debug|x64
		{28A289AB-E94D-4E2A-8CC2-9872C678291B}.Debug|x86.ActiveCfg = Debug|Win32
		{28A289AB-E94D-4E2A-8CC2-9872C678291B}.Debug|x86.Build.0 = Debug|Win32
		{28A289AB-E94D-4E2A-8CC2-9872C678291B}.Release|x64.ActiveCfg = Release|x64
		{28A289AB-E94D-4E2A-8CC2-9872C678291B}.Release|x64.Build.0 = Release|x64
		{28A289AB-E94D-4E2A-8CC2-9872C678291B}.Release|x86.ActiveCfg = Release|Win32
		{28A289AB-E94D-4E2A-8CC2-9872C678291B}.Release|x86.Build.0 = Release|Win32
		{36F17EBF-CEC0-49F6-98EB-B5905C154C41}.Debug|x64.ActiveCfg = Debug|x64
		{36F17EBF-CEC0-49F6-98EB-B5905C154C41}.Debug|x64.Build.0 = Debug|x64
		{36F17EBF-CEC0-49F6-98EB-B5905C154C41}.Debug|x86.ActiveCfg = Debug|Win32
		{36F17EBF-CEC0-49F6-98EB-B5905C154C41}.Debug|x86.Build.0 = Debug|Win32
		{36F17EBF-CEC0-49F6-98EB-B5905C154C41}.Release|x64.ActiveCfg = Release|x64
		{36F17EBF-CEC0-49F6-98EB-B5905C154C41}.Release|x64.Build.0 = Release|x64
		{36F17EBF-CEC0-49F6-98EB-B5905C154C41}.Release|x86.ActiveCfg = Release|Win32
		{36F17EBF-CEC0-49F6-98EB-B5905C154C41}.Release|x86.Build.0 = Release|Win32
		{87B6766B-BD02-4903-AE7D-819CA2E86C82}.Debug|x64.ActiveCfg = Debug|x64
		{87B6766B-BD02-4903-AE7D-819CA2E86C82}.Debug|x64.Build.0 = Debug|x64
		{87B6766B-BD02-4903-AE7D-819CA2E86C82}.Debug|x86.ActiveCfg = Debug|Win32
		{87B6766B-BD02-4903-AE7D-819CA2E86C82}.Debug|x86.Build.0 = Debug|Win32
		{87B6766B-BD02-4903-AE7D-819CA2E86C82}.Release|x64.ActiveCfg = Release|x64
		{87B6766B-BD02-4903-AE7D-819CA2E86C82}.Release|x64.Build.0 = Release|x64
		{87B6766B-BD02-4903-AE7D-819CA2E86C82}.Release|x86.ActiveCfg = Release|Win32
		{87B6766B-BD02-4903-AE7D-819CA2E86C82}.Release|x86.Build.0 = Release|Win32
		{86074FF9-F7D5-428E-AD8B-E2BAF8BC43DF}.Debug|x64.ActiveCfg = Debug|x64
		{86074FF9-F7D5-428E-AD8B-E2BAF8BC43DF}.Debug|x64.Build.0 = Debug|x64
		{86074FF9-F7D5-428E-AD8B-E2BAF8BC43DF}.Debug|x86.ActiveCfg = Debug|Win32
		{86074FF9-F7D5-428E-AD8B-E2BAF8BC43DF}.Debug|x86.Build.0 = Debug|Win32
		{86074FF9-F7D5-428E-AD8B-E2BAF8BC43DF}.Release|x64.ActiveCfg = Release|x64
		{86074FF9-F7D5-428E-AD8B-E2BAF8BC43DF}.Release|x64.Build.0 = Release|x64
		{86074FF9-F7D5-428E-AD8B-E2BAF8BC43DF}.Release|x86.ActiveCfg = Release|Win32
		{86074FF9-F7D5-428E-AD8B-E2BAF8BC43DF}.Release|x86.Build.0 = Release|Win32
		{2162FDE6-4A69-42F6-A92A-5D4EE2A42764}.Debug|x64.ActiveCfg = Debug|x64
		{2162FDE6-4A69-42F6-A92A-5D4EE2A42764}.Debug|x64.Build.0 = Debug|x64
		{2162FDE6-4A69-42F6-A92A-5D4EE2A42764}.Debug|x86.ActiveCfg = Debug|Win32
		{2162FDE6-4A69-42F6-A92A-5D4EE2A42764}.Debug|x86.Build.0 = Debug|Win32
		{2162FDE6-4A69-42F6-A92A-5D4EE2A42764}.Release|x64.ActiveCfg = Release|x64
		{2162FDE6-4A69-42F6-A92A-5D4EE2A42764}.Release|x64.Build.0 = Release|x64
		{2162FDE6-4A69-42F6-A92A-5D4EE2A42764}.Release|x86.ActiveCfg = Release|Win32
		{2162FDE6-4A69-42F6-A92A-5D4EE2A42764}.Release|x86.Build.0 = Release|Win32
		{976B7022-513C-4E54-9DEF-D2F3C180DA00}.Debug|x64.ActiveCfg = Debug|x64
		{976B7022-513C-4E54-9DEF-D2F3C180DA00}.Debug|x64.Build.0 = Debug|x64
		{976B7022-513C-4E54-9DEF-D2F3C180DA00}.Debug|x86.ActiveCfg = Debug|Win32
		{976B7022-513C-4E54-9DEF-D2F3C180DA00}.Debug|x86.Build.0 = Debug|Win32
		{976B7022-513C-4E54-9DEF-D2F3C180DA00}.Release|x64.ActiveCfg = Release|x64
		{976B7022-513C-4E54-9DEF-D2F3C180DA00}.Release|x64.Build.0 = Release|x64
		{976B7022-513C-4E54-9DEF-D2F3C180DA00}.Release|x86.ActiveCfg = Release|Win32
		{976B7022-513C-4E54-9DEF-D2F3C180DA00}.Release|x86.Build.0 = Release|Win32
		{83E8F6D4-2189-46DA-91F2-E8C1886AA0C5}.Debug|x64.ActiveCfg = Debug|x64
		{83E8F6D4-2189-46DA-91F2-E8C1886AA0C5}.Debug|x64.Build.0 = Debug|x64
		{83E8F6D4-2189-46DA-91F2-E8C1886AA0C5}.Debug|x86.ActiveCfg = Debug|Win32
		{83E8F6D4-2189-46DA-91F2-E8C1886AA0C5}.Debug|x86.Build.0 = Debug|Win32
		{83E8F6D4-2189-46DA-91F2-E8C1886AA0C5}.Release|x64.ActiveCfg = Release|x64
		{83E8F6D4-2189-46DA-91F2-E8C1886AA0C5}.Release|x64.Build.0 = Release|x64
		{83E8F6D4-2189-46DA-91F2-E8C1886AA0C5}.Release|x86.ActiveCfg = Release|Win32
		{83E8F6D4-2189-46DA-91F2-E8C1886AA0C5}.Release|x86.Build.0 = Release|Win32
		{577491A3-3E21-420E-B89E-BACD94C25FD2}.Debug|x64.ActiveCfg = Debug|x64
		{577491A3-3E21-420E-B89E-BACD94C25FD2}.Debug|x64.Build.0 = Debug|x64
		{577491A3-3E21-420E-B89E-BACD94C25FD2}.Debug|x86.ActiveCfg = Debug|Win32
		{577491A3-3E21-420E-B89E-BACD94C25FD2}.Debug|x86.Build.0 = Debug|Win32
		{577491A3-3E21-420E-B89E-BACD94C25FD2}.Release|x64.ActiveCfg = Release|x64
		{577491A3-3E21-420E-B89E-BACD94C25FD2}.Release|x64.Build.0 = Release|x64
		{577491A3-3E21-420E-B89E-BACD94C25FD2}.Release|x86.ActiveCfg = Release|Win32
		{577491A3-3E21-420E-B89E-BACD94C25FD2}.Release|x86.Build.0 = Release|Win32
		{10D263B7-2156-41D5-890B-9EA629A6743E}.Debug|x64.ActiveCfg = Debug|x64
		{10D263B7-2156-41D5-890B-9EA629A6743E}.Debug|x64.Build.0 = Debug|x64
		{10D263B7-2156-41D5-890B-9EA629A6743E}.Debug|x86.ActiveCfg = Debug|Win32
		{10D263B7-2156-41D5-890B-9EA629A6743E}.Debug|x86.Build.0 = Debug|Win32
		{10D263B7-2156-41D5-890B-9EA629A6743E}.Release|x64.ActiveCfg = Release|x64
		{10D263B7-2156-41D5-890B-9EA629A6743E}.Release|x64.Build.0 = Release|x64
		{10D263B7-2156-41D5-890B-9EA629A6743E}.Release|x86.ActiveCfg = Release|Win32
		{10D263B7-2156-41D5-890B-9EA629A6743E}.Release|x86.Build.0 = Release|Win32
		{D109CB06-7DAD-4F31-A4F5-8D49E8DAAD94}.Debug|x64.ActiveCfg = Debug|x64
		{D109CB06-7DAD-4F31-A4F5-8D49E8DAAD94}.Debug|x64.Build.0 = Debug|x64
		{D109CB06-7DAD-4F31-A4F5-8D49E8DAAD94}.Debug|x86.ActiveCfg = Debug|Win32
		{D109CB06-7DAD-4F31-A4F5-8D49E8DAAD94}.Debug|x86.Build.0 = Debug|Win32
		{D109CB06-7DAD-4F31-A4F5-8D49E8DAAD94}.Release|x64.ActiveCfg = Release|x64
		{D109CB06-7DAD-4F31-A4F5-8D49E8DAAD94}.Release|x64.Build.0 = Release|x64
		{D109CB06-7DAD-4F31-A4F5-8D49E8DAAD94}.Release|x86.ActiveCfg = Release|Win32
		{D109CB06-7DAD-4F31-A4F5-8D49E8DAAD94}.Release|x86.Build.0 = Release|Win32
		{6333D736-4361-4F6F-A5D9-F38C3640BC1D}.Debug|x64.ActiveCfg = Debug|x64
		{6333D736-4361-4F6F-A5D9-F38C3640BC1D}.Debug|x64.Build.0 = Debug|x64
		{6333D736-4361-4F6F-A5D9-F38C3640BC1D}.Debug|x86.ActiveCfg = Debug|Win32
		{6333D736-4361-4F6F-A5D9-F38C3640BC1D}.Debug|x86.Build.0 = Debug|Win32
		{6333D736-4361-4F6F-A5D9-F38C3640BC1D}.Release|x64.ActiveCfg = Release|x64
		{6333D736-4361-4F6F-A5D9-F38C3640BC1D}.Release|x64.Build.0 = Release|x64
		{6333D736-4361-4F6F-A5D9-F38C3640BC1D}.Release|x86.ActiveCfg = Release|Win32
		{6333D736-4361-4F6F-A5D9-F38C3640BC1D}.Release|x86.Build.0 = Release|Win32
		{90EF97E4-A4F3-4015-BEAC-EC652680AD99}.Debug|x64.ActiveCfg = Debug|x64
		{90EF97E4-A4F3-4015-BEAC-EC652680AD99}.Debug|x64.Build.0 = Debug|x64
		{90EF97E4-A4F3-4015-BEAC-EC652680AD99}.Debug|x86.ActiveCfg = Debug|Win32
		{90EF97E4-A4F3-4015-BEAC-EC652680AD99}.Debug|x86.Build.0 = Debug|Win32
		{90EF97E4-A4F3-4015-BEAC-EC652680AD99}.Release|x64.ActiveCfg = Release|x64
		{90EF97E4-A4F3-4015-BEAC-EC652680AD99}.Release|x64.Build.0 = Release|x64
		{90EF97E4-A4F3-4015-BEAC-EC652680AD99}.Release|x86.ActiveCfg = Release|Win32
		{90EF97E4-A4F3-4015-BEAC-EC652680AD99}.Release|x86.Build.0 = Release|Win32
		{2DAA1A7A-C5BB-4A50-A75A-EB7D7507AA67}.Debug|x64.ActiveCfg = Debug|x64
		{2DAA1A7A-C5BB-4A50-A75A-EB7D7507AA67}.Debug|x64.Build.0 = Debug|x64
		{2DAA1A7A-C5BB-4A50-A75A-EB7D7507AA67}.Debug|x86.ActiveCfg = Debug|Win32
		{2DAA1A7A-C5BB-4A50-A75A-EB7D7507AA67}.Debug|x86.Build.0 = Debug|Win32
		{2DAA1A7A-C5BB-4A50-A75A-EB7D7507AA67}.Release|x64.ActiveCfg = Release|x64
		{2DAA1A7A-C5BB-4A50-A75A-EB7D7507AA67}.Release|x64.Build.0 = Release|x64
		{2DAA1A7A-C5BB-4A50-A75A-EB7D7507AA67}.Release|x86.ActiveCfg = Release|Win32
		{2DAA1A7A-C5BB-4A50-A75A-EB7D7507AA67}.Release|x86.Build.0 = Release|Win32
		{B8853E4F-7048-406C-812C-032E2261E1AF}.Debug|x64.ActiveCfg = Debug|x64
		{B8853E4F-7048-406C-812C-032E2261E1AF}.Debug|x64.Build.0 = Debug|x64
		{B8853E4F-7048-406C-812C-032E2261E1AF}.Debug|x86.ActiveCfg = Debug|Win32
		{B8853E4F-7048-406C-812C-032E2261E1AF}.Debug|x86.Build.0 = Debug|Win32
		{B8853E4F-7048-406C-812C-032E2261E1AF}.Release|x64.ActiveCfg = Release|x64
		{B8853E4F-7048-406C-812C-032E2261E1AF}.Release|x64.Build.0 = Release|x64
		{B8853E4F-7048-406C-812C-032E2261E1AF}.Release|x86.ActiveCfg = Release|Win32
		{B8853E4F-7048-406C-812C-032E2261E1AF}.Release|x86.Build.0 = Release|Win32
	EndGlobalSection
	GlobalSection(SolutionProperties) = preSolution
		HideSolutionNode = FALSE
	EndGlobalSection
EndGlobal
