
Microsoft Visual Studio Solution File, Format Version 12.00
# Visual Studio 14
VisualStudioVersion = 14.0.25420.1
MinimumVisualStudioVersion = 10.0.40219.1
Project("{8BC9CEB8-8B4A-11D0-8D11-00A0C91BC942}") = "Primjer01", "Primjer01\Primjer01.vcxproj", "{C307CB7D-4A56-42D0-B473-B2B273DE6B19}"
EndProject
Project("{8BC9CEB8-8B4A-11D0-8D11-00A0C91BC942}") = "Primjer02", "Primjer02\Primjer02.vcxproj", "{F69C41CC-78D5-43F7-BCF7-C36254BF61F7}"
EndProject
Project("{8BC9CEB8-8B4A-11D0-8D11-00A0C91BC942}") = "Primjer03", "Primjer03\Primjer03.vcxproj", "{3C60ADC1-95E6-4EB3-B955-5C8A719D91D7}"
EndProject
Project("{8BC9CEB8-8B4A-11D0-8D11-00A0C91BC942}") = "Primjer04", "Primjer04\Primjer04.vcxproj", "{9913E8BB-423F-40C7-9A77-F7A5731DCD71}"
EndProject
Project("{8BC9CEB8-8B4A-11D0-8D11-00A0C91BC942}") = "Primjer05", "Primjer05\Primjer05.vcxproj", "{62C727AB-B8DC-4054-9B9A-00292A494559}"
EndProject
Project("{8BC9CEB8-8B4A-11D0-8D11-00A0C91BC942}") = "Primjer06", "Primjer06\Primjer06.vcxproj", "{72C06ABB-1F3F-43DF-BA4A-4558B5E88921}"
EndProject
Project("{8BC9CEB8-8B4A-11D0-8D11-00A0C91BC942}") = "Primjer07", "Primjer07\Primjer07.vcxproj", "{544AEF9A-F46C-44CA-9C57-A9C6CF536A7A}"
EndProject
Project("{8BC9CEB8-8B4A-11D0-8D11-00A0C91BC942}") = "Primjer08", "Primjer08\Primjer08.vcxproj", "{E716006B-823F-4BF7-A796-407E6EA02EA8}"
EndProject
Project("{8BC9CEB8-8B4A-11D0-8D11-00A0C91BC942}") = "Primjer09", "Primjer09\Primjer09.vcxproj", "{DA375CD3-649A-41F9-BB19-FAFF51ED3EE7}"
EndProject
Project("{8BC9CEB8-8B4A-11D0-8D11-00A0C91BC942}") = "Primjer10", "Primjer10\Primjer10.vcxproj", "{D85B7F23-F144-45C1-9975-A8CAC3446800}"
EndProject
Project("{8BC9CEB8-8B4A-11D0-8D11-00A0C91BC942}") = "Primjer11", "Primjer11\Primjer11.vcxproj", "{E5259A12-D97A-4418-91AF-DD97A5DD608C}"
EndProject
Project("{8BC9CEB8-8B4A-11D0-8D11-00A0C91BC942}") = "Primjer12", "Primjer12\Primjer12.vcxproj", "{23A1DDCE-70CD-4BB6-9B99-A5712F948D87}"
EndProject
Project("{8BC9CEB8-8B4A-11D0-8D11-00A0C91BC942}") = "Primjer13", "Primjer13\Primjer13.vcxproj", "{E2A87B89-6891-41D6-ACC5-5284634BC2B7}"
EndProject
Project("{8BC9CEB8-8B4A-11D0-8D11-00A0C91BC942}") = "Primjer14", "Primjer14\Primjer14.vcxproj", "{A00A82CC-CC64-49FF-93C4-A4DDFC5F4DDD}"
EndProject
Global
	GlobalSection(SolutionConfigurationPlatforms) = preSolution
		Debug|x64 = Debug|x64
		Debug|x86 = Debug|x86
		Release|x64 = Release|x64
		Release|x86 = Release|x86
	EndGlobalSection
	GlobalSection(ProjectConfigurationPlatforms) = postSolution
		{C307CB7D-4A56-42D0-B473-B2B273DE6B19}.Debug|x64.ActiveCfg = Debug|x64
		{C307CB7D-4A56-42D0-B473-B2B273DE6B19}.Debug|x64.Build.0 = Debug|x64
		{C307CB7D-4A56-42D0-B473-B2B273DE6B19}.Debug|x86.ActiveCfg = Debug|Win32
		{C307CB7D-4A56-42D0-B473-B2B273DE6B19}.Debug|x86.Build.0 = Debug|Win32
		{C307CB7D-4A56-42D0-B473-B2B273DE6B19}.Release|x64.ActiveCfg = Release|x64
		{C307CB7D-4A56-42D0-B473-B2B273DE6B19}.Release|x64.Build.0 = Release|x64
		{C307CB7D-4A56-42D0-B473-B2B273DE6B19}.Release|x86.ActiveCfg = Release|Win32
		{C307CB7D-4A56-42D0-B473-B2B273DE6B19}.Release|x86.Build.0 = Release|Win32
		{F69C41CC-78D5-43F7-BCF7-C36254BF61F7}.Debug|x64.ActiveCfg = Debug|x64
		{F69C41CC-78D5-43F7-BCF7-C36254BF61F7}.Debug|x64.Build.0 = Debug|x64
		{F69C41CC-78D5-43F7-BCF7-C36254BF61F7}.Debug|x86.ActiveCfg = Debug|Win32
		{F69C41CC-78D5-43F7-BCF7-C36254BF61F7}.Debug|x86.Build.0 = Debug|Win32
		{F69C41CC-78D5-43F7-BCF7-C36254BF61F7}.Release|x64.ActiveCfg = Release|x64
		{F69C41CC-78D5-43F7-BCF7-C36254BF61F7}.Release|x64.Build.0 = Release|x64
		{F69C41CC-78D5-43F7-BCF7-C36254BF61F7}.Release|x86.ActiveCfg = Release|Win32
		{F69C41CC-78D5-43F7-BCF7-C36254BF61F7}.Release|x86.Build.0 = Release|Win32
		{3C60ADC1-95E6-4EB3-B955-5C8A719D91D7}.Debug|x64.ActiveCfg = Debug|x64
		{3C60ADC1-95E6-4EB3-B955-5C8A719D91D7}.Debug|x64.Build.0 = Debug|x64
		{3C60ADC1-95E6-4EB3-B955-5C8A719D91D7}.Debug|x86.ActiveCfg = Debug|Win32
		{3C60ADC1-95E6-4EB3-B955-5C8A719D91D7}.Debug|x86.Build.0 = Debug|Win32
		{3C60ADC1-95E6-4EB3-B955-5C8A719D91D7}.Release|x64.ActiveCfg = Release|x64
		{3C60ADC1-95E6-4EB3-B955-5C8A719D91D7}.Release|x64.Build.0 = Release|x64
		{3C60ADC1-95E6-4EB3-B955-5C8A719D91D7}.Release|x86.ActiveCfg = Release|Win32
		{3C60ADC1-95E6-4EB3-B955-5C8A719D91D7}.Release|x86.Build.0 = Release|Win32
		{9913E8BB-423F-40C7-9A77-F7A5731DCD71}.Debug|x64.ActiveCfg = Debug|x64
		{9913E8BB-423F-40C7-9A77-F7A5731DCD71}.Debug|x64.Build.0 = Debug|x64
		{9913E8BB-423F-40C7-9A77-F7A5731DCD71}.Debug|x86.ActiveCfg = Debug|Win32
		{9913E8BB-423F-40C7-9A77-F7A5731DCD71}.Debug|x86.Build.0 = Debug|Win32
		{9913E8BB-423F-40C7-9A77-F7A5731DCD71}.Release|x64.ActiveCfg = Release|x64
		{9913E8BB-423F-40C7-9A77-F7A5731DCD71}.Release|x64.Build.0 = Release|x64
		{9913E8BB-423F-40C7-9A77-F7A5731DCD71}.Release|x86.ActiveCfg = Release|Win32
		{9913E8BB-423F-40C7-9A77-F7A5731DCD71}.Release|x86.Build.0 = Release|Win32
		{62C727AB-B8DC-4054-9B9A-00292A494559}.Debug|x64.ActiveCfg = Debug|x64
		{62C727AB-B8DC-4054-9B9A-00292A494559}.Debug|x64.Build.0 = Debug|x64
		{62C727AB-B8DC-4054-9B9A-00292A494559}.Debug|x86.ActiveCfg = Debug|Win32
		{62C727AB-B8DC-4054-9B9A-00292A494559}.Debug|x86.Build.0 = Debug|Win32
		{62C727AB-B8DC-4054-9B9A-00292A494559}.Release|x64.ActiveCfg = Release|x64
		{62C727AB-B8DC-4054-9B9A-00292A494559}.Release|x64.Build.0 = Release|x64
		{62C727AB-B8DC-4054-9B9A-00292A494559}.Release|x86.ActiveCfg = Release|Win32
		{62C727AB-B8DC-4054-9B9A-00292A494559}.Release|x86.Build.0 = Release|Win32
		{72C06ABB-1F3F-43DF-BA4A-4558B5E88921}.Debug|x64.ActiveCfg = Debug|x64
		{72C06ABB-1F3F-43DF-BA4A-4558B5E88921}.Debug|x64.Build.0 = Debug|x64
		{72C06ABB-1F3F-43DF-BA4A-4558B5E88921}.Debug|x86.ActiveCfg = Debug|Win32
		{72C06ABB-1F3F-43DF-BA4A-4558B5E88921}.Debug|x86.Build.0 = Debug|Win32
		{72C06ABB-1F3F-43DF-BA4A-4558B5E88921}.Release|x64.ActiveCfg = Release|x64
		{72C06ABB-1F3F-43DF-BA4A-4558B5E88921}.Release|x64.Build.0 = Release|x64
		{72C06ABB-1F3F-43DF-BA4A-4558B5E88921}.Release|x86.ActiveCfg = Release|Win32
		{72C06ABB-1F3F-43DF-BA4A-4558B5E88921}.Release|x86.Build.0 = Release|Win32
		{544AEF9A-F46C-44CA-9C57-A9C6CF536A7A}.Debug|x64.ActiveCfg = Debug|x64
		{544AEF9A-F46C-44CA-9C57-A9C6CF536A7A}.Debug|x64.Build.0 = Debug|x64
		{544AEF9A-F46C-44CA-9C57-A9C6CF536A7A}.Debug|x86.ActiveCfg = Debug|Win32
		{544AEF9A-F46C-44CA-9C57-A9C6CF536A7A}.Debug|x86.Build.0 = Debug|Win32
		{544AEF9A-F46C-44CA-9C57-A9C6CF536A7A}.Release|x64.ActiveCfg = Release|x64
		{544AEF9A-F46C-44CA-9C57-A9C6CF536A7A}.Release|x64.Build.0 = Release|x64
		{544AEF9A-F46C-44CA-9C57-A9C6CF536A7A}.Release|x86.ActiveCfg = Release|Win32
		{544AEF9A-F46C-44CA-9C57-A9C6CF536A7A}.Release|x86.Build.0 = Release|Win32
		{E716006B-823F-4BF7-A796-407E6EA02EA8}.Debug|x64.ActiveCfg = Debug|x64
		{E716006B-823F-4BF7-A796-407E6EA02EA8}.Debug|x64.Build.0 = Debug|x64
		{E716006B-823F-4BF7-A796-407E6EA02EA8}.Debug|x86.ActiveCfg = Debug|Win32
		{E716006B-823F-4BF7-A796-407E6EA02EA8}.Debug|x86.Build.0 = Debug|Win32
		{E716006B-823F-4BF7-A796-407E6EA02EA8}.Release|x64.ActiveCfg = Release|x64
		{E716006B-823F-4BF7-A796-407E6EA02EA8}.Release|x64.Build.0 = Release|x64
		{E716006B-823F-4BF7-A796-407E6EA02EA8}.Release|x86.ActiveCfg = Release|Win32
		{E716006B-823F-4BF7-A796-407E6EA02EA8}.Release|x86.Build.0 = Release|Win32
		{DA375CD3-649A-41F9-BB19-FAFF51ED3EE7}.Debug|x64.ActiveCfg = Debug|x64
		{DA375CD3-649A-41F9-BB19-FAFF51ED3EE7}.Debug|x64.Build.0 = Debug|x64
		{DA375CD3-649A-41F9-BB19-FAFF51ED3EE7}.Debug|x86.ActiveCfg = Debug|Win32
		{DA375CD3-649A-41F9-BB19-FAFF51ED3EE7}.Debug|x86.Build.0 = Debug|Win32
		{DA375CD3-649A-41F9-BB19-FAFF51ED3EE7}.Release|x64.ActiveCfg = Release|x64
		{DA375CD3-649A-41F9-BB19-FAFF51ED3EE7}.Release|x64.Build.0 = Release|x64
		{DA375CD3-649A-41F9-BB19-FAFF51ED3EE7}.Release|x86.ActiveCfg = Release|Win32
		{DA375CD3-649A-41F9-BB19-FAFF51ED3EE7}.Release|x86.Build.0 = Release|Win32
		{D85B7F23-F144-45C1-9975-A8CAC3446800}.Debug|x64.ActiveCfg = Debug|x64
		{D85B7F23-F144-45C1-9975-A8CAC3446800}.Debug|x64.Build.0 = Debug|x64
		{D85B7F23-F144-45C1-9975-A8CAC3446800}.Debug|x86.ActiveCfg = Debug|Win32
		{D85B7F23-F144-45C1-9975-A8CAC3446800}.Debug|x86.Build.0 = Debug|Win32
		{D85B7F23-F144-45C1-9975-A8CAC3446800}.Release|x64.ActiveCfg = Release|x64
		{D85B7F23-F144-45C1-9975-A8CAC3446800}.Release|x64.Build.0 = Release|x64
		{D85B7F23-F144-45C1-9975-A8CAC3446800}.Release|x86.ActiveCfg = Release|Win32
		{D85B7F23-F144-45C1-9975-A8CAC3446800}.Release|x86.Build.0 = Release|Win32
		{E5259A12-D97A-4418-91AF-DD97A5DD608C}.Debug|x64.ActiveCfg = Debug|x64
		{E5259A12-D97A-4418-91AF-DD97A5DD608C}.Debug|x64.Build.0 = Debug|x64
		{E5259A12-D97A-4418-91AF-DD97A5DD608C}.Debug|x86.ActiveCfg = Debug|Win32
		{E5259A12-D97A-4418-91AF-DD97A5DD608C}.Debug|x86.Build.0 = Debug|Win32
		{E5259A12-D97A-4418-91AF-DD97A5DD608C}.Release|x64.ActiveCfg = Release|x64
		{E5259A12-D97A-4418-91AF-DD97A5DD608C}.Release|x64.Build.0 = Release|x64
		{E5259A12-D97A-4418-91AF-DD97A5DD608C}.Release|x86.ActiveCfg = Release|Win32
		{E5259A12-D97A-4418-91AF-DD97A5DD608C}.Release|x86.Build.0 = Release|Win32
		{23A1DDCE-70CD-4BB6-9B99-A5712F948D87}.Debug|x64.ActiveCfg = Debug|x64
		{23A1DDCE-70CD-4BB6-9B99-A5712F948D87}.Debug|x64.Build.0 = Debug|x64
		{23A1DDCE-70CD-4BB6-9B99-A5712F948D87}.Debug|x86.ActiveCfg = Debug|Win32
		{23A1DDCE-70CD-4BB6-9B99-A5712F948D87}.Debug|x86.Build.0 = Debug|Win32
		{23A1DDCE-70CD-4BB6-9B99-A5712F948D87}.Release|x64.ActiveCfg = Release|x64
		{23A1DDCE-70CD-4BB6-9B99-A5712F948D87}.Release|x64.Build.0 = Release|x64
		{23A1DDCE-70CD-4BB6-9B99-A5712F948D87}.Release|x86.ActiveCfg = Release|Win32
		{23A1DDCE-70CD-4BB6-9B99-A5712F948D87}.Release|x86.Build.0 = Release|Win32
		{E2A87B89-6891-41D6-ACC5-5284634BC2B7}.Debug|x64.ActiveCfg = Debug|x64
		{E2A87B89-6891-41D6-ACC5-5284634BC2B7}.Debug|x64.Build.0 = Debug|x64
		{E2A87B89-6891-41D6-ACC5-5284634BC2B7}.Debug|x86.ActiveCfg = Debug|Win32
		{E2A87B89-6891-41D6-ACC5-5284634BC2B7}.Debug|x86.Build.0 = Debug|Win32
		{E2A87B89-6891-41D6-ACC5-5284634BC2B7}.Release|x64.ActiveCfg = Release|x64
		{E2A87B89-6891-41D6-ACC5-5284634BC2B7}.Release|x64.Build.0 = Release|x64
		{E2A87B89-6891-41D6-ACC5-5284634BC2B7}.Release|x86.ActiveCfg = Release|Win32
		{E2A87B89-6891-41D6-ACC5-5284634BC2B7}.Release|x86.Build.0 = Release|Win32
		{A00A82CC-CC64-49FF-93C4-A4DDFC5F4DDD}.Debug|x64.ActiveCfg = Debug|x64
		{A00A82CC-CC64-49FF-93C4-A4DDFC5F4DDD}.Debug|x64.Build.0 = Debug|x64
		{A00A82CC-CC64-49FF-93C4-A4DDFC5F4DDD}.Debug|x86.ActiveCfg = Debug|Win32
		{A00A82CC-CC64-49FF-93C4-A4DDFC5F4DDD}.Debug|x86.Build.0 = Debug|Win32
		{A00A82CC-CC64-49FF-93C4-A4DDFC5F4DDD}.Release|x64.ActiveCfg = Release|x64
		{A00A82CC-CC64-49FF-93C4-A4DDFC5F4DDD}.Release|x64.Build.0 = Release|x64
		{A00A82CC-CC64-49FF-93C4-A4DDFC5F4DDD}.Release|x86.ActiveCfg = Release|Win32
		{A00A82CC-CC64-49FF-93C4-A4DDFC5F4DDD}.Release|x86.Build.0 = Release|Win32
	EndGlobalSection
	GlobalSection(SolutionProperties) = preSolution
		HideSolutionNode = FALSE
	EndGlobalSection
EndGlobal
