
Microsoft Visual Studio Solution File, Format Version 12.00
# Visual Studio 14
VisualStudioVersion = 14.0.25420.1
MinimumVisualStudioVersion = 10.0.40219.1
Project("{8BC9CEB8-8B4A-11D0-8D11-00A0C91BC942}") = "Primjer01", "Primjer01\Primjer01.vcxproj", "{7F11EE13-5782-44D2-B153-FA3CAA95409B}"
EndProject
Project("{8BC9CEB8-8B4A-11D0-8D11-00A0C91BC942}") = "Primjer02", "Primjer02\Primjer02.vcxproj", "{0C33FA89-618D-4742-AE7D-233D997A4714}"
EndProject
Project("{8BC9CEB8-8B4A-11D0-8D11-00A0C91BC942}") = "Primjer03", "Primjer03\Primjer03.vcxproj", "{B16A5E67-81D6-4F11-992A-FE6F8414D86E}"
EndProject
Project("{8BC9CEB8-8B4A-11D0-8D11-00A0C91BC942}") = "Primjer04", "Primjer04\Primjer04.vcxproj", "{C8856449-D685-496A-A480-0715B31A6164}"
EndProject
Project("{8BC9CEB8-8B4A-11D0-8D11-00A0C91BC942}") = "Primjer05", "Primjer05\Primjer05.vcxproj", "{B54C5D0C-22A2-4DCF-A696-F7F2053B8C85}"
EndProject
Project("{8BC9CEB8-8B4A-11D0-8D11-00A0C91BC942}") = "Primjer06", "Primjer06\Primjer06.vcxproj", "{3B74B679-78BC-4E8B-85D5-77A5C29687C4}"
EndProject
Project("{8BC9CEB8-8B4A-11D0-8D11-00A0C91BC942}") = "Primjer07", "Primjer07\Primjer07.vcxproj", "{9A5062A4-A4B0-463F-82BB-C47B07BF164C}"
EndProject
Project("{8BC9CEB8-8B4A-11D0-8D11-00A0C91BC942}") = "Primjer08", "Primjer08\Primjer08.vcxproj", "{D0261744-7F1E-400F-AC4B-B3B71EF38EDC}"
EndProject
Project("{8BC9CEB8-8B4A-11D0-8D11-00A0C91BC942}") = "Primjer09", "Primjer09\Primjer09.vcxproj", "{5980BE5F-7121-424E-815A-A3E25D4042DD}"
EndProject
Project("{8BC9CEB8-8B4A-11D0-8D11-00A0C91BC942}") = "Primjer10", "Primjer10\Primjer10.vcxproj", "{7713EEBB-BA1F-494E-AFB7-70AE9418B6A3}"
EndProject
Project("{8BC9CEB8-8B4A-11D0-8D11-00A0C91BC942}") = "Primjer11", "Primjer11\Primjer11.vcxproj", "{822ABBF5-61A6-45CB-8842-4C7459A04E3A}"
EndProject
Project("{8BC9CEB8-8B4A-11D0-8D11-00A0C91BC942}") = "Primjer12", "Primjer12\Primjer12.vcxproj", "{F8E77817-BF75-4D2C-ABE2-1667A04A89DA}"
EndProject
Project("{8BC9CEB8-8B4A-11D0-8D11-00A0C91BC942}") = "Primjer13", "Primjer13\Primjer13.vcxproj", "{F6728FEB-CBB8-4710-AD90-F6FC6F552606}"
EndProject
Global
	GlobalSection(SolutionConfigurationPlatforms) = preSolution
		Debug|x64 = Debug|x64
		Debug|x86 = Debug|x86
		Release|x64 = Release|x64
		Release|x86 = Release|x86
	EndGlobalSection
	GlobalSection(ProjectConfigurationPlatforms) = postSolution
		{7F11EE13-5782-44D2-B153-FA3CAA95409B}.Debug|x64.ActiveCfg = Debug|x64
		{7F11EE13-5782-44D2-B153-FA3CAA95409B}.Debug|x64.Build.0 = Debug|x64
		{7F11EE13-5782-44D2-B153-FA3CAA95409B}.Debug|x86.ActiveCfg = Debug|Win32
		{7F11EE13-5782-44D2-B153-FA3CAA95409B}.Debug|x86.Build.0 = Debug|Win32
		{7F11EE13-5782-44D2-B153-FA3CAA95409B}.Release|x64.ActiveCfg = Release|x64
		{7F11EE13-5782-44D2-B153-FA3CAA95409B}.Release|x64.Build.0 = Release|x64
		{7F11EE13-5782-44D2-B153-FA3CAA95409B}.Release|x86.ActiveCfg = Release|Win32
		{7F11EE13-5782-44D2-B153-FA3CAA95409B}.Release|x86.Build.0 = Release|Win32
		{0C33FA89-618D-4742-AE7D-233D997A4714}.Debug|x64.ActiveCfg = Debug|x64
		{0C33FA89-618D-4742-AE7D-233D997A4714}.Debug|x64.Build.0 = Debug|x64
		{0C33FA89-618D-4742-AE7D-233D997A4714}.Debug|x86.ActiveCfg = Debug|Win32
		{0C33FA89-618D-4742-AE7D-233D997A4714}.Debug|x86.Build.0 = Debug|Win32
		{0C33FA89-618D-4742-AE7D-233D997A4714}.Release|x64.ActiveCfg = Release|x64
		{0C33FA89-618D-4742-AE7D-233D997A4714}.Release|x64.Build.0 = Release|x64
		{0C33FA89-618D-4742-AE7D-233D997A4714}.Release|x86.ActiveCfg = Release|Win32
		{0C33FA89-618D-4742-AE7D-233D997A4714}.Release|x86.Build.0 = Release|Win32
		{B16A5E67-81D6-4F11-992A-FE6F8414D86E}.Debug|x64.ActiveCfg = Debug|x64
		{B16A5E67-81D6-4F11-992A-FE6F8414D86E}.Debug|x64.Build.0 = Debug|x64
		{B16A5E67-81D6-4F11-992A-FE6F8414D86E}.Debug|x86.ActiveCfg = Debug|Win32
		{B16A5E67-81D6-4F11-992A-FE6F8414D86E}.Debug|x86.Build.0 = Debug|Win32
		{B16A5E67-81D6-4F11-992A-FE6F8414D86E}.Release|x64.ActiveCfg = Release|x64
		{B16A5E67-81D6-4F11-992A-FE6F8414D86E}.Release|x64.Build.0 = Release|x64
		{B16A5E67-81D6-4F11-992A-FE6F8414D86E}.Release|x86.ActiveCfg = Release|Win32
		{B16A5E67-81D6-4F11-992A-FE6F8414D86E}.Release|x86.Build.0 = Release|Win32
		{C8856449-D685-496A-A480-0715B31A6164}.Debug|x64.ActiveCfg = Debug|x64
		{C8856449-D685-496A-A480-0715B31A6164}.Debug|x64.Build.0 = Debug|x64
		{C8856449-D685-496A-A480-0715B31A6164}.Debug|x86.ActiveCfg = Debug|Win32
		{C8856449-D685-496A-A480-0715B31A6164}.Debug|x86.Build.0 = Debug|Win32
		{C8856449-D685-496A-A480-0715B31A6164}.Release|x64.ActiveCfg = Release|x64
		{C8856449-D685-496A-A480-0715B31A6164}.Release|x64.Build.0 = Release|x64
		{C8856449-D685-496A-A480-0715B31A6164}.Release|x86.ActiveCfg = Release|Win32
		{C8856449-D685-496A-A480-0715B31A6164}.Release|x86.Build.0 = Release|Win32
		{B54C5D0C-22A2-4DCF-A696-F7F2053B8C85}.Debug|x64.ActiveCfg = Debug|x64
		{B54C5D0C-22A2-4DCF-A696-F7F2053B8C85}.Debug|x64.Build.0 = Debug|x64
		{B54C5D0C-22A2-4DCF-A696-F7F2053B8C85}.Debug|x86.ActiveCfg = Debug|Win32
		{B54C5D0C-22A2-4DCF-A696-F7F2053B8C85}.Debug|x86.Build.0 = Debug|Win32
		{B54C5D0C-22A2-4DCF-A696-F7F2053B8C85}.Release|x64.ActiveCfg = Release|x64
		{B54C5D0C-22A2-4DCF-A696-F7F2053B8C85}.Release|x64.Build.0 = Release|x64
		{B54C5D0C-22A2-4DCF-A696-F7F2053B8C85}.Release|x86.ActiveCfg = Release|Win32
		{B54C5D0C-22A2-4DCF-A696-F7F2053B8C85}.Release|x86.Build.0 = Release|Win32
		{3B74B679-78BC-4E8B-85D5-77A5C29687C4}.Debug|x64.ActiveCfg = Debug|x64
		{3B74B679-78BC-4E8B-85D5-77A5C29687C4}.Debug|x64.Build.0 = Debug|x64
		{3B74B679-78BC-4E8B-85D5-77A5C29687C4}.Debug|x86.ActiveCfg = Debug|Win32
		{3B74B679-78BC-4E8B-85D5-77A5C29687C4}.Debug|x86.Build.0 = Debug|Win32
		{3B74B679-78BC-4E8B-85D5-77A5C29687C4}.Release|x64.ActiveCfg = Release|x64
		{3B74B679-78BC-4E8B-85D5-77A5C29687C4}.Release|x64.Build.0 = Release|x64
		{3B74B679-78BC-4E8B-85D5-77A5C29687C4}.Release|x86.ActiveCfg = Release|Win32
		{3B74B679-78BC-4E8B-85D5-77A5C29687C4}.Release|x86.Build.0 = Release|Win32
		{9A5062A4-A4B0-463F-82BB-C47B07BF164C}.Debug|x64.ActiveCfg = Debug|x64
		{9A5062A4-A4B0-463F-82BB-C47B07BF164C}.Debug|x64.Build.0 = Debug|x64
		{9A5062A4-A4B0-463F-82BB-C47B07BF164C}.Debug|x86.ActiveCfg = Debug|Win32
		{9A5062A4-A4B0-463F-82BB-C47B07BF164C}.Debug|x86.Build.0 = Debug|Win32
		{9A5062A4-A4B0-463F-82BB-C47B07BF164C}.Release|x64.ActiveCfg = Release|x64
		{9A5062A4-A4B0-463F-82BB-C47B07BF164C}.Release|x64.Build.0 = Release|x64
		{9A5062A4-A4B0-463F-82BB-C47B07BF164C}.Release|x86.ActiveCfg = Release|Win32
		{9A5062A4-A4B0-463F-82BB-C47B07BF164C}.Release|x86.Build.0 = Release|Win32
		{D0261744-7F1E-400F-AC4B-B3B71EF38EDC}.Debug|x64.ActiveCfg = Debug|x64
		{D0261744-7F1E-400F-AC4B-B3B71EF38EDC}.Debug|x64.Build.0 = Debug|x64
		{D0261744-7F1E-400F-AC4B-B3B71EF38EDC}.Debug|x86.ActiveCfg = Debug|Win32
		{D0261744-7F1E-400F-AC4B-B3B71EF38EDC}.Debug|x86.Build.0 = Debug|Win32
		{D0261744-7F1E-400F-AC4B-B3B71EF38EDC}.Release|x64.ActiveCfg = Release|x64
		{D0261744-7F1E-400F-AC4B-B3B71EF38EDC}.Release|x64.Build.0 = Release|x64
		{D0261744-7F1E-400F-AC4B-B3B71EF38EDC}.Release|x86.ActiveCfg = Release|Win32
		{D0261744-7F1E-400F-AC4B-B3B71EF38EDC}.Release|x86.Build.0 = Release|Win32
		{5980BE5F-7121-424E-815A-A3E25D4042DD}.Debug|x64.ActiveCfg = Debug|x64
		{5980BE5F-7121-424E-815A-A3E25D4042DD}.Debug|x64.Build.0 = Debug|x64
		{5980BE5F-7121-424E-815A-A3E25D4042DD}.Debug|x86.ActiveCfg = Debug|Win32
		{5980BE5F-7121-424E-815A-A3E25D4042DD}.Debug|x86.Build.0 = Debug|Win32
		{5980BE5F-7121-424E-815A-A3E25D4042DD}.Release|x64.ActiveCfg = Release|x64
		{5980BE5F-7121-424E-815A-A3E25D4042DD}.Release|x64.Build.0 = Release|x64
		{5980BE5F-7121-424E-815A-A3E25D4042DD}.Release|x86.ActiveCfg = Release|Win32
		{5980BE5F-7121-424E-815A-A3E25D4042DD}.Release|x86.Build.0 = Release|Win32
		{7713EEBB-BA1F-494E-AFB7-70AE9418B6A3}.Debug|x64.ActiveCfg = Debug|x64
		{7713EEBB-BA1F-494E-AFB7-70AE9418B6A3}.Debug|x64.Build.0 = Debug|x64
		{7713EEBB-BA1F-494E-AFB7-70AE9418B6A3}.Debug|x86.ActiveCfg = Debug|Win32
		{7713EEBB-BA1F-494E-AFB7-70AE9418B6A3}.Debug|x86.Build.0 = Debug|Win32
		{7713EEBB-BA1F-494E-AFB7-70AE9418B6A3}.Release|x64.ActiveCfg = Release|x64
		{7713EEBB-BA1F-494E-AFB7-70AE9418B6A3}.Release|x64.Build.0 = Release|x64
		{7713EEBB-BA1F-494E-AFB7-70AE9418B6A3}.Release|x86.ActiveCfg = Release|Win32
		{7713EEBB-BA1F-494E-AFB7-70AE9418B6A3}.Release|x86.Build.0 = Release|Win32
		{822ABBF5-61A6-45CB-8842-4C7459A04E3A}.Debug|x64.ActiveCfg = Debug|x64
		{822ABBF5-61A6-45CB-8842-4C7459A04E3A}.Debug|x64.Build.0 = Debug|x64
		{822ABBF5-61A6-45CB-8842-4C7459A04E3A}.Debug|x86.ActiveCfg = Debug|Win32
		{822ABBF5-61A6-45CB-8842-4C7459A04E3A}.Debug|x86.Build.0 = Debug|Win32
		{822ABBF5-61A6-45CB-8842-4C7459A04E3A}.Release|x64.ActiveCfg = Release|x64
		{822ABBF5-61A6-45CB-8842-4C7459A04E3A}.Release|x64.Build.0 = Release|x64
		{822ABBF5-61A6-45CB-8842-4C7459A04E3A}.Release|x86.ActiveCfg = Release|Win32
		{822ABBF5-61A6-45CB-8842-4C7459A04E3A}.Release|x86.Build.0 = Release|Win32
		{F8E77817-BF75-4D2C-ABE2-1667A04A89DA}.Debug|x64.ActiveCfg = Debug|x64
		{F8E77817-BF75-4D2C-ABE2-1667A04A89DA}.Debug|x64.Build.0 = Debug|x64
		{F8E77817-BF75-4D2C-ABE2-1667A04A89DA}.Debug|x86.ActiveCfg = Debug|Win32
		{F8E77817-BF75-4D2C-ABE2-1667A04A89DA}.Debug|x86.Build.0 = Debug|Win32
		{F8E77817-BF75-4D2C-ABE2-1667A04A89DA}.Release|x64.ActiveCfg = Release|x64
		{F8E77817-BF75-4D2C-ABE2-1667A04A89DA}.Release|x64.Build.0 = Release|x64
		{F8E77817-BF75-4D2C-ABE2-1667A04A89DA}.Release|x86.ActiveCfg = Release|Win32
		{F8E77817-BF75-4D2C-ABE2-1667A04A89DA}.Release|x86.Build.0 = Release|Win32
		{F6728FEB-CBB8-4710-AD90-F6FC6F552606}.Debug|x64.ActiveCfg = Debug|x64
		{F6728FEB-CBB8-4710-AD90-F6FC6F552606}.Debug|x64.Build.0 = Debug|x64
		{F6728FEB-CBB8-4710-AD90-F6FC6F552606}.Debug|x86.ActiveCfg = Debug|Win32
		{F6728FEB-CBB8-4710-AD90-F6FC6F552606}.Debug|x86.Build.0 = Debug|Win32
		{F6728FEB-CBB8-4710-AD90-F6FC6F552606}.Release|x64.ActiveCfg = Release|x64
		{F6728FEB-CBB8-4710-AD90-F6FC6F552606}.Release|x64.Build.0 = Release|x64
		{F6728FEB-CBB8-4710-AD90-F6FC6F552606}.Release|x86.ActiveCfg = Release|Win32
		{F6728FEB-CBB8-4710-AD90-F6FC6F552606}.Release|x86.Build.0 = Release|Win32
	EndGlobalSection
	GlobalSection(SolutionProperties) = preSolution
		HideSolutionNode = FALSE
	EndGlobalSection
EndGlobal
